<?xml version="1.0" encoding="utf-8"?>
<Project ToolsVersion="4.0" xmlns="http://schemas.microsoft.com/developer/msbuild/2003">
  <ItemGroup>
    <Filter Include="Source Files">
      <UniqueIdentifier>{4FC737F1-C7A5-4376-A066-2A32D752A2FF}</UniqueIdentifier>
      <Extensions>cpp;c;cc;cxx;c++;cppm;ixx;def;odl;idl;hpj;bat;asm;asmx</Extensions>
    </Filter>
    <Filter Include="Header Files">
      <UniqueIdentifier>{93995380-89BD-4b04-88EB-625FBE52EBFB}</UniqueIdentifier>
      <Extensions>h;hh;hpp;hxx;h++;hm;inl;inc;ipp;xsd</Extensions>
    </Filter>
    <Filter Include="Resource Files">
      <UniqueIdentifier>{67DA6AB6-F800-4c08-8B7A-83BB121AAD01}</UniqueIdentifier>
      <Extensions>rc;ico;cur;bmp;dlg;rc2;rct;bin;rgs;gif;jpg;jpeg;jpe;resx;tiff;tif;png;wav;mfcribbon-ms</Extensions>
    </Filter>
    <Filter Include="Header Files\Tank">
      <UniqueIdentifier>{282f52e2-5d2f-4b70-88c9-07d3c2b2c39f}</UniqueIdentifier>
    </Filter>
    <Filter Include="Header Files\Animation">
      <UniqueIdentifier>{ec5859f3-d664-4261-801d-d9292d27577e}</UniqueIdentifier>
    </Filter>
    <Filter Include="Source Files\Animation">
      <UniqueIdentifier>{14879eac-c007-4318-aeb1-d77347710971}</UniqueIdentifier>
    </Filter>
    <Filter Include="Source Files\Tank">
      <UniqueIdentifier>{012e09a0-ed7a-4542-b9ae-c6061542cad3}</UniqueIdentifier>
    </Filter>
  </ItemGroup>
  <ItemGroup>
    <ClInclude Include="Fatboy.h">
      <Filter>Header Files</Filter>
    </ClInclude>
    <ClInclude Include="GameConfiguration.h">
      <Filter>Header Files</Filter>
    </ClInclude>
    <ClInclude Include="Protagonist.h">
      <Filter>Header Files</Filter>
    </ClInclude>
    <ClInclude Include="Animation\SupComVertex.h">
      <Filter>Header Files\Animation</Filter>
    </ClInclude>
    <ClInclude Include="Animation\AnimationDebugger.h">
      <Filter>Header Files\Animation</Filter>
    </ClInclude>
    <ClInclude Include="Animation\SupComModel.h">
      <Filter>Header Files\Animation</Filter>
    </ClInclude>
    <ClInclude Include="Animation\SupComModelRenderer.h">
      <Filter>Header Files\Animation</Filter>
    </ClInclude>
    <ClInclude Include="Tank\Bullet.h">
      <Filter>Header Files\Tank</Filter>
    </ClInclude>
    <ClInclude Include="Tank\BulletDebugDrawer.h">
      <Filter>Header Files\Tank</Filter>
    </ClInclude>
    <ClInclude Include="Tank\BulletPool.h">
      <Filter>Header Files\Tank</Filter>
    </ClInclude>
    <ClInclude Include="Tank\Context.h">
      <Filter>Header Files\Tank</Filter>
    </ClInclude>
    <ClInclude Include="Tank\ScriptAPI.h">
      <Filter>Header Files\Tank</Filter>
    </ClInclude>
    <ClInclude Include="Tank\TankTower.h">
      <Filter>Header Files\Tank</Filter>
    </ClInclude>
    <ClInclude Include="Tank\Unit.h">
      <Filter>Header Files\Tank</Filter>
    </ClInclude>
    <ClInclude Include="Tank\UnitPool.h">
      <Filter>Header Files\Tank</Filter>
    </ClInclude>
  </ItemGroup>
  <ItemGroup>
    <ClCompile Include="Fatboy.cpp">
      <Filter>Source Files</Filter>
    </ClCompile>
    <ClCompile Include="GameConfiguration.cpp">
      <Filter>Source Files</Filter>
    </ClCompile>
    <ClCompile Include="main.cpp">
      <Filter>Source Files</Filter>
    </ClCompile>
    <ClCompile Include="Protagonist.cpp">
      <Filter>Source Files</Filter>
    </ClCompile>
    <ClCompile Include="Animation\AnimationDebugger.cpp">
      <Filter>Source Files\Animation</Filter>
    </ClCompile>
    <ClCompile Include="Animation\SupComModel.cpp">
      <Filter>Source Files\Animation</Filter>
    </ClCompile>
    <ClCompile Include="Animation\SupComModelRenderer.cpp">
      <Filter>Source Files\Animation</Filter>
    </ClCompile>
    <ClCompile Include="Tank\Bullet.cpp">
      <Filter>Source Files\Tank</Filter>
    </ClCompile>
    <ClCompile Include="Tank\BulletDebugDrawer.cpp">
      <Filter>Source Files\Tank</Filter>
    </ClCompile>
    <ClCompile Include="Tank\BulletPool.cpp">
      <Filter>Source Files\Tank</Filter>
    </ClCompile>
    <ClCompile Include="Tank\Context.cpp">
      <Filter>Source Files\Tank</Filter>
    </ClCompile>
    <ClCompile Include="Tank\ScriptAPI.cpp">
      <Filter>Source Files\Tank</Filter>
    </ClCompile>
    <ClCompile Include="Tank\TankTower.cpp">
      <Filter>Source Files\Tank</Filter>
    </ClCompile>
    <ClCompile Include="Tank\Unit.cpp">
      <Filter>Source Files\Tank</Filter>
    </ClCompile>
    <ClCompile Include="Tank\UnitPool.cpp">
      <Filter>Source Files\Tank</Filter>
    </ClCompile>
  </ItemGroup>
</Project>