
Microsoft Visual Studio Solution File, Format Version 12.00
# Visual Studio Version 16
VisualStudioVersion = 16.0.30002.166
MinimumVisualStudioVersion = 10.0.40219.1
Project("{8BC9CEB8-8B4A-11D0-8D11-00A0C91BC942}") = "Othuum", "Othuum\Othuum.vcxproj", "{CD140090-7BA2-46E0-918F-3E0E0756DA62}"
	ProjectSection(ProjectDependencies) = postProject
		{62844E10-BEDE-4454-88CC-1F614B008B75} = {62844E10-BEDE-4454-88CC-1F614B008B75}
		{5704436B-4D3B-4267-B906-21EF16E34A1B} = {5704436B-4D3B-4267-B906-21EF16E34A1B}
		{F38FFFAA-7E2D-4418-BF86-81213AFDE6DE} = {F38FFFAA-7E2D-4418-BF86-81213AFDE6DE}
		{B27750C7-A35E-4C5B-8E9F-229A4443A6E6} = {B27750C7-A35E-4C5B-8E9F-229A4443A6E6}
		{032F72F3-8F82-4991-9238-2D385AC70A22} = {032F72F3-8F82-4991-9238-2D385AC70A22}
		{E18FE3F4-CE6A-4A2F-8948-B1AE11D7F37E} = {E18FE3F4-CE6A-4A2F-8948-B1AE11D7F37E}
	EndProjectSection
EndProject
Project("{8BC9CEB8-8B4A-11D0-8D11-00A0C91BC942}") = "AhwassaGraphicsLib", "AhwassaGraphicsLib\AhwassaGraphicsLib.vcxproj", "{62844E10-BEDE-4454-88CC-1F614B008B75}"
EndProject
Project("{2150E333-8FDC-42A3-9474-1A3956D46DE8}") = "exe", "exe", "{B445D9C6-8AB1-4097-AA0A-18D555102E17}"
EndProject
Project("{8BC9CEB8-8B4A-11D0-8D11-00A0C91BC942}") = "SuthanusPhysicsLib", "SuthanusPhysicsLib\SuthanusPhysicsLib.vcxproj", "{5704436B-4D3B-4267-B906-21EF16E34A1B}"
EndProject
Project("{8BC9CEB8-8B4A-11D0-8D11-00A0C91BC942}") = "Fatboy", "Fatboy\Fatboy.vcxproj", "{4D004063-76C4-4AC6-BE93-84AC895397ED}"
	ProjectSection(ProjectDependencies) = postProject
		{62844E10-BEDE-4454-88CC-1F614B008B75} = {62844E10-BEDE-4454-88CC-1F614B008B75}
		{5704436B-4D3B-4267-B906-21EF16E34A1B} = {5704436B-4D3B-4267-B906-21EF16E34A1B}
		{F38FFFAA-7E2D-4418-BF86-81213AFDE6DE} = {F38FFFAA-7E2D-4418-BF86-81213AFDE6DE}
	EndProjectSection
EndProject
Project("{8BC9CEB8-8B4A-11D0-8D11-00A0C91BC942}") = "Fervor", "Fervor\Fervor.vcxproj", "{836893EA-8892-4C4E-A95A-F143748FF809}"
	ProjectSection(ProjectDependencies) = postProject
		{5704436B-4D3B-4267-B906-21EF16E34A1B} = {5704436B-4D3B-4267-B906-21EF16E34A1B}
		{D30CBE90-DD09-420E-A4AC-01FC2FFE19E0} = {D30CBE90-DD09-420E-A4AC-01FC2FFE19E0}
		{F38FFFAA-7E2D-4418-BF86-81213AFDE6DE} = {F38FFFAA-7E2D-4418-BF86-81213AFDE6DE}
	EndProjectSection
EndProject
Project("{8BC9CEB8-8B4A-11D0-8D11-00A0C91BC942}") = "UyanahGameServer", "UyanahGameServer\UyanahGameServer.vcxproj", "{E18FE3F4-CE6A-4A2F-8948-B1AE11D7F37E}"
	ProjectSection(ProjectDependencies) = postProject
		{032F72F3-8F82-4991-9238-2D385AC70A22} = {032F72F3-8F82-4991-9238-2D385AC70A22}
	EndProjectSection
EndProject
Project("{8BC9CEB8-8B4A-11D0-8D11-00A0C91BC942}") = "VishalaNetworkLib", "VishalaNetworkLib\VishalaNetworkLib.vcxproj", "{032F72F3-8F82-4991-9238-2D385AC70A22}"
EndProject
Project("{8BC9CEB8-8B4A-11D0-8D11-00A0C91BC942}") = "YolonaOss", "YolonaOss\YolonaOss.vcxproj", "{F38FFFAA-7E2D-4418-BF86-81213AFDE6DE}"
EndProject
Project("{8BC9CEB8-8B4A-11D0-8D11-00A0C91BC942}") = "IyathuumCoreLib", "IyathuumCoreLib\IyathuumCoreLib.vcxproj", "{B27750C7-A35E-4C5B-8E9F-229A4443A6E6}"
EndProject
Project("{8BC9CEB8-8B4A-11D0-8D11-00A0C91BC942}") = "SelenNavigationLib", "SelenNavigationLib\SelenNavigationLib.vcxproj", "{B9848E9F-0DD5-43B3-9255-CA2B3BE05210}"
EndProject
Project("{8BC9CEB8-8B4A-11D0-8D11-00A0C91BC942}") = "HaasScriptingLib", "HaasScriptingLib\HaasScriptingLib.vcxproj", "{BC4B7397-276E-4FD1-B8E7-CA367CF5AC4D}"
EndProject
Project("{8BC9CEB8-8B4A-11D0-8D11-00A0C91BC942}") = "AthanahCommonLib", "AthanahCommonLib\AthanahCommonLib.vcxproj", "{D30CBE90-DD09-420E-A4AC-01FC2FFE19E0}"
	ProjectSection(ProjectDependencies) = postProject
		{5704436B-4D3B-4267-B906-21EF16E34A1B} = {5704436B-4D3B-4267-B906-21EF16E34A1B}
		{F38FFFAA-7E2D-4418-BF86-81213AFDE6DE} = {F38FFFAA-7E2D-4418-BF86-81213AFDE6DE}
	EndProjectSection
EndProject
Project("{8BC9CEB8-8B4A-11D0-8D11-00A0C91BC942}") = "IavishLobbyServer", "IavishLobbyServer\IavishLobbyServer.vcxproj", "{A801C2D3-1595-40CE-BBD3-E91DDFC94AEF}"
	ProjectSection(ProjectDependencies) = postProject
		{032F72F3-8F82-4991-9238-2D385AC70A22} = {032F72F3-8F82-4991-9238-2D385AC70A22}
		{E18FE3F4-CE6A-4A2F-8948-B1AE11D7F37E} = {E18FE3F4-CE6A-4A2F-8948-B1AE11D7F37E}
	EndProjectSection
EndProject
Global
	GlobalSection(SolutionConfigurationPlatforms) = preSolution
		Debug|x64 = Debug|x64
		Debug|x86 = Debug|x86
		LinuxDebug|x64 = LinuxDebug|x64
		LinuxDebug|x86 = LinuxDebug|x86
		LinuxRelease|x64 = LinuxRelease|x64
		LinuxRelease|x86 = LinuxRelease|x86
		Release|x64 = Release|x64
		Release|x86 = Release|x86
	EndGlobalSection
	GlobalSection(ProjectConfigurationPlatforms) = postSolution
		{CD140090-7BA2-46E0-918F-3E0E0756DA62}.Debug|x64.ActiveCfg = Debug|x64
		{CD140090-7BA2-46E0-918F-3E0E0756DA62}.Debug|x64.Build.0 = Debug|x64
		{CD140090-7BA2-46E0-918F-3E0E0756DA62}.Debug|x86.ActiveCfg = Debug|Win32
		{CD140090-7BA2-46E0-918F-3E0E0756DA62}.Debug|x86.Build.0 = Debug|Win32
		{CD140090-7BA2-46E0-918F-3E0E0756DA62}.LinuxDebug|x64.ActiveCfg = Debug|x64
		{CD140090-7BA2-46E0-918F-3E0E0756DA62}.LinuxDebug|x64.Build.0 = Debug|x64
		{CD140090-7BA2-46E0-918F-3E0E0756DA62}.LinuxDebug|x86.ActiveCfg = Debug|Win32
		{CD140090-7BA2-46E0-918F-3E0E0756DA62}.LinuxDebug|x86.Build.0 = Debug|Win32
		{CD140090-7BA2-46E0-918F-3E0E0756DA62}.LinuxRelease|x64.ActiveCfg = Release|x64
		{CD140090-7BA2-46E0-918F-3E0E0756DA62}.LinuxRelease|x64.Build.0 = Release|x64
		{CD140090-7BA2-46E0-918F-3E0E0756DA62}.LinuxRelease|x86.ActiveCfg = Release|Win32
		{CD140090-7BA2-46E0-918F-3E0E0756DA62}.LinuxRelease|x86.Build.0 = Release|Win32
		{CD140090-7BA2-46E0-918F-3E0E0756DA62}.Release|x64.ActiveCfg = Debug|x64
		{CD140090-7BA2-46E0-918F-3E0E0756DA62}.Release|x64.Build.0 = Debug|x64
		{CD140090-7BA2-46E0-918F-3E0E0756DA62}.Release|x86.ActiveCfg = Release|Win32
		{CD140090-7BA2-46E0-918F-3E0E0756DA62}.Release|x86.Build.0 = Release|Win32
		{62844E10-BEDE-4454-88CC-1F614B008B75}.Debug|x64.ActiveCfg = Debug|x64
		{62844E10-BEDE-4454-88CC-1F614B008B75}.Debug|x64.Build.0 = Debug|x64
		{62844E10-BEDE-4454-88CC-1F614B008B75}.Debug|x86.ActiveCfg = Debug|Win32
		{62844E10-BEDE-4454-88CC-1F614B008B75}.Debug|x86.Build.0 = Debug|Win32
		{62844E10-BEDE-4454-88CC-1F614B008B75}.LinuxDebug|x64.ActiveCfg = Debug|x64
		{62844E10-BEDE-4454-88CC-1F614B008B75}.LinuxDebug|x64.Build.0 = Debug|x64
		{62844E10-BEDE-4454-88CC-1F614B008B75}.LinuxDebug|x86.ActiveCfg = Debug|Win32
		{62844E10-BEDE-4454-88CC-1F614B008B75}.LinuxDebug|x86.Build.0 = Debug|Win32
		{62844E10-BEDE-4454-88CC-1F614B008B75}.LinuxRelease|x64.ActiveCfg = Release|x64
		{62844E10-BEDE-4454-88CC-1F614B008B75}.LinuxRelease|x64.Build.0 = Release|x64
		{62844E10-BEDE-4454-88CC-1F614B008B75}.LinuxRelease|x86.ActiveCfg = Release|Win32
		{62844E10-BEDE-4454-88CC-1F614B008B75}.LinuxRelease|x86.Build.0 = Release|Win32
		{62844E10-BEDE-4454-88CC-1F614B008B75}.Release|x64.ActiveCfg = Debug|x64
		{62844E10-BEDE-4454-88CC-1F614B008B75}.Release|x64.Build.0 = Debug|x64
		{62844E10-BEDE-4454-88CC-1F614B008B75}.Release|x86.ActiveCfg = Release|Win32
		{62844E10-BEDE-4454-88CC-1F614B008B75}.Release|x86.Build.0 = Release|Win32
		{5704436B-4D3B-4267-B906-21EF16E34A1B}.Debug|x64.ActiveCfg = Debug|x64
		{5704436B-4D3B-4267-B906-21EF16E34A1B}.Debug|x64.Build.0 = Debug|x64
		{5704436B-4D3B-4267-B906-21EF16E34A1B}.Debug|x86.ActiveCfg = Debug|Win32
		{5704436B-4D3B-4267-B906-21EF16E34A1B}.Debug|x86.Build.0 = Debug|Win32
		{5704436B-4D3B-4267-B906-21EF16E34A1B}.LinuxDebug|x64.ActiveCfg = Debug|x64
		{5704436B-4D3B-4267-B906-21EF16E34A1B}.LinuxDebug|x64.Build.0 = Debug|x64
		{5704436B-4D3B-4267-B906-21EF16E34A1B}.LinuxDebug|x86.ActiveCfg = Debug|Win32
		{5704436B-4D3B-4267-B906-21EF16E34A1B}.LinuxDebug|x86.Build.0 = Debug|Win32
		{5704436B-4D3B-4267-B906-21EF16E34A1B}.LinuxRelease|x64.ActiveCfg = Release|x64
		{5704436B-4D3B-4267-B906-21EF16E34A1B}.LinuxRelease|x64.Build.0 = Release|x64
		{5704436B-4D3B-4267-B906-21EF16E34A1B}.LinuxRelease|x86.ActiveCfg = Release|Win32
		{5704436B-4D3B-4267-B906-21EF16E34A1B}.LinuxRelease|x86.Build.0 = Release|Win32
		{5704436B-4D3B-4267-B906-21EF16E34A1B}.Release|x64.ActiveCfg = Release|x64
		{5704436B-4D3B-4267-B906-21EF16E34A1B}.Release|x64.Build.0 = Release|x64
		{5704436B-4D3B-4267-B906-21EF16E34A1B}.Release|x86.ActiveCfg = Release|Win32
		{5704436B-4D3B-4267-B906-21EF16E34A1B}.Release|x86.Build.0 = Release|Win32
		{4D004063-76C4-4AC6-BE93-84AC895397ED}.Debug|x64.ActiveCfg = Debug|x64
		{4D004063-76C4-4AC6-BE93-84AC895397ED}.Debug|x64.Build.0 = Debug|x64
		{4D004063-76C4-4AC6-BE93-84AC895397ED}.Debug|x86.ActiveCfg = Debug|Win32
		{4D004063-76C4-4AC6-BE93-84AC895397ED}.Debug|x86.Build.0 = Debug|Win32
		{4D004063-76C4-4AC6-BE93-84AC895397ED}.LinuxDebug|x64.ActiveCfg = Debug|x64
		{4D004063-76C4-4AC6-BE93-84AC895397ED}.LinuxDebug|x64.Build.0 = Debug|x64
		{4D004063-76C4-4AC6-BE93-84AC895397ED}.LinuxDebug|x86.ActiveCfg = Debug|Win32
		{4D004063-76C4-4AC6-BE93-84AC895397ED}.LinuxDebug|x86.Build.0 = Debug|Win32
		{4D004063-76C4-4AC6-BE93-84AC895397ED}.LinuxRelease|x64.ActiveCfg = Release|x64
		{4D004063-76C4-4AC6-BE93-84AC895397ED}.LinuxRelease|x64.Build.0 = Release|x64
		{4D004063-76C4-4AC6-BE93-84AC895397ED}.LinuxRelease|x86.ActiveCfg = Release|Win32
		{4D004063-76C4-4AC6-BE93-84AC895397ED}.LinuxRelease|x86.Build.0 = Release|Win32
		{4D004063-76C4-4AC6-BE93-84AC895397ED}.Release|x64.ActiveCfg = Release|x64
		{4D004063-76C4-4AC6-BE93-84AC895397ED}.Release|x64.Build.0 = Release|x64
		{4D004063-76C4-4AC6-BE93-84AC895397ED}.Release|x86.ActiveCfg = Release|Win32
		{4D004063-76C4-4AC6-BE93-84AC895397ED}.Release|x86.Build.0 = Release|Win32
		{836893EA-8892-4C4E-A95A-F143748FF809}.Debug|x64.ActiveCfg = Debug|x64
		{836893EA-8892-4C4E-A95A-F143748FF809}.Debug|x64.Build.0 = Debug|x64
		{836893EA-8892-4C4E-A95A-F143748FF809}.Debug|x86.ActiveCfg = Debug|Win32
		{836893EA-8892-4C4E-A95A-F143748FF809}.Debug|x86.Build.0 = Debug|Win32
		{836893EA-8892-4C4E-A95A-F143748FF809}.LinuxDebug|x64.ActiveCfg = Debug|x64
		{836893EA-8892-4C4E-A95A-F143748FF809}.LinuxDebug|x64.Build.0 = Debug|x64
		{836893EA-8892-4C4E-A95A-F143748FF809}.LinuxDebug|x86.ActiveCfg = Debug|Win32
		{836893EA-8892-4C4E-A95A-F143748FF809}.LinuxDebug|x86.Build.0 = Debug|Win32
		{836893EA-8892-4C4E-A95A-F143748FF809}.LinuxRelease|x64.ActiveCfg = Release|x64
		{836893EA-8892-4C4E-A95A-F143748FF809}.LinuxRelease|x64.Build.0 = Release|x64
		{836893EA-8892-4C4E-A95A-F143748FF809}.LinuxRelease|x86.ActiveCfg = Release|Win32
		{836893EA-8892-4C4E-A95A-F143748FF809}.LinuxRelease|x86.Build.0 = Release|Win32
		{836893EA-8892-4C4E-A95A-F143748FF809}.Release|x64.ActiveCfg = Release|x64
		{836893EA-8892-4C4E-A95A-F143748FF809}.Release|x64.Build.0 = Release|x64
		{836893EA-8892-4C4E-A95A-F143748FF809}.Release|x86.ActiveCfg = Release|Win32
		{836893EA-8892-4C4E-A95A-F143748FF809}.Release|x86.Build.0 = Release|Win32
		{E18FE3F4-CE6A-4A2F-8948-B1AE11D7F37E}.Debug|x64.ActiveCfg = Debug|x64
		{E18FE3F4-CE6A-4A2F-8948-B1AE11D7F37E}.Debug|x64.Build.0 = Debug|x64
		{E18FE3F4-CE6A-4A2F-8948-B1AE11D7F37E}.Debug|x86.ActiveCfg = Debug|Win32
		{E18FE3F4-CE6A-4A2F-8948-B1AE11D7F37E}.Debug|x86.Build.0 = Debug|Win32
		{E18FE3F4-CE6A-4A2F-8948-B1AE11D7F37E}.LinuxDebug|x64.ActiveCfg = Debug|x64
		{E18FE3F4-CE6A-4A2F-8948-B1AE11D7F37E}.LinuxDebug|x64.Build.0 = Debug|x64
		{E18FE3F4-CE6A-4A2F-8948-B1AE11D7F37E}.LinuxDebug|x86.ActiveCfg = Debug|Win32
		{E18FE3F4-CE6A-4A2F-8948-B1AE11D7F37E}.LinuxDebug|x86.Build.0 = Debug|Win32
		{E18FE3F4-CE6A-4A2F-8948-B1AE11D7F37E}.LinuxRelease|x64.ActiveCfg = Release|x64
		{E18FE3F4-CE6A-4A2F-8948-B1AE11D7F37E}.LinuxRelease|x64.Build.0 = Release|x64
		{E18FE3F4-CE6A-4A2F-8948-B1AE11D7F37E}.LinuxRelease|x86.ActiveCfg = Release|Win32
		{E18FE3F4-CE6A-4A2F-8948-B1AE11D7F37E}.LinuxRelease|x86.Build.0 = Release|Win32
		{E18FE3F4-CE6A-4A2F-8948-B1AE11D7F37E}.Release|x64.ActiveCfg = Release|x64
		{E18FE3F4-CE6A-4A2F-8948-B1AE11D7F37E}.Release|x64.Build.0 = Release|x64
		{E18FE3F4-CE6A-4A2F-8948-B1AE11D7F37E}.Release|x86.ActiveCfg = Release|Win32
		{E18FE3F4-CE6A-4A2F-8948-B1AE11D7F37E}.Release|x86.Build.0 = Release|Win32
		{032F72F3-8F82-4991-9238-2D385AC70A22}.Debug|x64.ActiveCfg = Debug|x64
		{032F72F3-8F82-4991-9238-2D385AC70A22}.Debug|x64.Build.0 = Debug|x64
		{032F72F3-8F82-4991-9238-2D385AC70A22}.Debug|x86.ActiveCfg = Debug|Win32
		{032F72F3-8F82-4991-9238-2D385AC70A22}.Debug|x86.Build.0 = Debug|Win32
		{032F72F3-8F82-4991-9238-2D385AC70A22}.LinuxDebug|x64.ActiveCfg = Debug|x64
		{032F72F3-8F82-4991-9238-2D385AC70A22}.LinuxDebug|x64.Build.0 = Debug|x64
		{032F72F3-8F82-4991-9238-2D385AC70A22}.LinuxDebug|x86.ActiveCfg = Debug|Win32
		{032F72F3-8F82-4991-9238-2D385AC70A22}.LinuxDebug|x86.Build.0 = Debug|Win32
		{032F72F3-8F82-4991-9238-2D385AC70A22}.LinuxRelease|x64.ActiveCfg = Release|x64
		{032F72F3-8F82-4991-9238-2D385AC70A22}.LinuxRelease|x64.Build.0 = Release|x64
		{032F72F3-8F82-4991-9238-2D385AC70A22}.LinuxRelease|x86.ActiveCfg = Release|Win32
		{032F72F3-8F82-4991-9238-2D385AC70A22}.LinuxRelease|x86.Build.0 = Release|Win32
		{032F72F3-8F82-4991-9238-2D385AC70A22}.Release|x64.ActiveCfg = Release|x64
		{032F72F3-8F82-4991-9238-2D385AC70A22}.Release|x64.Build.0 = Release|x64
		{032F72F3-8F82-4991-9238-2D385AC70A22}.Release|x86.ActiveCfg = Release|Win32
		{032F72F3-8F82-4991-9238-2D385AC70A22}.Release|x86.Build.0 = Release|Win32
		{F38FFFAA-7E2D-4418-BF86-81213AFDE6DE}.Debug|x64.ActiveCfg = Debug|x64
		{F38FFFAA-7E2D-4418-BF86-81213AFDE6DE}.Debug|x64.Build.0 = Debug|x64
		{F38FFFAA-7E2D-4418-BF86-81213AFDE6DE}.Debug|x86.ActiveCfg = Debug|Win32
		{F38FFFAA-7E2D-4418-BF86-81213AFDE6DE}.Debug|x86.Build.0 = Debug|Win32
		{F38FFFAA-7E2D-4418-BF86-81213AFDE6DE}.LinuxDebug|x64.ActiveCfg = Debug|x64
		{F38FFFAA-7E2D-4418-BF86-81213AFDE6DE}.LinuxDebug|x64.Build.0 = Debug|x64
		{F38FFFAA-7E2D-4418-BF86-81213AFDE6DE}.LinuxDebug|x86.ActiveCfg = Debug|Win32
		{F38FFFAA-7E2D-4418-BF86-81213AFDE6DE}.LinuxDebug|x86.Build.0 = Debug|Win32
		{F38FFFAA-7E2D-4418-BF86-81213AFDE6DE}.LinuxRelease|x64.ActiveCfg = Release|x64
		{F38FFFAA-7E2D-4418-BF86-81213AFDE6DE}.LinuxRelease|x64.Build.0 = Release|x64
		{F38FFFAA-7E2D-4418-BF86-81213AFDE6DE}.LinuxRelease|x86.ActiveCfg = Release|Win32
		{F38FFFAA-7E2D-4418-BF86-81213AFDE6DE}.LinuxRelease|x86.Build.0 = Release|Win32
		{F38FFFAA-7E2D-4418-BF86-81213AFDE6DE}.Release|x64.ActiveCfg = Release|x64
		{F38FFFAA-7E2D-4418-BF86-81213AFDE6DE}.Release|x64.Build.0 = Release|x64
		{F38FFFAA-7E2D-4418-BF86-81213AFDE6DE}.Release|x86.ActiveCfg = Release|Win32
		{F38FFFAA-7E2D-4418-BF86-81213AFDE6DE}.Release|x86.Build.0 = Release|Win32
		{B27750C7-A35E-4C5B-8E9F-229A4443A6E6}.Debug|x64.ActiveCfg = Debug|x64
		{B27750C7-A35E-4C5B-8E9F-229A4443A6E6}.Debug|x64.Build.0 = Debug|x64
		{B27750C7-A35E-4C5B-8E9F-229A4443A6E6}.Debug|x86.ActiveCfg = Debug|Win32
		{B27750C7-A35E-4C5B-8E9F-229A4443A6E6}.Debug|x86.Build.0 = Debug|Win32
		{B27750C7-A35E-4C5B-8E9F-229A4443A6E6}.LinuxDebug|x64.ActiveCfg = Debug|x64
		{B27750C7-A35E-4C5B-8E9F-229A4443A6E6}.LinuxDebug|x64.Build.0 = Debug|x64
		{B27750C7-A35E-4C5B-8E9F-229A4443A6E6}.LinuxDebug|x86.ActiveCfg = Debug|Win32
		{B27750C7-A35E-4C5B-8E9F-229A4443A6E6}.LinuxDebug|x86.Build.0 = Debug|Win32
		{B27750C7-A35E-4C5B-8E9F-229A4443A6E6}.LinuxRelease|x64.ActiveCfg = Release|x64
		{B27750C7-A35E-4C5B-8E9F-229A4443A6E6}.LinuxRelease|x64.Build.0 = Release|x64
		{B27750C7-A35E-4C5B-8E9F-229A4443A6E6}.LinuxRelease|x86.ActiveCfg = Release|Win32
		{B27750C7-A35E-4C5B-8E9F-229A4443A6E6}.LinuxRelease|x86.Build.0 = Release|Win32
		{B27750C7-A35E-4C5B-8E9F-229A4443A6E6}.Release|x64.ActiveCfg = Release|x64
		{B27750C7-A35E-4C5B-8E9F-229A4443A6E6}.Release|x64.Build.0 = Release|x64
		{B27750C7-A35E-4C5B-8E9F-229A4443A6E6}.Release|x86.ActiveCfg = Release|Win32
		{B27750C7-A35E-4C5B-8E9F-229A4443A6E6}.Release|x86.Build.0 = Release|Win32
		{B9848E9F-0DD5-43B3-9255-CA2B3BE05210}.Debug|x64.ActiveCfg = Debug|x64
		{B9848E9F-0DD5-43B3-9255-CA2B3BE05210}.Debug|x64.Build.0 = Debug|x64
		{B9848E9F-0DD5-43B3-9255-CA2B3BE05210}.Debug|x86.ActiveCfg = Debug|Win32
		{B9848E9F-0DD5-43B3-9255-CA2B3BE05210}.Debug|x86.Build.0 = Debug|Win32
		{B9848E9F-0DD5-43B3-9255-CA2B3BE05210}.LinuxDebug|x64.ActiveCfg = Debug|x64
		{B9848E9F-0DD5-43B3-9255-CA2B3BE05210}.LinuxDebug|x64.Build.0 = Debug|x64
		{B9848E9F-0DD5-43B3-9255-CA2B3BE05210}.LinuxDebug|x86.ActiveCfg = Debug|Win32
		{B9848E9F-0DD5-43B3-9255-CA2B3BE05210}.LinuxDebug|x86.Build.0 = Debug|Win32
		{B9848E9F-0DD5-43B3-9255-CA2B3BE05210}.LinuxRelease|x64.ActiveCfg = Release|x64
		{B9848E9F-0DD5-43B3-9255-CA2B3BE05210}.LinuxRelease|x64.Build.0 = Release|x64
		{B9848E9F-0DD5-43B3-9255-CA2B3BE05210}.LinuxRelease|x86.ActiveCfg = Release|Win32
		{B9848E9F-0DD5-43B3-9255-CA2B3BE05210}.LinuxRelease|x86.Build.0 = Release|Win32
		{B9848E9F-0DD5-43B3-9255-CA2B3BE05210}.Release|x64.ActiveCfg = Release|x64
		{B9848E9F-0DD5-43B3-9255-CA2B3BE05210}.Release|x64.Build.0 = Release|x64
		{B9848E9F-0DD5-43B3-9255-CA2B3BE05210}.Release|x86.ActiveCfg = Release|Win32
		{B9848E9F-0DD5-43B3-9255-CA2B3BE05210}.Release|x86.Build.0 = Release|Win32
		{BC4B7397-276E-4FD1-B8E7-CA367CF5AC4D}.Debug|x64.ActiveCfg = Debug|x64
		{BC4B7397-276E-4FD1-B8E7-CA367CF5AC4D}.Debug|x64.Build.0 = Debug|x64
		{BC4B7397-276E-4FD1-B8E7-CA367CF5AC4D}.Debug|x86.ActiveCfg = Debug|Win32
		{BC4B7397-276E-4FD1-B8E7-CA367CF5AC4D}.Debug|x86.Build.0 = Debug|Win32
		{BC4B7397-276E-4FD1-B8E7-CA367CF5AC4D}.LinuxDebug|x64.ActiveCfg = Debug|x64
		{BC4B7397-276E-4FD1-B8E7-CA367CF5AC4D}.LinuxDebug|x64.Build.0 = Debug|x64
		{BC4B7397-276E-4FD1-B8E7-CA367CF5AC4D}.LinuxDebug|x86.ActiveCfg = Debug|Win32
		{BC4B7397-276E-4FD1-B8E7-CA367CF5AC4D}.LinuxDebug|x86.Build.0 = Debug|Win32
		{BC4B7397-276E-4FD1-B8E7-CA367CF5AC4D}.LinuxRelease|x64.ActiveCfg = Release|x64
		{BC4B7397-276E-4FD1-B8E7-CA367CF5AC4D}.LinuxRelease|x64.Build.0 = Release|x64
		{BC4B7397-276E-4FD1-B8E7-CA367CF5AC4D}.LinuxRelease|x86.ActiveCfg = Release|Win32
		{BC4B7397-276E-4FD1-B8E7-CA367CF5AC4D}.LinuxRelease|x86.Build.0 = Release|Win32
		{BC4B7397-276E-4FD1-B8E7-CA367CF5AC4D}.Release|x64.ActiveCfg = Release|x64
		{BC4B7397-276E-4FD1-B8E7-CA367CF5AC4D}.Release|x64.Build.0 = Release|x64
		{BC4B7397-276E-4FD1-B8E7-CA367CF5AC4D}.Release|x86.ActiveCfg = Release|Win32
		{BC4B7397-276E-4FD1-B8E7-CA367CF5AC4D}.Release|x86.Build.0 = Release|Win32
		{D30CBE90-DD09-420E-A4AC-01FC2FFE19E0}.Debug|x64.ActiveCfg = Debug|x64
		{D30CBE90-DD09-420E-A4AC-01FC2FFE19E0}.Debug|x64.Build.0 = Debug|x64
		{D30CBE90-DD09-420E-A4AC-01FC2FFE19E0}.Debug|x86.ActiveCfg = Debug|Win32
		{D30CBE90-DD09-420E-A4AC-01FC2FFE19E0}.Debug|x86.Build.0 = Debug|Win32
		{D30CBE90-DD09-420E-A4AC-01FC2FFE19E0}.LinuxDebug|x64.ActiveCfg = Debug|x64
		{D30CBE90-DD09-420E-A4AC-01FC2FFE19E0}.LinuxDebug|x64.Build.0 = Debug|x64
		{D30CBE90-DD09-420E-A4AC-01FC2FFE19E0}.LinuxDebug|x86.ActiveCfg = Debug|Win32
		{D30CBE90-DD09-420E-A4AC-01FC2FFE19E0}.LinuxDebug|x86.Build.0 = Debug|Win32
		{D30CBE90-DD09-420E-A4AC-01FC2FFE19E0}.LinuxRelease|x64.ActiveCfg = Release|x64
		{D30CBE90-DD09-420E-A4AC-01FC2FFE19E0}.LinuxRelease|x64.Build.0 = Release|x64
		{D30CBE90-DD09-420E-A4AC-01FC2FFE19E0}.LinuxRelease|x86.ActiveCfg = Release|Win32
		{D30CBE90-DD09-420E-A4AC-01FC2FFE19E0}.LinuxRelease|x86.Build.0 = Release|Win32
		{D30CBE90-DD09-420E-A4AC-01FC2FFE19E0}.Release|x64.ActiveCfg = Release|x64
		{D30CBE90-DD09-420E-A4AC-01FC2FFE19E0}.Release|x64.Build.0 = Release|x64
		{D30CBE90-DD09-420E-A4AC-01FC2FFE19E0}.Release|x86.ActiveCfg = Release|Win32
		{D30CBE90-DD09-420E-A4AC-01FC2FFE19E0}.Release|x86.Build.0 = Release|Win32
		{A801C2D3-1595-40CE-BBD3-E91DDFC94AEF}.Debug|x64.ActiveCfg = Debug|x64
		{A801C2D3-1595-40CE-BBD3-E91DDFC94AEF}.Debug|x64.Build.0 = Debug|x64
		{A801C2D3-1595-40CE-BBD3-E91DDFC94AEF}.Debug|x86.ActiveCfg = Debug|Win32
		{A801C2D3-1595-40CE-BBD3-E91DDFC94AEF}.Debug|x86.Build.0 = Debug|Win32
		{A801C2D3-1595-40CE-BBD3-E91DDFC94AEF}.LinuxDebug|x64.ActiveCfg = Debug|x64
		{A801C2D3-1595-40CE-BBD3-E91DDFC94AEF}.LinuxDebug|x64.Build.0 = Debug|x64
		{A801C2D3-1595-40CE-BBD3-E91DDFC94AEF}.LinuxDebug|x86.ActiveCfg = Debug|Win32
		{A801C2D3-1595-40CE-BBD3-E91DDFC94AEF}.LinuxDebug|x86.Build.0 = Debug|Win32
		{A801C2D3-1595-40CE-BBD3-E91DDFC94AEF}.LinuxRelease|x64.ActiveCfg = Release|x64
		{A801C2D3-1595-40CE-BBD3-E91DDFC94AEF}.LinuxRelease|x64.Build.0 = Release|x64
		{A801C2D3-1595-40CE-BBD3-E91DDFC94AEF}.LinuxRelease|x86.ActiveCfg = Release|Win32
		{A801C2D3-1595-40CE-BBD3-E91DDFC94AEF}.LinuxRelease|x86.Build.0 = Release|Win32
		{A801C2D3-1595-40CE-BBD3-E91DDFC94AEF}.Release|x64.ActiveCfg = Release|x64
		{A801C2D3-1595-40CE-BBD3-E91DDFC94AEF}.Release|x64.Build.0 = Release|x64
		{A801C2D3-1595-40CE-BBD3-E91DDFC94AEF}.Release|x86.ActiveCfg = Release|Win32
		{A801C2D3-1595-40CE-BBD3-E91DDFC94AEF}.Release|x86.Build.0 = Release|Win32
	EndGlobalSection
	GlobalSection(SolutionProperties) = preSolution
		HideSolutionNode = FALSE
	EndGlobalSection
	GlobalSection(NestedProjects) = preSolution
		{CD140090-7BA2-46E0-918F-3E0E0756DA62} = {B445D9C6-8AB1-4097-AA0A-18D555102E17}
		{4D004063-76C4-4AC6-BE93-84AC895397ED} = {B445D9C6-8AB1-4097-AA0A-18D555102E17}
		{836893EA-8892-4C4E-A95A-F143748FF809} = {B445D9C6-8AB1-4097-AA0A-18D555102E17}
		{A801C2D3-1595-40CE-BBD3-E91DDFC94AEF} = {B445D9C6-8AB1-4097-AA0A-18D555102E17}
	EndGlobalSection
	GlobalSection(ExtensibilityGlobals) = postSolution
		SolutionGuid = {66AC159F-D2F5-48EA-ACFD-17E3536CBC6F}
	EndGlobalSection
EndGlobal
