
Microsoft Visual Studio Solution File, Format Version 12.00
# Visual Studio Version 16
VisualStudioVersion = 16.0.30002.166
MinimumVisualStudioVersion = 10.0.40219.1
Project("{8BC9CEB8-8B4A-11D0-8D11-00A0C91BC942}") = "AhwassaGraphicsLib", "AhwassaGraphicsLib\AhwassaGraphicsLib.vcxproj", "{62844E10-BEDE-4454-88CC-1F614B008B75}"
	ProjectSection(ProjectDependencies) = postProject
		{B27750C7-A35E-4C5B-8E9F-229A4443A6E6} = {B27750C7-A35E-4C5B-8E9F-229A4443A6E6}
	EndProjectSection
EndProject
Project("{2150E333-8FDC-42A3-9474-1A3956D46DE8}") = "exe", "exe", "{B445D9C6-8AB1-4097-AA0A-18D555102E17}"
EndProject
Project("{8BC9CEB8-8B4A-11D0-8D11-00A0C91BC942}") = "SuthanusPhysicsLib", "SuthanusPhysicsLib\SuthanusPhysicsLib.vcxproj", "{5704436B-4D3B-4267-B906-21EF16E34A1B}"
	ProjectSection(ProjectDependencies) = postProject
		{B27750C7-A35E-4C5B-8E9F-229A4443A6E6} = {B27750C7-A35E-4C5B-8E9F-229A4443A6E6}
	EndProjectSection
EndProject
Project("{8BC9CEB8-8B4A-11D0-8D11-00A0C91BC942}") = "UyanahGameServer", "UyanahGameServer\UyanahGameServer.vcxproj", "{E18FE3F4-CE6A-4A2F-8948-B1AE11D7F37E}"
	ProjectSection(ProjectDependencies) = postProject
		{B27750C7-A35E-4C5B-8E9F-229A4443A6E6} = {B27750C7-A35E-4C5B-8E9F-229A4443A6E6}
		{032F72F3-8F82-4991-9238-2D385AC70A22} = {032F72F3-8F82-4991-9238-2D385AC70A22}
	EndProjectSection
EndProject
Project("{8BC9CEB8-8B4A-11D0-8D11-00A0C91BC942}") = "VishalaNetworkLib", "VishalaNetworkLib\VishalaNetworkLib.vcxproj", "{032F72F3-8F82-4991-9238-2D385AC70A22}"
	ProjectSection(ProjectDependencies) = postProject
		{B27750C7-A35E-4C5B-8E9F-229A4443A6E6} = {B27750C7-A35E-4C5B-8E9F-229A4443A6E6}
	EndProjectSection
EndProject
Project("{8BC9CEB8-8B4A-11D0-8D11-00A0C91BC942}") = "IyathuumCoreLib", "IyathuumCoreLib\IyathuumCoreLib.vcxproj", "{B27750C7-A35E-4C5B-8E9F-229A4443A6E6}"
EndProject
Project("{8BC9CEB8-8B4A-11D0-8D11-00A0C91BC942}") = "SelenNavigationLib", "SelenNavigationLib\SelenNavigationLib.vcxproj", "{B9848E9F-0DD5-43B3-9255-CA2B3BE05210}"
	ProjectSection(ProjectDependencies) = postProject
		{B27750C7-A35E-4C5B-8E9F-229A4443A6E6} = {B27750C7-A35E-4C5B-8E9F-229A4443A6E6}
	EndProjectSection
EndProject
Project("{8BC9CEB8-8B4A-11D0-8D11-00A0C91BC942}") = "HaasScriptingLib", "HaasScriptingLib\HaasScriptingLib.vcxproj", "{BC4B7397-276E-4FD1-B8E7-CA367CF5AC4D}"
	ProjectSection(ProjectDependencies) = postProject
		{B27750C7-A35E-4C5B-8E9F-229A4443A6E6} = {B27750C7-A35E-4C5B-8E9F-229A4443A6E6}
	EndProjectSection
EndProject
Project("{8BC9CEB8-8B4A-11D0-8D11-00A0C91BC942}") = "AthanahCommonLib", "AthanahCommonLib\AthanahCommonLib.vcxproj", "{D30CBE90-DD09-420E-A4AC-01FC2FFE19E0}"
	ProjectSection(ProjectDependencies) = postProject
		{5704436B-4D3B-4267-B906-21EF16E34A1B} = {5704436B-4D3B-4267-B906-21EF16E34A1B}
	EndProjectSection
EndProject
Project("{8BC9CEB8-8B4A-11D0-8D11-00A0C91BC942}") = "IavishLobbyServer", "IavishLobbyServer\IavishLobbyServer.vcxproj", "{A801C2D3-1595-40CE-BBD3-E91DDFC94AEF}"
	ProjectSection(ProjectDependencies) = postProject
		{B27750C7-A35E-4C5B-8E9F-229A4443A6E6} = {B27750C7-A35E-4C5B-8E9F-229A4443A6E6}
		{032F72F3-8F82-4991-9238-2D385AC70A22} = {032F72F3-8F82-4991-9238-2D385AC70A22}
		{E18FE3F4-CE6A-4A2F-8948-B1AE11D7F37E} = {E18FE3F4-CE6A-4A2F-8948-B1AE11D7F37E}
	EndProjectSection
EndProject
Project("{8BC9CEB8-8B4A-11D0-8D11-00A0C91BC942}") = "Fervor", "Fervor\Fervor.vcxproj", "{1A0F9355-8480-4496-A81C-D498CA53BD01}"
	ProjectSection(ProjectDependencies) = postProject
		{62844E10-BEDE-4454-88CC-1F614B008B75} = {62844E10-BEDE-4454-88CC-1F614B008B75}
		{1690E851-1424-484A-AE4A-CB998160BF18} = {1690E851-1424-484A-AE4A-CB998160BF18}
		{D30CBE90-DD09-420E-A4AC-01FC2FFE19E0} = {D30CBE90-DD09-420E-A4AC-01FC2FFE19E0}
		{B27750C7-A35E-4C5B-8E9F-229A4443A6E6} = {B27750C7-A35E-4C5B-8E9F-229A4443A6E6}
	EndProjectSection
EndProject
Project("{8BC9CEB8-8B4A-11D0-8D11-00A0C91BC942}") = "Fatboy", "Fatboy\Fatboy.vcxproj", "{FD063652-C4F8-47FC-B696-CE6BB6DBB949}"
	ProjectSection(ProjectDependencies) = postProject
		{62844E10-BEDE-4454-88CC-1F614B008B75} = {62844E10-BEDE-4454-88CC-1F614B008B75}
		{5704436B-4D3B-4267-B906-21EF16E34A1B} = {5704436B-4D3B-4267-B906-21EF16E34A1B}
		{D30CBE90-DD09-420E-A4AC-01FC2FFE19E0} = {D30CBE90-DD09-420E-A4AC-01FC2FFE19E0}
		{B27750C7-A35E-4C5B-8E9F-229A4443A6E6} = {B27750C7-A35E-4C5B-8E9F-229A4443A6E6}
	EndProjectSection
EndProject
Project("{8BC9CEB8-8B4A-11D0-8D11-00A0C91BC942}") = "Othuum", "Othuum\Othuum.vcxproj", "{29546BF3-E106-4F2A-9DAB-AC637745D56B}"
	ProjectSection(ProjectDependencies) = postProject
		{62844E10-BEDE-4454-88CC-1F614B008B75} = {62844E10-BEDE-4454-88CC-1F614B008B75}
		{5704436B-4D3B-4267-B906-21EF16E34A1B} = {5704436B-4D3B-4267-B906-21EF16E34A1B}
		{BC4B7397-276E-4FD1-B8E7-CA367CF5AC4D} = {BC4B7397-276E-4FD1-B8E7-CA367CF5AC4D}
		{B9848E9F-0DD5-43B3-9255-CA2B3BE05210} = {B9848E9F-0DD5-43B3-9255-CA2B3BE05210}
		{B27750C7-A35E-4C5B-8E9F-229A4443A6E6} = {B27750C7-A35E-4C5B-8E9F-229A4443A6E6}
		{032F72F3-8F82-4991-9238-2D385AC70A22} = {032F72F3-8F82-4991-9238-2D385AC70A22}
		{E18FE3F4-CE6A-4A2F-8948-B1AE11D7F37E} = {E18FE3F4-CE6A-4A2F-8948-B1AE11D7F37E}
	EndProjectSection
EndProject
Project("{8BC9CEB8-8B4A-11D0-8D11-00A0C91BC942}") = "AezeselFileIOLib", "AezeselFileIOLib\AezeselFileIOLib.vcxproj", "{1690E851-1424-484A-AE4A-CB998160BF18}"
	ProjectSection(ProjectDependencies) = postProject
		{B27750C7-A35E-4C5B-8E9F-229A4443A6E6} = {B27750C7-A35E-4C5B-8E9F-229A4443A6E6}
	EndProjectSection
EndProject
Global
	GlobalSection(SolutionConfigurationPlatforms) = preSolution
		Debug|x64 = Debug|x64
		Debug|x86 = Debug|x86
		Release|x64 = Release|x64
		Release|x86 = Release|x86
		ReleaseWithDbg|x64 = ReleaseWithDbg|x64
		ReleaseWithDbg|x86 = ReleaseWithDbg|x86
	EndGlobalSection
	GlobalSection(ProjectConfigurationPlatforms) = postSolution
		{62844E10-BEDE-4454-88CC-1F614B008B75}.Debug|x64.ActiveCfg = Debug|x64
		{62844E10-BEDE-4454-88CC-1F614B008B75}.Debug|x64.Build.0 = Debug|x64
		{62844E10-BEDE-4454-88CC-1F614B008B75}.Debug|x86.ActiveCfg = Debug|Win32
		{62844E10-BEDE-4454-88CC-1F614B008B75}.Debug|x86.Build.0 = Debug|Win32
		{62844E10-BEDE-4454-88CC-1F614B008B75}.Release|x64.ActiveCfg = Debug|x64
		{62844E10-BEDE-4454-88CC-1F614B008B75}.Release|x64.Build.0 = Debug|x64
		{62844E10-BEDE-4454-88CC-1F614B008B75}.Release|x86.ActiveCfg = Release|Win32
		{62844E10-BEDE-4454-88CC-1F614B008B75}.Release|x86.Build.0 = Release|Win32
		{62844E10-BEDE-4454-88CC-1F614B008B75}.ReleaseWithDbg|x64.ActiveCfg = ReleaseWithDbg|x64
		{62844E10-BEDE-4454-88CC-1F614B008B75}.ReleaseWithDbg|x64.Build.0 = ReleaseWithDbg|x64
		{62844E10-BEDE-4454-88CC-1F614B008B75}.ReleaseWithDbg|x86.ActiveCfg = ReleaseWithDbg|Win32
		{62844E10-BEDE-4454-88CC-1F614B008B75}.ReleaseWithDbg|x86.Build.0 = ReleaseWithDbg|Win32
		{5704436B-4D3B-4267-B906-21EF16E34A1B}.Debug|x64.ActiveCfg = Debug|x64
		{5704436B-4D3B-4267-B906-21EF16E34A1B}.Debug|x64.Build.0 = Debug|x64
		{5704436B-4D3B-4267-B906-21EF16E34A1B}.Debug|x86.ActiveCfg = Debug|Win32
		{5704436B-4D3B-4267-B906-21EF16E34A1B}.Debug|x86.Build.0 = Debug|Win32
		{5704436B-4D3B-4267-B906-21EF16E34A1B}.Release|x64.ActiveCfg = Release|x64
		{5704436B-4D3B-4267-B906-21EF16E34A1B}.Release|x64.Build.0 = Release|x64
		{5704436B-4D3B-4267-B906-21EF16E34A1B}.Release|x86.ActiveCfg = Release|Win32
		{5704436B-4D3B-4267-B906-21EF16E34A1B}.Release|x86.Build.0 = Release|Win32
		{5704436B-4D3B-4267-B906-21EF16E34A1B}.ReleaseWithDbg|x64.ActiveCfg = ReleaseWithDbg|x64
		{5704436B-4D3B-4267-B906-21EF16E34A1B}.ReleaseWithDbg|x64.Build.0 = ReleaseWithDbg|x64
		{5704436B-4D3B-4267-B906-21EF16E34A1B}.ReleaseWithDbg|x86.ActiveCfg = ReleaseWithDbg|Win32
		{5704436B-4D3B-4267-B906-21EF16E34A1B}.ReleaseWithDbg|x86.Build.0 = ReleaseWithDbg|Win32
		{E18FE3F4-CE6A-4A2F-8948-B1AE11D7F37E}.Debug|x64.ActiveCfg = Debug|x64
		{E18FE3F4-CE6A-4A2F-8948-B1AE11D7F37E}.Debug|x64.Build.0 = Debug|x64
		{E18FE3F4-CE6A-4A2F-8948-B1AE11D7F37E}.Debug|x86.ActiveCfg = Debug|Win32
		{E18FE3F4-CE6A-4A2F-8948-B1AE11D7F37E}.Debug|x86.Build.0 = Debug|Win32
		{E18FE3F4-CE6A-4A2F-8948-B1AE11D7F37E}.Release|x64.ActiveCfg = Release|x64
		{E18FE3F4-CE6A-4A2F-8948-B1AE11D7F37E}.Release|x64.Build.0 = Release|x64
		{E18FE3F4-CE6A-4A2F-8948-B1AE11D7F37E}.Release|x86.ActiveCfg = Release|Win32
		{E18FE3F4-CE6A-4A2F-8948-B1AE11D7F37E}.Release|x86.Build.0 = Release|Win32
		{E18FE3F4-CE6A-4A2F-8948-B1AE11D7F37E}.ReleaseWithDbg|x64.ActiveCfg = ReleaseWithDbg|x64
		{E18FE3F4-CE6A-4A2F-8948-B1AE11D7F37E}.ReleaseWithDbg|x64.Build.0 = ReleaseWithDbg|x64
		{E18FE3F4-CE6A-4A2F-8948-B1AE11D7F37E}.ReleaseWithDbg|x86.ActiveCfg = ReleaseWithDbg|Win32
		{E18FE3F4-CE6A-4A2F-8948-B1AE11D7F37E}.ReleaseWithDbg|x86.Build.0 = ReleaseWithDbg|Win32
		{032F72F3-8F82-4991-9238-2D385AC70A22}.Debug|x64.ActiveCfg = Debug|x64
		{032F72F3-8F82-4991-9238-2D385AC70A22}.Debug|x64.Build.0 = Debug|x64
		{032F72F3-8F82-4991-9238-2D385AC70A22}.Debug|x86.ActiveCfg = Debug|Win32
		{032F72F3-8F82-4991-9238-2D385AC70A22}.Debug|x86.Build.0 = Debug|Win32
		{032F72F3-8F82-4991-9238-2D385AC70A22}.Release|x64.ActiveCfg = Release|x64
		{032F72F3-8F82-4991-9238-2D385AC70A22}.Release|x64.Build.0 = Release|x64
		{032F72F3-8F82-4991-9238-2D385AC70A22}.Release|x86.ActiveCfg = Release|Win32
		{032F72F3-8F82-4991-9238-2D385AC70A22}.Release|x86.Build.0 = Release|Win32
		{032F72F3-8F82-4991-9238-2D385AC70A22}.ReleaseWithDbg|x64.ActiveCfg = ReleaseWithDbg|x64
		{032F72F3-8F82-4991-9238-2D385AC70A22}.ReleaseWithDbg|x64.Build.0 = ReleaseWithDbg|x64
		{032F72F3-8F82-4991-9238-2D385AC70A22}.ReleaseWithDbg|x86.ActiveCfg = ReleaseWithDbg|Win32
		{032F72F3-8F82-4991-9238-2D385AC70A22}.ReleaseWithDbg|x86.Build.0 = ReleaseWithDbg|Win32
		{B27750C7-A35E-4C5B-8E9F-229A4443A6E6}.Debug|x64.ActiveCfg = Debug|x64
		{B27750C7-A35E-4C5B-8E9F-229A4443A6E6}.Debug|x64.Build.0 = Debug|x64
		{B27750C7-A35E-4C5B-8E9F-229A4443A6E6}.Debug|x86.ActiveCfg = Debug|Win32
		{B27750C7-A35E-4C5B-8E9F-229A4443A6E6}.Debug|x86.Build.0 = Debug|Win32
		{B27750C7-A35E-4C5B-8E9F-229A4443A6E6}.Release|x64.ActiveCfg = Release|x64
		{B27750C7-A35E-4C5B-8E9F-229A4443A6E6}.Release|x64.Build.0 = Release|x64
		{B27750C7-A35E-4C5B-8E9F-229A4443A6E6}.Release|x86.ActiveCfg = Release|Win32
		{B27750C7-A35E-4C5B-8E9F-229A4443A6E6}.Release|x86.Build.0 = Release|Win32
		{B27750C7-A35E-4C5B-8E9F-229A4443A6E6}.ReleaseWithDbg|x64.ActiveCfg = ReleaseWithDbg|x64
		{B27750C7-A35E-4C5B-8E9F-229A4443A6E6}.ReleaseWithDbg|x64.Build.0 = ReleaseWithDbg|x64
		{B27750C7-A35E-4C5B-8E9F-229A4443A6E6}.ReleaseWithDbg|x86.ActiveCfg = ReleaseWithDbg|Win32
		{B27750C7-A35E-4C5B-8E9F-229A4443A6E6}.ReleaseWithDbg|x86.Build.0 = ReleaseWithDbg|Win32
		{B9848E9F-0DD5-43B3-9255-CA2B3BE05210}.Debug|x64.ActiveCfg = Debug|x64
		{B9848E9F-0DD5-43B3-9255-CA2B3BE05210}.Debug|x64.Build.0 = Debug|x64
		{B9848E9F-0DD5-43B3-9255-CA2B3BE05210}.Debug|x86.ActiveCfg = Debug|Win32
		{B9848E9F-0DD5-43B3-9255-CA2B3BE05210}.Debug|x86.Build.0 = Debug|Win32
		{B9848E9F-0DD5-43B3-9255-CA2B3BE05210}.Release|x64.ActiveCfg = Release|x64
		{B9848E9F-0DD5-43B3-9255-CA2B3BE05210}.Release|x64.Build.0 = Release|x64
		{B9848E9F-0DD5-43B3-9255-CA2B3BE05210}.Release|x86.ActiveCfg = Release|Win32
		{B9848E9F-0DD5-43B3-9255-CA2B3BE05210}.Release|x86.Build.0 = Release|Win32
		{B9848E9F-0DD5-43B3-9255-CA2B3BE05210}.ReleaseWithDbg|x64.ActiveCfg = ReleaseWithDbg|x64
		{B9848E9F-0DD5-43B3-9255-CA2B3BE05210}.ReleaseWithDbg|x64.Build.0 = ReleaseWithDbg|x64
		{B9848E9F-0DD5-43B3-9255-CA2B3BE05210}.ReleaseWithDbg|x86.ActiveCfg = ReleaseWithDbg|Win32
		{B9848E9F-0DD5-43B3-9255-CA2B3BE05210}.ReleaseWithDbg|x86.Build.0 = ReleaseWithDbg|Win32
		{BC4B7397-276E-4FD1-B8E7-CA367CF5AC4D}.Debug|x64.ActiveCfg = Debug|x64
		{BC4B7397-276E-4FD1-B8E7-CA367CF5AC4D}.Debug|x64.Build.0 = Debug|x64
		{BC4B7397-276E-4FD1-B8E7-CA367CF5AC4D}.Debug|x86.ActiveCfg = Debug|Win32
		{BC4B7397-276E-4FD1-B8E7-CA367CF5AC4D}.Debug|x86.Build.0 = Debug|Win32
		{BC4B7397-276E-4FD1-B8E7-CA367CF5AC4D}.Release|x64.ActiveCfg = Release|x64
		{BC4B7397-276E-4FD1-B8E7-CA367CF5AC4D}.Release|x64.Build.0 = Release|x64
		{BC4B7397-276E-4FD1-B8E7-CA367CF5AC4D}.Release|x86.ActiveCfg = Release|Win32
		{BC4B7397-276E-4FD1-B8E7-CA367CF5AC4D}.Release|x86.Build.0 = Release|Win32
		{BC4B7397-276E-4FD1-B8E7-CA367CF5AC4D}.ReleaseWithDbg|x64.ActiveCfg = ReleaseWithDbg|x64
		{BC4B7397-276E-4FD1-B8E7-CA367CF5AC4D}.ReleaseWithDbg|x64.Build.0 = ReleaseWithDbg|x64
		{BC4B7397-276E-4FD1-B8E7-CA367CF5AC4D}.ReleaseWithDbg|x86.ActiveCfg = ReleaseWithDbg|Win32
		{BC4B7397-276E-4FD1-B8E7-CA367CF5AC4D}.ReleaseWithDbg|x86.Build.0 = ReleaseWithDbg|Win32
		{D30CBE90-DD09-420E-A4AC-01FC2FFE19E0}.Debug|x64.ActiveCfg = Debug|x64
		{D30CBE90-DD09-420E-A4AC-01FC2FFE19E0}.Debug|x64.Build.0 = Debug|x64
		{D30CBE90-DD09-420E-A4AC-01FC2FFE19E0}.Debug|x86.ActiveCfg = Debug|Win32
		{D30CBE90-DD09-420E-A4AC-01FC2FFE19E0}.Debug|x86.Build.0 = Debug|Win32
		{D30CBE90-DD09-420E-A4AC-01FC2FFE19E0}.Release|x64.ActiveCfg = Release|x64
		{D30CBE90-DD09-420E-A4AC-01FC2FFE19E0}.Release|x64.Build.0 = Release|x64
		{D30CBE90-DD09-420E-A4AC-01FC2FFE19E0}.Release|x86.ActiveCfg = Release|Win32
		{D30CBE90-DD09-420E-A4AC-01FC2FFE19E0}.Release|x86.Build.0 = Release|Win32
		{D30CBE90-DD09-420E-A4AC-01FC2FFE19E0}.ReleaseWithDbg|x64.ActiveCfg = ReleaseWithDbg|x64
		{D30CBE90-DD09-420E-A4AC-01FC2FFE19E0}.ReleaseWithDbg|x64.Build.0 = ReleaseWithDbg|x64
		{D30CBE90-DD09-420E-A4AC-01FC2FFE19E0}.ReleaseWithDbg|x86.ActiveCfg = ReleaseWithDbg|Win32
		{D30CBE90-DD09-420E-A4AC-01FC2FFE19E0}.ReleaseWithDbg|x86.Build.0 = ReleaseWithDbg|Win32
		{A801C2D3-1595-40CE-BBD3-E91DDFC94AEF}.Debug|x64.ActiveCfg = Debug|x64
		{A801C2D3-1595-40CE-BBD3-E91DDFC94AEF}.Debug|x64.Build.0 = Debug|x64
		{A801C2D3-1595-40CE-BBD3-E91DDFC94AEF}.Debug|x86.ActiveCfg = Debug|Win32
		{A801C2D3-1595-40CE-BBD3-E91DDFC94AEF}.Debug|x86.Build.0 = Debug|Win32
		{A801C2D3-1595-40CE-BBD3-E91DDFC94AEF}.Release|x64.ActiveCfg = Release|x64
		{A801C2D3-1595-40CE-BBD3-E91DDFC94AEF}.Release|x64.Build.0 = Release|x64
		{A801C2D3-1595-40CE-BBD3-E91DDFC94AEF}.Release|x86.ActiveCfg = Release|Win32
		{A801C2D3-1595-40CE-BBD3-E91DDFC94AEF}.Release|x86.Build.0 = Release|Win32
		{A801C2D3-1595-40CE-BBD3-E91DDFC94AEF}.ReleaseWithDbg|x64.ActiveCfg = ReleaseWithDbg|x64
		{A801C2D3-1595-40CE-BBD3-E91DDFC94AEF}.ReleaseWithDbg|x64.Build.0 = ReleaseWithDbg|x64
		{A801C2D3-1595-40CE-BBD3-E91DDFC94AEF}.ReleaseWithDbg|x86.ActiveCfg = ReleaseWithDbg|Win32
		{A801C2D3-1595-40CE-BBD3-E91DDFC94AEF}.ReleaseWithDbg|x86.Build.0 = ReleaseWithDbg|Win32
		{1A0F9355-8480-4496-A81C-D498CA53BD01}.Debug|x64.ActiveCfg = Debug|x64
		{1A0F9355-8480-4496-A81C-D498CA53BD01}.Debug|x64.Build.0 = Debug|x64
		{1A0F9355-8480-4496-A81C-D498CA53BD01}.Debug|x86.ActiveCfg = Debug|Win32
		{1A0F9355-8480-4496-A81C-D498CA53BD01}.Debug|x86.Build.0 = Debug|Win32
		{1A0F9355-8480-4496-A81C-D498CA53BD01}.Release|x64.ActiveCfg = Release|x64
		{1A0F9355-8480-4496-A81C-D498CA53BD01}.Release|x64.Build.0 = Release|x64
		{1A0F9355-8480-4496-A81C-D498CA53BD01}.Release|x86.ActiveCfg = Release|Win32
		{1A0F9355-8480-4496-A81C-D498CA53BD01}.Release|x86.Build.0 = Release|Win32
		{1A0F9355-8480-4496-A81C-D498CA53BD01}.ReleaseWithDbg|x64.ActiveCfg = ReleaseWithDbg|x64
		{1A0F9355-8480-4496-A81C-D498CA53BD01}.ReleaseWithDbg|x64.Build.0 = ReleaseWithDbg|x64
		{1A0F9355-8480-4496-A81C-D498CA53BD01}.ReleaseWithDbg|x86.ActiveCfg = ReleaseWithDbg|Win32
		{1A0F9355-8480-4496-A81C-D498CA53BD01}.ReleaseWithDbg|x86.Build.0 = ReleaseWithDbg|Win32
		{FD063652-C4F8-47FC-B696-CE6BB6DBB949}.Debug|x64.ActiveCfg = Debug|x64
		{FD063652-C4F8-47FC-B696-CE6BB6DBB949}.Debug|x64.Build.0 = Debug|x64
		{FD063652-C4F8-47FC-B696-CE6BB6DBB949}.Debug|x86.ActiveCfg = Debug|Win32
		{FD063652-C4F8-47FC-B696-CE6BB6DBB949}.Debug|x86.Build.0 = Debug|Win32
		{FD063652-C4F8-47FC-B696-CE6BB6DBB949}.Release|x64.ActiveCfg = Release|x64
		{FD063652-C4F8-47FC-B696-CE6BB6DBB949}.Release|x64.Build.0 = Release|x64
		{FD063652-C4F8-47FC-B696-CE6BB6DBB949}.Release|x86.ActiveCfg = Release|Win32
		{FD063652-C4F8-47FC-B696-CE6BB6DBB949}.Release|x86.Build.0 = Release|Win32
		{FD063652-C4F8-47FC-B696-CE6BB6DBB949}.ReleaseWithDbg|x64.ActiveCfg = ReleaseWithDbg|x64
		{FD063652-C4F8-47FC-B696-CE6BB6DBB949}.ReleaseWithDbg|x64.Build.0 = ReleaseWithDbg|x64
		{FD063652-C4F8-47FC-B696-CE6BB6DBB949}.ReleaseWithDbg|x86.ActiveCfg = ReleaseWithDbg|Win32
		{FD063652-C4F8-47FC-B696-CE6BB6DBB949}.ReleaseWithDbg|x86.Build.0 = ReleaseWithDbg|Win32
		{29546BF3-E106-4F2A-9DAB-AC637745D56B}.Debug|x64.ActiveCfg = Debug|x64
		{29546BF3-E106-4F2A-9DAB-AC637745D56B}.Debug|x64.Build.0 = Debug|x64
		{29546BF3-E106-4F2A-9DAB-AC637745D56B}.Debug|x86.ActiveCfg = Debug|Win32
		{29546BF3-E106-4F2A-9DAB-AC637745D56B}.Debug|x86.Build.0 = Debug|Win32
		{29546BF3-E106-4F2A-9DAB-AC637745D56B}.Release|x64.ActiveCfg = Release|x64
		{29546BF3-E106-4F2A-9DAB-AC637745D56B}.Release|x64.Build.0 = Release|x64
		{29546BF3-E106-4F2A-9DAB-AC637745D56B}.Release|x86.ActiveCfg = Release|Win32
		{29546BF3-E106-4F2A-9DAB-AC637745D56B}.Release|x86.Build.0 = Release|Win32
		{29546BF3-E106-4F2A-9DAB-AC637745D56B}.ReleaseWithDbg|x64.ActiveCfg = ReleaseWithDbg|x64
		{29546BF3-E106-4F2A-9DAB-AC637745D56B}.ReleaseWithDbg|x64.Build.0 = ReleaseWithDbg|x64
		{29546BF3-E106-4F2A-9DAB-AC637745D56B}.ReleaseWithDbg|x86.ActiveCfg = ReleaseWithDbg|Win32
		{29546BF3-E106-4F2A-9DAB-AC637745D56B}.ReleaseWithDbg|x86.Build.0 = ReleaseWithDbg|Win32
		{1690E851-1424-484A-AE4A-CB998160BF18}.Debug|x64.ActiveCfg = Debug|x64
		{1690E851-1424-484A-AE4A-CB998160BF18}.Debug|x64.Build.0 = Debug|x64
		{1690E851-1424-484A-AE4A-CB998160BF18}.Debug|x86.ActiveCfg = Debug|Win32
		{1690E851-1424-484A-AE4A-CB998160BF18}.Debug|x86.Build.0 = Debug|Win32
		{1690E851-1424-484A-AE4A-CB998160BF18}.Release|x64.ActiveCfg = Release|x64
		{1690E851-1424-484A-AE4A-CB998160BF18}.Release|x64.Build.0 = Release|x64
		{1690E851-1424-484A-AE4A-CB998160BF18}.Release|x86.ActiveCfg = Release|Win32
		{1690E851-1424-484A-AE4A-CB998160BF18}.Release|x86.Build.0 = Release|Win32
		{1690E851-1424-484A-AE4A-CB998160BF18}.ReleaseWithDbg|x64.ActiveCfg = Release|x64
		{1690E851-1424-484A-AE4A-CB998160BF18}.ReleaseWithDbg|x64.Build.0 = Release|x64
		{1690E851-1424-484A-AE4A-CB998160BF18}.ReleaseWithDbg|x86.ActiveCfg = Release|Win32
		{1690E851-1424-484A-AE4A-CB998160BF18}.ReleaseWithDbg|x86.Build.0 = Release|Win32
	EndGlobalSection
	GlobalSection(SolutionProperties) = preSolution
		HideSolutionNode = FALSE
	EndGlobalSection
	GlobalSection(NestedProjects) = preSolution
		{A801C2D3-1595-40CE-BBD3-E91DDFC94AEF} = {B445D9C6-8AB1-4097-AA0A-18D555102E17}
		{1A0F9355-8480-4496-A81C-D498CA53BD01} = {B445D9C6-8AB1-4097-AA0A-18D555102E17}
		{FD063652-C4F8-47FC-B696-CE6BB6DBB949} = {B445D9C6-8AB1-4097-AA0A-18D555102E17}
		{29546BF3-E106-4F2A-9DAB-AC637745D56B} = {B445D9C6-8AB1-4097-AA0A-18D555102E17}
	EndGlobalSection
	GlobalSection(ExtensibilityGlobals) = postSolution
		SolutionGuid = {66AC159F-D2F5-48EA-ACFD-17E3536CBC6F}
	EndGlobalSection
EndGlobal
