
Microsoft Visual Studio Solution File, Format Version 12.00
# Visual Studio Version 17
Project("{8BC9CEB8-8B4A-11D0-8D11-00A0C91BC942}") = "ALL_BUILD", "ALL_BUILD.vcxproj", "{EC46204A-01A7-3327-96B5-AA466774117C}"
	ProjectSection(ProjectDependencies) = postProject
		{02EEFA63-D971-3CEF-BB90-1D292AC00739} = {02EEFA63-D971-3CEF-BB90-1D292AC00739}
		{58F6BF85-8B11-3FD6-AF67-3BE9D8A9C1F2} = {58F6BF85-8B11-3FD6-AF67-3BE9D8A9C1F2}
		{C4DDAADA-9996-3FD2-A7B7-31DB326BB163} = {C4DDAADA-9996-3FD2-A7B7-31DB326BB163}
		{44FEB428-B131-302B-B00E-276475A362F8} = {44FEB428-B131-302B-B00E-276475A362F8}
		{EF239169-E96D-341D-8675-5259097E8A25} = {EF239169-E96D-341D-8675-5259097E8A25}
		{B73C692B-14C1-3057-AE5F-F87E83BA3A42} = {B73C692B-14C1-3057-AE5F-F87E83BA3A42}
		{CDAC2A24-1B80-3F71-B2B0-C3567B70D8AD} = {CDAC2A24-1B80-3F71-B2B0-C3567B70D8AD}
	EndProjectSection
EndProject
Project("{8BC9CEB8-8B4A-11D0-8D11-00A0C91BC942}") = "AezeselFileIOLib", "AezeselFileIOLib\AezeselFileIOLib.vcxproj", "{02EEFA63-D971-3CEF-BB90-1D292AC00739}"
	ProjectSection(ProjectDependencies) = postProject
		{58F6BF85-8B11-3FD6-AF67-3BE9D8A9C1F2} = {58F6BF85-8B11-3FD6-AF67-3BE9D8A9C1F2}
		{C4DDAADA-9996-3FD2-A7B7-31DB326BB163} = {C4DDAADA-9996-3FD2-A7B7-31DB326BB163}
	EndProjectSection
EndProject
Project("{8BC9CEB8-8B4A-11D0-8D11-00A0C91BC942}") = "Continuous", "AezeselFileIOLib\lib\zipper\Continuous.vcxproj", "{D0E3B3A9-2B6B-3D3D-A666-C91D00DF79F5}"
	ProjectSection(ProjectDependencies) = postProject
		{C4DDAADA-9996-3FD2-A7B7-31DB326BB163} = {C4DDAADA-9996-3FD2-A7B7-31DB326BB163}
	EndProjectSection
EndProject
Project("{8BC9CEB8-8B4A-11D0-8D11-00A0C91BC942}") = "Experimental", "AezeselFileIOLib\lib\zipper\Experimental.vcxproj", "{16BE2B0D-D362-3525-9248-4B25CBE83652}"
	ProjectSection(ProjectDependencies) = postProject
		{C4DDAADA-9996-3FD2-A7B7-31DB326BB163} = {C4DDAADA-9996-3FD2-A7B7-31DB326BB163}
	EndProjectSection
EndProject
Project("{8BC9CEB8-8B4A-11D0-8D11-00A0C91BC942}") = "INSTALL", "INSTALL.vcxproj", "{71A179B1-93FE-3A42-B8A1-90764D751F0A}"
	ProjectSection(ProjectDependencies) = postProject
		{EC46204A-01A7-3327-96B5-AA466774117C} = {EC46204A-01A7-3327-96B5-AA466774117C}
		{C4DDAADA-9996-3FD2-A7B7-31DB326BB163} = {C4DDAADA-9996-3FD2-A7B7-31DB326BB163}
	EndProjectSection
EndProject
Project("{8BC9CEB8-8B4A-11D0-8D11-00A0C91BC942}") = "IyathuumCoreLib", "IyathuumCoreLib\IyathuumCoreLib.vcxproj", "{58F6BF85-8B11-3FD6-AF67-3BE9D8A9C1F2}"
	ProjectSection(ProjectDependencies) = postProject
		{C4DDAADA-9996-3FD2-A7B7-31DB326BB163} = {C4DDAADA-9996-3FD2-A7B7-31DB326BB163}
	EndProjectSection
EndProject
Project("{8BC9CEB8-8B4A-11D0-8D11-00A0C91BC942}") = "Nightly", "AezeselFileIOLib\lib\zipper\Nightly.vcxproj", "{E08F270B-2B68-3342-81AF-163202073979}"
	ProjectSection(ProjectDependencies) = postProject
		{C4DDAADA-9996-3FD2-A7B7-31DB326BB163} = {C4DDAADA-9996-3FD2-A7B7-31DB326BB163}
	EndProjectSection
EndProject
Project("{8BC9CEB8-8B4A-11D0-8D11-00A0C91BC942}") = "NightlyMemoryCheck", "AezeselFileIOLib\lib\zipper\NightlyMemoryCheck.vcxproj", "{20123CB4-A8C7-315C-8054-4546D1528F00}"
	ProjectSection(ProjectDependencies) = postProject
		{C4DDAADA-9996-3FD2-A7B7-31DB326BB163} = {C4DDAADA-9996-3FD2-A7B7-31DB326BB163}
	EndProjectSection
EndProject
Project("{8BC9CEB8-8B4A-11D0-8D11-00A0C91BC942}") = "PACKAGE", "PACKAGE.vcxproj", "{8FD258F9-95DF-388B-B626-A74AAAD21E05}"
	ProjectSection(ProjectDependencies) = postProject
		{EC46204A-01A7-3327-96B5-AA466774117C} = {EC46204A-01A7-3327-96B5-AA466774117C}
		{C4DDAADA-9996-3FD2-A7B7-31DB326BB163} = {C4DDAADA-9996-3FD2-A7B7-31DB326BB163}
	EndProjectSection
EndProject
Project("{8BC9CEB8-8B4A-11D0-8D11-00A0C91BC942}") = "ZERO_CHECK", "ZERO_CHECK.vcxproj", "{C4DDAADA-9996-3FD2-A7B7-31DB326BB163}"
	ProjectSection(ProjectDependencies) = postProject
	EndProjectSection
EndProject
Project("{8BC9CEB8-8B4A-11D0-8D11-00A0C91BC942}") = "Zipper", "AezeselFileIOLib\lib\zipper\Zipper.vcxproj", "{44FEB428-B131-302B-B00E-276475A362F8}"
	ProjectSection(ProjectDependencies) = postProject
		{C4DDAADA-9996-3FD2-A7B7-31DB326BB163} = {C4DDAADA-9996-3FD2-A7B7-31DB326BB163}
	EndProjectSection
EndProject
Project("{8BC9CEB8-8B4A-11D0-8D11-00A0C91BC942}") = "Zipper-static", "AezeselFileIOLib\lib\zipper\Zipper-static.vcxproj", "{EF239169-E96D-341D-8675-5259097E8A25}"
	ProjectSection(ProjectDependencies) = postProject
		{C4DDAADA-9996-3FD2-A7B7-31DB326BB163} = {C4DDAADA-9996-3FD2-A7B7-31DB326BB163}
	EndProjectSection
EndProject
Project("{8BC9CEB8-8B4A-11D0-8D11-00A0C91BC942}") = "Zipper-test", "AezeselFileIOLib\lib\zipper\Zipper-test.vcxproj", "{B73C692B-14C1-3057-AE5F-F87E83BA3A42}"
	ProjectSection(ProjectDependencies) = postProject
		{C4DDAADA-9996-3FD2-A7B7-31DB326BB163} = {C4DDAADA-9996-3FD2-A7B7-31DB326BB163}
		{CDAC2A24-1B80-3F71-B2B0-C3567B70D8AD} = {CDAC2A24-1B80-3F71-B2B0-C3567B70D8AD}
	EndProjectSection
EndProject
Project("{8BC9CEB8-8B4A-11D0-8D11-00A0C91BC942}") = "check", "AezeselFileIOLib\lib\zipper\check.vcxproj", "{1F6DA6AE-D2D3-3983-9D0C-3C443EA77DBC}"
	ProjectSection(ProjectDependencies) = postProject
		{C4DDAADA-9996-3FD2-A7B7-31DB326BB163} = {C4DDAADA-9996-3FD2-A7B7-31DB326BB163}
	EndProjectSection
EndProject
Project("{8BC9CEB8-8B4A-11D0-8D11-00A0C91BC942}") = "dist", "AezeselFileIOLib\lib\zipper\dist.vcxproj", "{00DD30BB-5447-3896-98A7-E931C9C53EEF}"
	ProjectSection(ProjectDependencies) = postProject
		{C4DDAADA-9996-3FD2-A7B7-31DB326BB163} = {C4DDAADA-9996-3FD2-A7B7-31DB326BB163}
	EndProjectSection
EndProject
Project("{8BC9CEB8-8B4A-11D0-8D11-00A0C91BC942}") = "staticZipper", "AezeselFileIOLib\lib\zipper\staticZipper.vcxproj", "{CDAC2A24-1B80-3F71-B2B0-C3567B70D8AD}"
	ProjectSection(ProjectDependencies) = postProject
		{C4DDAADA-9996-3FD2-A7B7-31DB326BB163} = {C4DDAADA-9996-3FD2-A7B7-31DB326BB163}
	EndProjectSection
EndProject
Global
	GlobalSection(SolutionConfigurationPlatforms) = preSolution
		Debug|x64 = Debug|x64
		Release|x64 = Release|x64
		MinSizeRel|x64 = MinSizeRel|x64
		RelWithDebInfo|x64 = RelWithDebInfo|x64
	EndGlobalSection
	GlobalSection(ProjectConfigurationPlatforms) = postSolution
		{EC46204A-01A7-3327-96B5-AA466774117C}.Debug|x64.ActiveCfg = Debug|x64
		{EC46204A-01A7-3327-96B5-AA466774117C}.Debug|x64.Build.0 = Debug|x64
		{EC46204A-01A7-3327-96B5-AA466774117C}.Release|x64.ActiveCfg = Release|x64
		{EC46204A-01A7-3327-96B5-AA466774117C}.Release|x64.Build.0 = Release|x64
		{EC46204A-01A7-3327-96B5-AA466774117C}.MinSizeRel|x64.ActiveCfg = MinSizeRel|x64
		{EC46204A-01A7-3327-96B5-AA466774117C}.MinSizeRel|x64.Build.0 = MinSizeRel|x64
		{EC46204A-01A7-3327-96B5-AA466774117C}.RelWithDebInfo|x64.ActiveCfg = RelWithDebInfo|x64
		{EC46204A-01A7-3327-96B5-AA466774117C}.RelWithDebInfo|x64.Build.0 = RelWithDebInfo|x64
		{02EEFA63-D971-3CEF-BB90-1D292AC00739}.Debug|x64.ActiveCfg = Debug|x64
		{02EEFA63-D971-3CEF-BB90-1D292AC00739}.Debug|x64.Build.0 = Debug|x64
		{02EEFA63-D971-3CEF-BB90-1D292AC00739}.Release|x64.ActiveCfg = Release|x64
		{02EEFA63-D971-3CEF-BB90-1D292AC00739}.Release|x64.Build.0 = Release|x64
		{02EEFA63-D971-3CEF-BB90-1D292AC00739}.MinSizeRel|x64.ActiveCfg = MinSizeRel|x64
		{02EEFA63-D971-3CEF-BB90-1D292AC00739}.MinSizeRel|x64.Build.0 = MinSizeRel|x64
		{02EEFA63-D971-3CEF-BB90-1D292AC00739}.RelWithDebInfo|x64.ActiveCfg = RelWithDebInfo|x64
		{02EEFA63-D971-3CEF-BB90-1D292AC00739}.RelWithDebInfo|x64.Build.0 = RelWithDebInfo|x64
		{D0E3B3A9-2B6B-3D3D-A666-C91D00DF79F5}.Debug|x64.ActiveCfg = Debug|x64
		{D0E3B3A9-2B6B-3D3D-A666-C91D00DF79F5}.Release|x64.ActiveCfg = Release|x64
		{D0E3B3A9-2B6B-3D3D-A666-C91D00DF79F5}.MinSizeRel|x64.ActiveCfg = MinSizeRel|x64
		{D0E3B3A9-2B6B-3D3D-A666-C91D00DF79F5}.RelWithDebInfo|x64.ActiveCfg = RelWithDebInfo|x64
		{16BE2B0D-D362-3525-9248-4B25CBE83652}.Debug|x64.ActiveCfg = Debug|x64
		{16BE2B0D-D362-3525-9248-4B25CBE83652}.Release|x64.ActiveCfg = Release|x64
		{16BE2B0D-D362-3525-9248-4B25CBE83652}.MinSizeRel|x64.ActiveCfg = MinSizeRel|x64
		{16BE2B0D-D362-3525-9248-4B25CBE83652}.RelWithDebInfo|x64.ActiveCfg = RelWithDebInfo|x64
		{71A179B1-93FE-3A42-B8A1-90764D751F0A}.Debug|x64.ActiveCfg = Debug|x64
		{71A179B1-93FE-3A42-B8A1-90764D751F0A}.Release|x64.ActiveCfg = Release|x64
		{71A179B1-93FE-3A42-B8A1-90764D751F0A}.MinSizeRel|x64.ActiveCfg = MinSizeRel|x64
		{71A179B1-93FE-3A42-B8A1-90764D751F0A}.RelWithDebInfo|x64.ActiveCfg = RelWithDebInfo|x64
		{58F6BF85-8B11-3FD6-AF67-3BE9D8A9C1F2}.Debug|x64.ActiveCfg = Debug|x64
		{58F6BF85-8B11-3FD6-AF67-3BE9D8A9C1F2}.Debug|x64.Build.0 = Debug|x64
		{58F6BF85-8B11-3FD6-AF67-3BE9D8A9C1F2}.Release|x64.ActiveCfg = Release|x64
		{58F6BF85-8B11-3FD6-AF67-3BE9D8A9C1F2}.Release|x64.Build.0 = Release|x64
		{58F6BF85-8B11-3FD6-AF67-3BE9D8A9C1F2}.MinSizeRel|x64.ActiveCfg = MinSizeRel|x64
		{58F6BF85-8B11-3FD6-AF67-3BE9D8A9C1F2}.MinSizeRel|x64.Build.0 = MinSizeRel|x64
		{58F6BF85-8B11-3FD6-AF67-3BE9D8A9C1F2}.RelWithDebInfo|x64.ActiveCfg = RelWithDebInfo|x64
		{58F6BF85-8B11-3FD6-AF67-3BE9D8A9C1F2}.RelWithDebInfo|x64.Build.0 = RelWithDebInfo|x64
		{E08F270B-2B68-3342-81AF-163202073979}.Debug|x64.ActiveCfg = Debug|x64
		{E08F270B-2B68-3342-81AF-163202073979}.Release|x64.ActiveCfg = Release|x64
		{E08F270B-2B68-3342-81AF-163202073979}.MinSizeRel|x64.ActiveCfg = MinSizeRel|x64
		{E08F270B-2B68-3342-81AF-163202073979}.RelWithDebInfo|x64.ActiveCfg = RelWithDebInfo|x64
		{20123CB4-A8C7-315C-8054-4546D1528F00}.Debug|x64.ActiveCfg = Debug|x64
		{20123CB4-A8C7-315C-8054-4546D1528F00}.Release|x64.ActiveCfg = Release|x64
		{20123CB4-A8C7-315C-8054-4546D1528F00}.MinSizeRel|x64.ActiveCfg = MinSizeRel|x64
		{20123CB4-A8C7-315C-8054-4546D1528F00}.RelWithDebInfo|x64.ActiveCfg = RelWithDebInfo|x64
		{8FD258F9-95DF-388B-B626-A74AAAD21E05}.Debug|x64.ActiveCfg = Debug|x64
		{8FD258F9-95DF-388B-B626-A74AAAD21E05}.Release|x64.ActiveCfg = Release|x64
		{8FD258F9-95DF-388B-B626-A74AAAD21E05}.MinSizeRel|x64.ActiveCfg = MinSizeRel|x64
		{8FD258F9-95DF-388B-B626-A74AAAD21E05}.RelWithDebInfo|x64.ActiveCfg = RelWithDebInfo|x64
		{C4DDAADA-9996-3FD2-A7B7-31DB326BB163}.Debug|x64.ActiveCfg = Debug|x64
		{C4DDAADA-9996-3FD2-A7B7-31DB326BB163}.Debug|x64.Build.0 = Debug|x64
		{C4DDAADA-9996-3FD2-A7B7-31DB326BB163}.Release|x64.ActiveCfg = Release|x64
		{C4DDAADA-9996-3FD2-A7B7-31DB326BB163}.Release|x64.Build.0 = Release|x64
		{C4DDAADA-9996-3FD2-A7B7-31DB326BB163}.MinSizeRel|x64.ActiveCfg = MinSizeRel|x64
		{C4DDAADA-9996-3FD2-A7B7-31DB326BB163}.MinSizeRel|x64.Build.0 = MinSizeRel|x64
		{C4DDAADA-9996-3FD2-A7B7-31DB326BB163}.RelWithDebInfo|x64.ActiveCfg = RelWithDebInfo|x64
		{C4DDAADA-9996-3FD2-A7B7-31DB326BB163}.RelWithDebInfo|x64.Build.0 = RelWithDebInfo|x64
		{44FEB428-B131-302B-B00E-276475A362F8}.Debug|x64.ActiveCfg = Debug|x64
		{44FEB428-B131-302B-B00E-276475A362F8}.Debug|x64.Build.0 = Debug|x64
		{44FEB428-B131-302B-B00E-276475A362F8}.Release|x64.ActiveCfg = Release|x64
		{44FEB428-B131-302B-B00E-276475A362F8}.Release|x64.Build.0 = Release|x64
		{44FEB428-B131-302B-B00E-276475A362F8}.MinSizeRel|x64.ActiveCfg = MinSizeRel|x64
		{44FEB428-B131-302B-B00E-276475A362F8}.MinSizeRel|x64.Build.0 = MinSizeRel|x64
		{44FEB428-B131-302B-B00E-276475A362F8}.RelWithDebInfo|x64.ActiveCfg = RelWithDebInfo|x64
		{44FEB428-B131-302B-B00E-276475A362F8}.RelWithDebInfo|x64.Build.0 = RelWithDebInfo|x64
		{EF239169-E96D-341D-8675-5259097E8A25}.Debug|x64.ActiveCfg = Debug|x64
		{EF239169-E96D-341D-8675-5259097E8A25}.Debug|x64.Build.0 = Debug|x64
		{EF239169-E96D-341D-8675-5259097E8A25}.Release|x64.ActiveCfg = Release|x64
		{EF239169-E96D-341D-8675-5259097E8A25}.Release|x64.Build.0 = Release|x64
		{EF239169-E96D-341D-8675-5259097E8A25}.MinSizeRel|x64.ActiveCfg = MinSizeRel|x64
		{EF239169-E96D-341D-8675-5259097E8A25}.MinSizeRel|x64.Build.0 = MinSizeRel|x64
		{EF239169-E96D-341D-8675-5259097E8A25}.RelWithDebInfo|x64.ActiveCfg = RelWithDebInfo|x64
		{EF239169-E96D-341D-8675-5259097E8A25}.RelWithDebInfo|x64.Build.0 = RelWithDebInfo|x64
		{B73C692B-14C1-3057-AE5F-F87E83BA3A42}.Debug|x64.ActiveCfg = Debug|x64
		{B73C692B-14C1-3057-AE5F-F87E83BA3A42}.Debug|x64.Build.0 = Debug|x64
		{B73C692B-14C1-3057-AE5F-F87E83BA3A42}.Release|x64.ActiveCfg = Release|x64
		{B73C692B-14C1-3057-AE5F-F87E83BA3A42}.Release|x64.Build.0 = Release|x64
		{B73C692B-14C1-3057-AE5F-F87E83BA3A42}.MinSizeRel|x64.ActiveCfg = MinSizeRel|x64
		{B73C692B-14C1-3057-AE5F-F87E83BA3A42}.MinSizeRel|x64.Build.0 = MinSizeRel|x64
		{B73C692B-14C1-3057-AE5F-F87E83BA3A42}.RelWithDebInfo|x64.ActiveCfg = RelWithDebInfo|x64
		{B73C692B-14C1-3057-AE5F-F87E83BA3A42}.RelWithDebInfo|x64.Build.0 = RelWithDebInfo|x64
		{1F6DA6AE-D2D3-3983-9D0C-3C443EA77DBC}.Debug|x64.ActiveCfg = Debug|x64
		{1F6DA6AE-D2D3-3983-9D0C-3C443EA77DBC}.Release|x64.ActiveCfg = Release|x64
		{1F6DA6AE-D2D3-3983-9D0C-3C443EA77DBC}.MinSizeRel|x64.ActiveCfg = MinSizeRel|x64
		{1F6DA6AE-D2D3-3983-9D0C-3C443EA77DBC}.RelWithDebInfo|x64.ActiveCfg = RelWithDebInfo|x64
		{00DD30BB-5447-3896-98A7-E931C9C53EEF}.Debug|x64.ActiveCfg = Debug|x64
		{00DD30BB-5447-3896-98A7-E931C9C53EEF}.Release|x64.ActiveCfg = Release|x64
		{00DD30BB-5447-3896-98A7-E931C9C53EEF}.MinSizeRel|x64.ActiveCfg = MinSizeRel|x64
		{00DD30BB-5447-3896-98A7-E931C9C53EEF}.RelWithDebInfo|x64.ActiveCfg = RelWithDebInfo|x64
		{CDAC2A24-1B80-3F71-B2B0-C3567B70D8AD}.Debug|x64.ActiveCfg = Debug|x64
		{CDAC2A24-1B80-3F71-B2B0-C3567B70D8AD}.Debug|x64.Build.0 = Debug|x64
		{CDAC2A24-1B80-3F71-B2B0-C3567B70D8AD}.Release|x64.ActiveCfg = Release|x64
		{CDAC2A24-1B80-3F71-B2B0-C3567B70D8AD}.Release|x64.Build.0 = Release|x64
		{CDAC2A24-1B80-3F71-B2B0-C3567B70D8AD}.MinSizeRel|x64.ActiveCfg = MinSizeRel|x64
		{CDAC2A24-1B80-3F71-B2B0-C3567B70D8AD}.MinSizeRel|x64.Build.0 = MinSizeRel|x64
		{CDAC2A24-1B80-3F71-B2B0-C3567B70D8AD}.RelWithDebInfo|x64.ActiveCfg = RelWithDebInfo|x64
		{CDAC2A24-1B80-3F71-B2B0-C3567B70D8AD}.RelWithDebInfo|x64.Build.0 = RelWithDebInfo|x64
	EndGlobalSection
	GlobalSection(ExtensibilityGlobals) = postSolution
		SolutionGuid = {67FA068E-B64E-34AD-BA12-7DDC3BB42642}
	EndGlobalSection
	GlobalSection(ExtensibilityAddIns) = postSolution
	EndGlobalSection
EndGlobal
