<?xml version="1.0" encoding="utf-8"?>
<Project ToolsVersion="4.0" xmlns="http://schemas.microsoft.com/developer/msbuild/2003">
  <ItemGroup>
    <Filter Include="Source Files">
      <UniqueIdentifier>{4FC737F1-C7A5-4376-A066-2A32D752A2FF}</UniqueIdentifier>
      <Extensions>cpp;c;cc;cxx;c++;cppm;ixx;def;odl;idl;hpj;bat;asm;asmx</Extensions>
    </Filter>
    <Filter Include="Header Files">
      <UniqueIdentifier>{93995380-89BD-4b04-88EB-625FBE52EBFB}</UniqueIdentifier>
      <Extensions>h;hh;hpp;hxx;h++;hm;inl;inc;ipp;xsd</Extensions>
    </Filter>
    <Filter Include="Resource Files">
      <UniqueIdentifier>{67DA6AB6-F800-4c08-8B7A-83BB121AAD01}</UniqueIdentifier>
      <Extensions>rc;ico;cur;bmp;dlg;rc2;rct;bin;rgs;gif;jpg;jpeg;jpe;resx;tiff;tif;png;wav;mfcribbon-ms</Extensions>
    </Filter>
    <Filter Include="Source Files\Game">
      <UniqueIdentifier>{4ad780a0-c765-44e1-b4da-70a33e41aa9f}</UniqueIdentifier>
    </Filter>
    <Filter Include="Header Files\Game">
      <UniqueIdentifier>{b593fec5-c5d9-4640-977c-53fa74b1aa8c}</UniqueIdentifier>
    </Filter>
    <Filter Include="Header Files\Unit">
      <UniqueIdentifier>{5c937c74-0609-4e13-b5cc-c98b756baba5}</UniqueIdentifier>
    </Filter>
    <Filter Include="Source Files\Unit">
      <UniqueIdentifier>{001ccc59-dd5e-4800-a193-ce6fe58a9806}</UniqueIdentifier>
    </Filter>
    <Filter Include="Source Files\Formation">
      <UniqueIdentifier>{dd5f31da-e22e-4b75-8323-2eae76edafc4}</UniqueIdentifier>
    </Filter>
    <Filter Include="Header Files\Formation">
      <UniqueIdentifier>{3a0ac78b-f30a-46b8-b970-993ad53343be}</UniqueIdentifier>
    </Filter>
    <Filter Include="Source Files\Formation\Shapes">
      <UniqueIdentifier>{527b7c02-5223-4e20-82b3-9903dca4f170}</UniqueIdentifier>
    </Filter>
    <Filter Include="Header Files\Formation\Shapes">
      <UniqueIdentifier>{3deaacb1-b30a-42f3-9cde-a30124cc518d}</UniqueIdentifier>
    </Filter>
  </ItemGroup>
  <ItemGroup>
    <ClCompile Include="main.cpp">
      <Filter>Source Files</Filter>
    </ClCompile>
    <ClCompile Include="World.cpp">
      <Filter>Source Files</Filter>
    </ClCompile>
    <ClCompile Include="Config.cpp">
      <Filter>Source Files</Filter>
    </ClCompile>
    <ClCompile Include="PhysicsDebugView.cpp">
      <Filter>Source Files</Filter>
    </ClCompile>
    <ClCompile Include="Spheres.cpp">
      <Filter>Source Files</Filter>
    </ClCompile>
    <ClCompile Include="NavigationUI.cpp">
      <Filter>Source Files</Filter>
    </ClCompile>
    <ClCompile Include="UnitsOld.cpp">
      <Filter>Source Files</Filter>
    </ClCompile>
    <ClCompile Include="UnitsVisualization.cpp">
      <Filter>Source Files</Filter>
    </ClCompile>
    <ClCompile Include="DriveInterface.cpp">
      <Filter>Source Files</Filter>
    </ClCompile>
    <ClCompile Include="Game\Game.cpp">
      <Filter>Source Files\Game</Filter>
    </ClCompile>
    <ClCompile Include="Game\Overlay.cpp">
      <Filter>Source Files\Game</Filter>
    </ClCompile>
    <ClCompile Include="Game\Terrain.cpp">
      <Filter>Source Files\Game</Filter>
    </ClCompile>
    <ClCompile Include="Game\Visualization.cpp">
      <Filter>Source Files\Game</Filter>
    </ClCompile>
    <ClCompile Include="Game\Physic.cpp">
      <Filter>Source Files\Game</Filter>
    </ClCompile>
    <ClCompile Include="Game\Database.cpp">
      <Filter>Source Files\Game</Filter>
    </ClCompile>
    <ClCompile Include="Game\Units.cpp">
      <Filter>Source Files\Game</Filter>
    </ClCompile>
    <ClCompile Include="Game\Control.cpp">
      <Filter>Source Files\Game</Filter>
    </ClCompile>
    <ClCompile Include="Unit\Unit.cpp">
      <Filter>Source Files\Unit</Filter>
    </ClCompile>
    <ClCompile Include="Unit\WheeledSteeringAgent.cpp">
      <Filter>Source Files\Unit</Filter>
    </ClCompile>
    <ClCompile Include="Unit\UnitConstructor.cpp">
      <Filter>Source Files\Unit</Filter>
    </ClCompile>
    <ClCompile Include="Formation\FormationDialog.cpp">
      <Filter>Source Files\Formation</Filter>
    </ClCompile>
    <ClCompile Include="Game\NonGame.cpp">
      <Filter>Source Files\Game</Filter>
    </ClCompile>
    <ClCompile Include="Formation\FormationWidget.cpp">
      <Filter>Source Files\Formation</Filter>
    </ClCompile>
    <ClCompile Include="Formation\Shapes\CircleShape.cpp">
      <Filter>Source Files\Formation\Shapes</Filter>
    </ClCompile>
    <ClCompile Include="Formation\Shapes\FormationShape.cpp">
      <Filter>Source Files\Formation\Shapes</Filter>
    </ClCompile>
    <ClCompile Include="Formation\Shapes\RectangleShape.cpp">
      <Filter>Source Files\Formation\Shapes</Filter>
    </ClCompile>
    <ClCompile Include="Formation\Shapes\TriangleShape.cpp">
      <Filter>Source Files\Formation\Shapes</Filter>
    </ClCompile>
    <ClCompile Include="Formation\Selector.cpp">
      <Filter>Source Files\Formation</Filter>
    </ClCompile>
  </ItemGroup>
  <ItemGroup>
    <ClInclude Include="World.h">
      <Filter>Header Files</Filter>
    </ClInclude>
    <ClInclude Include="Config.h">
      <Filter>Header Files</Filter>
    </ClInclude>
    <ClInclude Include="PhysicsDebugView.h">
      <Filter>Header Files</Filter>
    </ClInclude>
    <ClInclude Include="Spheres.h">
      <Filter>Header Files</Filter>
    </ClInclude>
    <ClInclude Include="NavigationUI.h">
      <Filter>Header Files</Filter>
    </ClInclude>
    <ClInclude Include="UnitsOld.h">
      <Filter>Header Files</Filter>
    </ClInclude>
    <ClInclude Include="UnitsVisualization.h">
      <Filter>Header Files</Filter>
    </ClInclude>
    <ClInclude Include="DriveInterface.h">
      <Filter>Header Files</Filter>
    </ClInclude>
    <ClInclude Include="Game\Terrain.h">
      <Filter>Header Files\Game</Filter>
    </ClInclude>
    <ClInclude Include="Game\Game.h">
      <Filter>Header Files\Game</Filter>
    </ClInclude>
    <ClInclude Include="Game\Overlay.h">
      <Filter>Header Files\Game</Filter>
    </ClInclude>
    <ClInclude Include="Game\Visualization.h">
      <Filter>Header Files\Game</Filter>
    </ClInclude>
    <ClInclude Include="Game\Physic.h">
      <Filter>Header Files\Game</Filter>
    </ClInclude>
    <ClInclude Include="Game\Database.h">
      <Filter>Header Files\Game</Filter>
    </ClInclude>
    <ClInclude Include="Game\Units.h">
      <Filter>Header Files\Game</Filter>
    </ClInclude>
    <ClInclude Include="Game\Control.h">
      <Filter>Header Files\Game</Filter>
    </ClInclude>
    <ClInclude Include="Unit\Unit.h">
      <Filter>Header Files\Unit</Filter>
    </ClInclude>
    <ClInclude Include="Unit\WheeledSteeringAgent.h">
      <Filter>Header Files\Unit</Filter>
    </ClInclude>
    <ClInclude Include="Unit\UnitConstructor.h">
      <Filter>Header Files\Unit</Filter>
    </ClInclude>
    <ClInclude Include="Unit\UnitAgentInterface.h">
      <Filter>Header Files\Unit</Filter>
    </ClInclude>
    <ClInclude Include="Formation\FormationDialog.h">
      <Filter>Header Files\Formation</Filter>
    </ClInclude>
    <ClInclude Include="Game\NonGame.h">
      <Filter>Header Files\Game</Filter>
    </ClInclude>
    <ClInclude Include="Formation\FormationWidget.h">
      <Filter>Header Files\Formation</Filter>
    </ClInclude>
    <ClInclude Include="Formation\Shapes\FormationShape.h">
      <Filter>Header Files\Formation\Shapes</Filter>
    </ClInclude>
    <ClInclude Include="Formation\Shapes\CircleShape.h">
      <Filter>Header Files\Formation\Shapes</Filter>
    </ClInclude>
    <ClInclude Include="Formation\Shapes\RectangleShape.h">
      <Filter>Header Files\Formation\Shapes</Filter>
    </ClInclude>
    <ClInclude Include="Formation\Shapes\TriangleShape.h">
      <Filter>Header Files\Formation\Shapes</Filter>
    </ClInclude>
    <ClInclude Include="Formation\Selector.h">
      <Filter>Header Files\Formation</Filter>
    </ClInclude>
  </ItemGroup>
</Project>