<?xml version="1.0" encoding="utf-8"?>
<Project ToolsVersion="4.0" xmlns="http://schemas.microsoft.com/developer/msbuild/2003">
  <ItemGroup>
    <Filter Include="Source Files">
      <UniqueIdentifier>{4FC737F1-C7A5-4376-A066-2A32D752A2FF}</UniqueIdentifier>
      <Extensions>cpp;c;cc;cxx;c++;def;odl;idl;hpj;bat;asm;asmx</Extensions>
    </Filter>
    <Filter Include="Header Files">
      <UniqueIdentifier>{93995380-89BD-4b04-88EB-625FBE52EBFB}</UniqueIdentifier>
      <Extensions>h;hh;hpp;hxx;h++;hm;inl;inc;ipp;xsd</Extensions>
    </Filter>
    <Filter Include="Resource Files">
      <UniqueIdentifier>{67DA6AB6-F800-4c08-8B7A-83BB121AAD01}</UniqueIdentifier>
      <Extensions>rc;ico;cur;bmp;dlg;rc2;rct;bin;rgs;gif;jpg;jpeg;jpe;resx;tiff;tif;png;wav;mfcribbon-ms</Extensions>
    </Filter>
    <Filter Include="Header Files\Serializable">
      <UniqueIdentifier>{5ead0f30-6bb6-403b-9c9c-f503e152eec2}</UniqueIdentifier>
    </Filter>
    <Filter Include="enet">
      <UniqueIdentifier>{d4926f6b-fa89-4250-9dc4-d57f63375447}</UniqueIdentifier>
    </Filter>
    <Filter Include="Source Files\Serializable">
      <UniqueIdentifier>{e558ec99-078e-4e31-9171-b6249333b289}</UniqueIdentifier>
    </Filter>
    <Filter Include="Header Files\Protocoll">
      <UniqueIdentifier>{c48ea18f-b859-416c-9692-17c4433208f9}</UniqueIdentifier>
    </Filter>
    <Filter Include="Source Files\Protocoll">
      <UniqueIdentifier>{bb0edbd3-0e20-4335-a66c-b53500b96b67}</UniqueIdentifier>
    </Filter>
  </ItemGroup>
  <ItemGroup>
    <ClInclude Include="Serializable\Message.h">
      <Filter>Header Files\Serializable</Filter>
    </ClInclude>
    <ClInclude Include="enet\protocol.h">
      <Filter>enet</Filter>
    </ClInclude>
    <ClInclude Include="enet\time.h">
      <Filter>enet</Filter>
    </ClInclude>
    <ClInclude Include="enet\types.h">
      <Filter>enet</Filter>
    </ClInclude>
    <ClInclude Include="enet\unix.h">
      <Filter>enet</Filter>
    </ClInclude>
    <ClInclude Include="enet\utility.h">
      <Filter>enet</Filter>
    </ClInclude>
    <ClInclude Include="enet\win32.h">
      <Filter>enet</Filter>
    </ClInclude>
    <ClInclude Include="enet\callbacks.h">
      <Filter>enet</Filter>
    </ClInclude>
    <ClInclude Include="enet\enet.h">
      <Filter>enet</Filter>
    </ClInclude>
    <ClInclude Include="enet\list.h">
      <Filter>enet</Filter>
    </ClInclude>
    <ClInclude Include="Connection.h">
      <Filter>Header Files</Filter>
    </ClInclude>
    <ClInclude Include="Serialization.h">
      <Filter>Header Files</Filter>
    </ClInclude>
    <ClInclude Include="json_fwd.hpp">
      <Filter>Header Files</Filter>
    </ClInclude>
    <ClInclude Include="json.hpp">
      <Filter>Header Files</Filter>
    </ClInclude>
    <ClInclude Include="readerwriterqueue.h">
      <Filter>Header Files</Filter>
    </ClInclude>
    <ClInclude Include="atomicops.h">
      <Filter>Header Files</Filter>
    </ClInclude>
    <ClInclude Include="concurrentqueue.h">
      <Filter>Header Files</Filter>
    </ClInclude>
    <ClInclude Include="Serializable\GameJoinRequestAnswer.h">
      <Filter>Header Files\Serializable</Filter>
    </ClInclude>
    <ClInclude Include="Serializable\GameOptionsUpdate.h">
      <Filter>Header Files\Serializable</Filter>
    </ClInclude>
    <ClInclude Include="Serializable\LobbyBriefing.h">
      <Filter>Header Files\Serializable</Filter>
    </ClInclude>
    <ClInclude Include="Serializable\LobbyStateUpdate.h">
      <Filter>Header Files\Serializable</Filter>
    </ClInclude>
    <ClInclude Include="Serializable\LobbyUpdateRequest.h">
      <Filter>Header Files\Serializable</Filter>
    </ClInclude>
    <ClInclude Include="Serializable\SelfBriefing.h">
      <Filter>Header Files\Serializable</Filter>
    </ClInclude>
    <ClInclude Include="Serializable\GameBriefing.h">
      <Filter>Header Files\Serializable</Filter>
    </ClInclude>
    <ClInclude Include="Serializable\GameJoinRequest.h">
      <Filter>Header Files\Serializable</Filter>
    </ClInclude>
    <ClInclude Include="Protocoll\EnterGameLobby.h">
      <Filter>Header Files\Protocoll</Filter>
    </ClInclude>
    <ClInclude Include="Protocoll\Protocoll.h">
      <Filter>Header Files\Protocoll</Filter>
    </ClInclude>
    <ClInclude Include="Protocoll\SitInGameLobby.h">
      <Filter>Header Files\Protocoll</Filter>
    </ClInclude>
    <ClInclude Include="Protocoll\SitInLobby.h">
      <Filter>Header Files\Protocoll</Filter>
    </ClInclude>
    <ClInclude Include="Protocoll\StartGame.h">
      <Filter>Header Files\Protocoll</Filter>
    </ClInclude>
    <ClInclude Include="Serializable\GameRoomPlayer.h">
      <Filter>Header Files\Serializable</Filter>
    </ClInclude>
    <ClInclude Include="Serializable\PlayerJoined.h">
      <Filter>Header Files\Serializable</Filter>
    </ClInclude>
    <ClInclude Include="SerializationFactory.h">
      <Filter>Header Files</Filter>
    </ClInclude>
    <ClInclude Include="Serializable\GameDescription.h">
      <Filter>Header Files\Serializable</Filter>
    </ClInclude>
    <ClInclude Include="Serializable\NatPierceRequest.h">
      <Filter>Header Files\Serializable</Filter>
    </ClInclude>
    <ClInclude Include="Serializable\CreateGameRequest.h">
      <Filter>Header Files\Serializable</Filter>
    </ClInclude>
    <ClInclude Include="Serializable\LobbyGame.h">
      <Filter>Header Files\Serializable</Filter>
    </ClInclude>
    <ClInclude Include="BinaryPackage.h">
      <Filter>Header Files</Filter>
    </ClInclude>
    <ClInclude Include="Protocoll\EnterLobby_Client.h">
      <Filter>Header Files\Protocoll</Filter>
    </ClInclude>
    <ClInclude Include="Protocoll\EnterLobby_Server.h">
      <Filter>Header Files\Protocoll</Filter>
    </ClInclude>
  </ItemGroup>
  <ItemGroup>
    <ClCompile Include="Connection.cpp">
      <Filter>Source Files</Filter>
    </ClCompile>
    <ClCompile Include="Serialization.cpp">
      <Filter>Source Files</Filter>
    </ClCompile>
    <ClCompile Include="Serializable\Message.cpp">
      <Filter>Source Files\Serializable</Filter>
    </ClCompile>
    <ClCompile Include="Serializable\GameBriefing.cpp">
      <Filter>Source Files\Serializable</Filter>
    </ClCompile>
    <ClCompile Include="Serializable\GameJoinRequest.cpp">
      <Filter>Source Files\Serializable</Filter>
    </ClCompile>
    <ClCompile Include="Serializable\GameJoinRequestAnswer.cpp">
      <Filter>Source Files\Serializable</Filter>
    </ClCompile>
    <ClCompile Include="Serializable\GameOptionsUpdate.cpp">
      <Filter>Source Files\Serializable</Filter>
    </ClCompile>
    <ClCompile Include="Serializable\LobbyBriefing.cpp">
      <Filter>Source Files\Serializable</Filter>
    </ClCompile>
    <ClCompile Include="Serializable\LobbyStateUpdate.cpp">
      <Filter>Source Files\Serializable</Filter>
    </ClCompile>
    <ClCompile Include="Serializable\LobbyUpdateRequest.cpp">
      <Filter>Source Files\Serializable</Filter>
    </ClCompile>
    <ClCompile Include="Protocoll\StartGame.cpp">
      <Filter>Source Files\Protocoll</Filter>
    </ClCompile>
    <ClCompile Include="Protocoll\EnterGameLobby.cpp">
      <Filter>Source Files\Protocoll</Filter>
    </ClCompile>
    <ClCompile Include="Protocoll\Protocoll.cpp">
      <Filter>Source Files\Protocoll</Filter>
    </ClCompile>
    <ClCompile Include="Protocoll\SitInGameLobby.cpp">
      <Filter>Source Files\Protocoll</Filter>
    </ClCompile>
    <ClCompile Include="Protocoll\SitInLobby.cpp">
      <Filter>Source Files\Protocoll</Filter>
    </ClCompile>
    <ClCompile Include="Serializable\GameRoomPlayer.cpp">
      <Filter>Source Files\Protocoll</Filter>
    </ClCompile>
    <ClCompile Include="Serializable\PlayerJoined.cpp">
      <Filter>Source Files\Serializable</Filter>
    </ClCompile>
    <ClCompile Include="Serializable\SelfBriefing.cpp">
      <Filter>Source Files\Serializable</Filter>
    </ClCompile>
    <ClCompile Include="SerializationFactory.cpp">
      <Filter>Source Files</Filter>
    </ClCompile>
    <ClCompile Include="Serializable\GameDescription.cpp">
      <Filter>Source Files\Serializable</Filter>
    </ClCompile>
    <ClCompile Include="Serializable\NatPierceRequest.cpp">
      <Filter>Source Files\Serializable</Filter>
    </ClCompile>
    <ClCompile Include="Serializable\CreateGameRequest.cpp">
      <Filter>Source Files\Serializable</Filter>
    </ClCompile>
    <ClCompile Include="Serializable\LobbyGame.cpp">
      <Filter>Source Files\Serializable</Filter>
    </ClCompile>
    <ClCompile Include="Protocoll\EnterLobby_Server.cpp">
      <Filter>Source Files\Protocoll</Filter>
    </ClCompile>
    <ClCompile Include="Protocoll\EnterLobby_Client.cpp">
      <Filter>Source Files\Protocoll</Filter>
    </ClCompile>
  </ItemGroup>
</Project>