<?xml version="1.0" encoding="utf-8"?>
<Project ToolsVersion="4.0" xmlns="http://schemas.microsoft.com/developer/msbuild/2003">
  <ItemGroup>
    <Filter Include="Source Files">
      <UniqueIdentifier>{4FC737F1-C7A5-4376-A066-2A32D752A2FF}</UniqueIdentifier>
      <Extensions>cpp;c;cc;cxx;c++;cppm;ixx;def;odl;idl;hpj;bat;asm;asmx</Extensions>
    </Filter>
    <Filter Include="Header Files">
      <UniqueIdentifier>{93995380-89BD-4b04-88EB-625FBE52EBFB}</UniqueIdentifier>
      <Extensions>h;hh;hpp;hxx;h++;hm;inl;inc;ipp;xsd</Extensions>
    </Filter>
    <Filter Include="Resource Files">
      <UniqueIdentifier>{67DA6AB6-F800-4c08-8B7A-83BB121AAD01}</UniqueIdentifier>
      <Extensions>rc;ico;cur;bmp;dlg;rc2;rct;bin;rgs;gif;jpg;jpeg;jpe;resx;tiff;tif;png;wav;mfcribbon-ms</Extensions>
    </Filter>
    <Filter Include="lib">
      <UniqueIdentifier>{c6b529ad-2c71-411f-a491-17cbf66abe3c}</UniqueIdentifier>
    </Filter>
    <Filter Include="lualib">
      <UniqueIdentifier>{1327c5b5-6fe7-41a4-9e3a-d932823b8522}</UniqueIdentifier>
    </Filter>
    <Filter Include="lib\lua">
      <UniqueIdentifier>{ecd84f98-f2d4-4dd1-8f14-aab930b9d8d4}</UniqueIdentifier>
    </Filter>
  </ItemGroup>
  <ItemGroup>
    <ClInclude Include="ScriptEngine.h">
      <Filter>Header Files</Filter>
    </ClInclude>
    <ClInclude Include="lib\json_fwd.hpp">
      <Filter>lib</Filter>
    </ClInclude>
    <ClInclude Include="lib\json.hpp">
      <Filter>lib</Filter>
    </ClInclude>
    <ClInclude Include="lib\lua\lcode.h">
      <Filter>lib\lua</Filter>
    </ClInclude>
    <ClInclude Include="lib\lua\lctype.h">
      <Filter>lib\lua</Filter>
    </ClInclude>
    <ClInclude Include="lib\lua\ldebug.h">
      <Filter>lib\lua</Filter>
    </ClInclude>
    <ClInclude Include="lib\lua\ldo.h">
      <Filter>lib\lua</Filter>
    </ClInclude>
    <ClInclude Include="lib\lua\lfunc.h">
      <Filter>lib\lua</Filter>
    </ClInclude>
    <ClInclude Include="lib\lua\lgc.h">
      <Filter>lib\lua</Filter>
    </ClInclude>
    <ClInclude Include="lib\lua\ljumptab.h">
      <Filter>lib\lua</Filter>
    </ClInclude>
    <ClInclude Include="lib\lua\llex.h">
      <Filter>lib\lua</Filter>
    </ClInclude>
    <ClInclude Include="lib\lua\llimits.h">
      <Filter>lib\lua</Filter>
    </ClInclude>
    <ClInclude Include="lib\lua\lmem.h">
      <Filter>lib\lua</Filter>
    </ClInclude>
    <ClInclude Include="lib\lua\lobject.h">
      <Filter>lib\lua</Filter>
    </ClInclude>
    <ClInclude Include="lib\lua\lopcodes.h">
      <Filter>lib\lua</Filter>
    </ClInclude>
    <ClInclude Include="lib\lua\lopnames.h">
      <Filter>lib\lua</Filter>
    </ClInclude>
    <ClInclude Include="lib\lua\lparser.h">
      <Filter>lib\lua</Filter>
    </ClInclude>
    <ClInclude Include="lib\lua\lprefix.h">
      <Filter>lib\lua</Filter>
    </ClInclude>
    <ClInclude Include="lib\lua\lstate.h">
      <Filter>lib\lua</Filter>
    </ClInclude>
    <ClInclude Include="lib\lua\lstring.h">
      <Filter>lib\lua</Filter>
    </ClInclude>
    <ClInclude Include="lib\lua\ltable.h">
      <Filter>lib\lua</Filter>
    </ClInclude>
    <ClInclude Include="lib\lua\ltm.h">
      <Filter>lib\lua</Filter>
    </ClInclude>
    <ClInclude Include="lib\lua\lua.h">
      <Filter>lib\lua</Filter>
    </ClInclude>
    <ClInclude Include="lib\lua\lua.hpp">
      <Filter>lib\lua</Filter>
    </ClInclude>
    <ClInclude Include="lib\lua\luaconf.h">
      <Filter>lib\lua</Filter>
    </ClInclude>
    <ClInclude Include="lib\lua\lualib.h">
      <Filter>lib\lua</Filter>
    </ClInclude>
    <ClInclude Include="lib\lua\lundump.h">
      <Filter>lib\lua</Filter>
    </ClInclude>
    <ClInclude Include="lib\lua\lvm.h">
      <Filter>lib\lua</Filter>
    </ClInclude>
    <ClInclude Include="lib\lua\lzio.h">
      <Filter>lib\lua</Filter>
    </ClInclude>
    <ClInclude Include="lib\lua\lapi.h">
      <Filter>lib\lua</Filter>
    </ClInclude>
    <ClInclude Include="lib\lua\lauxlib.h">
      <Filter>lib\lua</Filter>
    </ClInclude>
  </ItemGroup>
  <ItemGroup>
    <ClCompile Include="ScriptEngine.cpp">
      <Filter>Source Files</Filter>
    </ClCompile>
    <ClCompile Include="lib\lua\lcode.c">
      <Filter>lib\lua</Filter>
    </ClCompile>
    <ClCompile Include="lib\lua\lcorolib.c">
      <Filter>lib\lua</Filter>
    </ClCompile>
    <ClCompile Include="lib\lua\lctype.c">
      <Filter>lib\lua</Filter>
    </ClCompile>
    <ClCompile Include="lib\lua\ldblib.c">
      <Filter>lib\lua</Filter>
    </ClCompile>
    <ClCompile Include="lib\lua\ldebug.c">
      <Filter>lib\lua</Filter>
    </ClCompile>
    <ClCompile Include="lib\lua\ldo.c">
      <Filter>lib\lua</Filter>
    </ClCompile>
    <ClCompile Include="lib\lua\ldump.c">
      <Filter>lib\lua</Filter>
    </ClCompile>
    <ClCompile Include="lib\lua\lfunc.c">
      <Filter>lib\lua</Filter>
    </ClCompile>
    <ClCompile Include="lib\lua\lgc.c">
      <Filter>lib\lua</Filter>
    </ClCompile>
    <ClCompile Include="lib\lua\linit.c">
      <Filter>lib\lua</Filter>
    </ClCompile>
    <ClCompile Include="lib\lua\liolib.c">
      <Filter>lib\lua</Filter>
    </ClCompile>
    <ClCompile Include="lib\lua\llex.c">
      <Filter>lib\lua</Filter>
    </ClCompile>
    <ClCompile Include="lib\lua\lmathlib.c">
      <Filter>lib\lua</Filter>
    </ClCompile>
    <ClCompile Include="lib\lua\lmem.c">
      <Filter>lib\lua</Filter>
    </ClCompile>
    <ClCompile Include="lib\lua\loadlib.c">
      <Filter>lib\lua</Filter>
    </ClCompile>
    <ClCompile Include="lib\lua\lobject.c">
      <Filter>lib\lua</Filter>
    </ClCompile>
    <ClCompile Include="lib\lua\lopcodes.c">
      <Filter>lib\lua</Filter>
    </ClCompile>
    <ClCompile Include="lib\lua\loslib.c">
      <Filter>lib\lua</Filter>
    </ClCompile>
    <ClCompile Include="lib\lua\lparser.c">
      <Filter>lib\lua</Filter>
    </ClCompile>
    <ClCompile Include="lib\lua\lstate.c">
      <Filter>lib\lua</Filter>
    </ClCompile>
    <ClCompile Include="lib\lua\lstring.c">
      <Filter>lib\lua</Filter>
    </ClCompile>
    <ClCompile Include="lib\lua\lstrlib.c">
      <Filter>lib\lua</Filter>
    </ClCompile>
    <ClCompile Include="lib\lua\ltable.c">
      <Filter>lib\lua</Filter>
    </ClCompile>
    <ClCompile Include="lib\lua\ltablib.c">
      <Filter>lib\lua</Filter>
    </ClCompile>
    <ClCompile Include="lib\lua\ltm.c">
      <Filter>lib\lua</Filter>
    </ClCompile>
    <ClCompile Include="lib\lua\lua.c">
      <Filter>lib\lua</Filter>
    </ClCompile>
    <ClCompile Include="lib\lua\luac.c">
      <Filter>lib\lua</Filter>
    </ClCompile>
    <ClCompile Include="lib\lua\lundump.c">
      <Filter>lib\lua</Filter>
    </ClCompile>
    <ClCompile Include="lib\lua\lutf8lib.c">
      <Filter>lib\lua</Filter>
    </ClCompile>
    <ClCompile Include="lib\lua\lvm.c">
      <Filter>lib\lua</Filter>
    </ClCompile>
    <ClCompile Include="lib\lua\lzio.c">
      <Filter>lib\lua</Filter>
    </ClCompile>
    <ClCompile Include="lib\lua\lapi.c">
      <Filter>lib\lua</Filter>
    </ClCompile>
    <ClCompile Include="lib\lua\lauxlib.c">
      <Filter>lib\lua</Filter>
    </ClCompile>
    <ClCompile Include="lib\lua\lbaselib.c">
      <Filter>lib\lua</Filter>
    </ClCompile>
  </ItemGroup>
</Project>