<?xml version="1.0" encoding="utf-8"?>
<Project ToolsVersion="4.0" xmlns="http://schemas.microsoft.com/developer/msbuild/2003">
  <ItemGroup>
    <Filter Include="Quelldateien">
      <UniqueIdentifier>{4FC737F1-C7A5-4376-A066-2A32D752A2FF}</UniqueIdentifier>
      <Extensions>cpp;c;cc;cxx;c++;def;odl;idl;hpj;bat;asm;asmx</Extensions>
    </Filter>
    <Filter Include="Headerdateien">
      <UniqueIdentifier>{93995380-89BD-4b04-88EB-625FBE52EBFB}</UniqueIdentifier>
      <Extensions>h;hh;hpp;hxx;h++;hm;inl;inc;ipp;xsd</Extensions>
    </Filter>
    <Filter Include="Ressourcendateien">
      <UniqueIdentifier>{67DA6AB6-F800-4c08-8B7A-83BB121AAD01}</UniqueIdentifier>
      <Extensions>rc;ico;cur;bmp;dlg;rc2;rct;bin;rgs;gif;jpg;jpeg;jpe;resx;tiff;tif;png;wav;mfcribbon-ms</Extensions>
    </Filter>
    <Filter Include="Headerdateien\Objects">
      <UniqueIdentifier>{68117e70-5d4a-4712-8bc0-fcbdef4c2183}</UniqueIdentifier>
    </Filter>
    <Filter Include="Quelldateien\Objects">
      <UniqueIdentifier>{f118d318-19e3-4e7c-ac0e-6e5f77a5c0f1}</UniqueIdentifier>
    </Filter>
  </ItemGroup>
  <ItemGroup>
    <ClCompile Include="VehicleDriver.cpp">
      <Filter>Quelldateien</Filter>
    </ClCompile>
    <ClCompile Include="PhysicEngine.cpp">
      <Filter>Quelldateien</Filter>
    </ClCompile>
    <ClCompile Include="ArtilleryAim.cpp">
      <Filter>Quelldateien</Filter>
    </ClCompile>
    <ClCompile Include="PhysicNavigationMesh.cpp">
      <Filter>Quelldateien</Filter>
    </ClCompile>
    <ClCompile Include="Objects\HeightMapBullet.cpp">
      <Filter>Quelldateien\Objects</Filter>
    </ClCompile>
    <ClCompile Include="Objects\PhysicObject.cpp">
      <Filter>Quelldateien\Objects</Filter>
    </ClCompile>
    <ClCompile Include="Objects\Sphere.cpp">
      <Filter>Quelldateien\Objects</Filter>
    </ClCompile>
    <ClCompile Include="Objects\SphereBullet.cpp">
      <Filter>Quelldateien\Objects</Filter>
    </ClCompile>
    <ClCompile Include="Objects\VehicleBulletRaycast.cpp">
      <Filter>Quelldateien\Objects</Filter>
    </ClCompile>
    <ClCompile Include="Objects\Box.cpp">
      <Filter>Quelldateien\Objects</Filter>
    </ClCompile>
    <ClCompile Include="Objects\BoxBullet.cpp">
      <Filter>Quelldateien\Objects</Filter>
    </ClCompile>
  </ItemGroup>
  <ItemGroup>
    <ClInclude Include="VehicleDriver.h">
      <Filter>Headerdateien</Filter>
    </ClInclude>
    <ClInclude Include="PhysicEngine.h">
      <Filter>Headerdateien</Filter>
    </ClInclude>
    <ClInclude Include="ArtilleryAim.h">
      <Filter>Headerdateien</Filter>
    </ClInclude>
    <ClInclude Include="PhysicNavigationMesh.h">
      <Filter>Headerdateien</Filter>
    </ClInclude>
    <ClInclude Include="Objects\HeightMapBullet.h">
      <Filter>Headerdateien\Objects</Filter>
    </ClInclude>
    <ClInclude Include="Objects\PhysicObject.h">
      <Filter>Headerdateien\Objects</Filter>
    </ClInclude>
    <ClInclude Include="Objects\Sphere.h">
      <Filter>Headerdateien\Objects</Filter>
    </ClInclude>
    <ClInclude Include="Objects\SphereBullet.h">
      <Filter>Headerdateien\Objects</Filter>
    </ClInclude>
    <ClInclude Include="Objects\Vehicle.h">
      <Filter>Headerdateien\Objects</Filter>
    </ClInclude>
    <ClInclude Include="Objects\VehicleBulletRaycast.h">
      <Filter>Headerdateien\Objects</Filter>
    </ClInclude>
    <ClInclude Include="Objects\Box.h">
      <Filter>Headerdateien\Objects</Filter>
    </ClInclude>
    <ClInclude Include="Objects\BoxBullet.h">
      <Filter>Headerdateien\Objects</Filter>
    </ClInclude>
    <ClInclude Include="Objects\HeightMap.h">
      <Filter>Headerdateien\Objects</Filter>
    </ClInclude>
  </ItemGroup>
</Project>