<?xml version="1.0" encoding="utf-8"?>
<Project ToolsVersion="4.0" xmlns="http://schemas.microsoft.com/developer/msbuild/2003">
  <ItemGroup>
    <Filter Include="Quelldateien">
      <UniqueIdentifier>{4FC737F1-C7A5-4376-A066-2A32D752A2FF}</UniqueIdentifier>
      <Extensions>cpp;c;cc;cxx;c++;def;odl;idl;hpj;bat;asm;asmx</Extensions>
    </Filter>
    <Filter Include="Headerdateien">
      <UniqueIdentifier>{93995380-89BD-4b04-88EB-625FBE52EBFB}</UniqueIdentifier>
      <Extensions>h;hh;hpp;hxx;h++;hm;inl;inc;ipp;xsd</Extensions>
    </Filter>
    <Filter Include="Ressourcendateien">
      <UniqueIdentifier>{67DA6AB6-F800-4c08-8B7A-83BB121AAD01}</UniqueIdentifier>
      <Extensions>rc;ico;cur;bmp;dlg;rc2;rct;bin;rgs;gif;jpg;jpeg;jpe;resx;tiff;tif;png;wav;mfcribbon-ms</Extensions>
    </Filter>
    <Filter Include="Headerdateien\Objects">
      <UniqueIdentifier>{68117e70-5d4a-4712-8bc0-fcbdef4c2183}</UniqueIdentifier>
    </Filter>
    <Filter Include="Quelldateien\Objects">
      <UniqueIdentifier>{f118d318-19e3-4e7c-ac0e-6e5f77a5c0f1}</UniqueIdentifier>
    </Filter>
    <Filter Include="bullet">
      <UniqueIdentifier>{57e8009e-8b4a-4adb-8953-db1c6b4a5296}</UniqueIdentifier>
    </Filter>
    <Filter Include="bullet\Bullet3Collision">
      <UniqueIdentifier>{47c06e76-1bf3-4e68-9f8b-c95620073ff3}</UniqueIdentifier>
    </Filter>
    <Filter Include="bullet\Bullet3Collision\BroadPhaseCollision">
      <UniqueIdentifier>{59f72852-1c4b-445d-b1ce-ed5861ac80eb}</UniqueIdentifier>
    </Filter>
    <Filter Include="bullet\Bullet3Collision\NarrowPhaseCollision">
      <UniqueIdentifier>{84811b9d-7236-42ae-8063-d1cb91db8f44}</UniqueIdentifier>
    </Filter>
    <Filter Include="bullet\Bullet3Common">
      <UniqueIdentifier>{04c321af-eceb-44f0-b352-21e35439583d}</UniqueIdentifier>
    </Filter>
    <Filter Include="bullet\Bullet3Dynamics">
      <UniqueIdentifier>{28c164c8-8af9-44c6-8796-2306f17b7f50}</UniqueIdentifier>
    </Filter>
    <Filter Include="bullet\Bullet3Geometry">
      <UniqueIdentifier>{97ca2102-b2d1-407c-8bd5-0a772e72bb76}</UniqueIdentifier>
    </Filter>
    <Filter Include="bullet\Bullet3OpenCL">
      <UniqueIdentifier>{da6091cd-3ec9-4c38-92c3-ecf6b74c7fa0}</UniqueIdentifier>
    </Filter>
    <Filter Include="bullet\Bullet3Serialize">
      <UniqueIdentifier>{a56c545b-f25b-478b-9b3c-02f1ea5b8748}</UniqueIdentifier>
    </Filter>
    <Filter Include="bullet\BulletCollision">
      <UniqueIdentifier>{ece6713e-a315-4a08-9338-0b65132ee440}</UniqueIdentifier>
    </Filter>
    <Filter Include="bullet\BulletCollision\BroadphaseCollision">
      <UniqueIdentifier>{40271b2b-9e6e-42e2-9dc9-bb2d8228d4fe}</UniqueIdentifier>
    </Filter>
    <Filter Include="bullet\BulletCollision\CollisionDispatch">
      <UniqueIdentifier>{62fb14f8-d410-4c76-8123-25f1871fc7ac}</UniqueIdentifier>
    </Filter>
    <Filter Include="bullet\BulletCollision\CollisionShapes">
      <UniqueIdentifier>{1fa42071-c9bd-4713-81d7-50653c10b51c}</UniqueIdentifier>
    </Filter>
    <Filter Include="bullet\BulletCollision\Gimpact">
      <UniqueIdentifier>{c44d8666-469c-410a-beae-49bfa9c0435a}</UniqueIdentifier>
    </Filter>
    <Filter Include="bullet\BulletCollision\NarrowPhaseCollision">
      <UniqueIdentifier>{ce1b0ad5-526a-41c9-88f7-eea3cfa36372}</UniqueIdentifier>
    </Filter>
  </ItemGroup>
  <ItemGroup>
    <ClCompile Include="VehicleDriver.cpp">
      <Filter>Quelldateien</Filter>
    </ClCompile>
    <ClCompile Include="PhysicEngineBullet.cpp">
      <Filter>Quelldateien</Filter>
    </ClCompile>
    <ClCompile Include="ArtilleryAim.cpp">
      <Filter>Quelldateien</Filter>
    </ClCompile>
    <ClCompile Include="PhysicNavigationMesh.cpp">
      <Filter>Quelldateien</Filter>
    </ClCompile>
    <ClCompile Include="Objects\HeightMapBullet.cpp">
      <Filter>Quelldateien\Objects</Filter>
    </ClCompile>
    <ClCompile Include="Objects\PhysicObject.cpp">
      <Filter>Quelldateien\Objects</Filter>
    </ClCompile>
    <ClCompile Include="Objects\Sphere.cpp">
      <Filter>Quelldateien\Objects</Filter>
    </ClCompile>
    <ClCompile Include="Objects\SphereBullet.cpp">
      <Filter>Quelldateien\Objects</Filter>
    </ClCompile>
    <ClCompile Include="Objects\VehicleBulletRaycast.cpp">
      <Filter>Quelldateien\Objects</Filter>
    </ClCompile>
    <ClCompile Include="Objects\Box.cpp">
      <Filter>Quelldateien\Objects</Filter>
    </ClCompile>
    <ClCompile Include="Objects\BoxBullet.cpp">
      <Filter>Quelldateien\Objects</Filter>
    </ClCompile>
    <ClCompile Include="Objects\BulletCore.cpp">
      <Filter>Quelldateien\Objects</Filter>
    </ClCompile>
    <ClCompile Include="PhysicEngineReact.cpp">
      <Filter>Quelldateien</Filter>
    </ClCompile>
    <ClCompile Include="Objects\SphereReact.cpp">
      <Filter>Quelldateien\Objects</Filter>
    </ClCompile>
  </ItemGroup>
  <ItemGroup>
    <ClInclude Include="VehicleDriver.h">
      <Filter>Headerdateien</Filter>
    </ClInclude>
    <ClInclude Include="PhysicEngineBullet.h">
      <Filter>Headerdateien</Filter>
    </ClInclude>
    <ClInclude Include="ArtilleryAim.h">
      <Filter>Headerdateien</Filter>
    </ClInclude>
    <ClInclude Include="PhysicNavigationMesh.h">
      <Filter>Headerdateien</Filter>
    </ClInclude>
    <ClInclude Include="Objects\HeightMapBullet.h">
      <Filter>Headerdateien\Objects</Filter>
    </ClInclude>
    <ClInclude Include="Objects\PhysicObject.h">
      <Filter>Headerdateien\Objects</Filter>
    </ClInclude>
    <ClInclude Include="Objects\Sphere.h">
      <Filter>Headerdateien\Objects</Filter>
    </ClInclude>
    <ClInclude Include="Objects\SphereBullet.h">
      <Filter>Headerdateien\Objects</Filter>
    </ClInclude>
    <ClInclude Include="Objects\Vehicle.h">
      <Filter>Headerdateien\Objects</Filter>
    </ClInclude>
    <ClInclude Include="Objects\VehicleBulletRaycast.h">
      <Filter>Headerdateien\Objects</Filter>
    </ClInclude>
    <ClInclude Include="Objects\Box.h">
      <Filter>Headerdateien\Objects</Filter>
    </ClInclude>
    <ClInclude Include="Objects\BoxBullet.h">
      <Filter>Headerdateien\Objects</Filter>
    </ClInclude>
    <ClInclude Include="Objects\HeightMap.h">
      <Filter>Headerdateien\Objects</Filter>
    </ClInclude>
    <ClInclude Include="lib\bullet\Bullet3Collision\BroadPhaseCollision\b3BroadphaseCallback.h">
      <Filter>bullet\Bullet3Collision\BroadPhaseCollision</Filter>
    </ClInclude>
    <ClInclude Include="lib\bullet\Bullet3Collision\BroadPhaseCollision\b3DynamicBvh.h">
      <Filter>bullet\Bullet3Collision\BroadPhaseCollision</Filter>
    </ClInclude>
    <ClInclude Include="lib\bullet\Bullet3Collision\BroadPhaseCollision\b3DynamicBvhBroadphase.h">
      <Filter>bullet\Bullet3Collision\BroadPhaseCollision</Filter>
    </ClInclude>
    <ClInclude Include="lib\bullet\Bullet3Collision\BroadPhaseCollision\b3OverlappingPair.h">
      <Filter>bullet\Bullet3Collision\BroadPhaseCollision</Filter>
    </ClInclude>
    <ClInclude Include="lib\bullet\Bullet3Collision\BroadPhaseCollision\b3OverlappingPairCache.h">
      <Filter>bullet\Bullet3Collision\BroadPhaseCollision</Filter>
    </ClInclude>
    <ClInclude Include="lib\bullet\Bullet3Collision\BroadPhaseCollision\shared\b3Aabb.h">
      <Filter>bullet\Bullet3Collision\BroadPhaseCollision</Filter>
    </ClInclude>
    <ClInclude Include="lib\bullet\Bullet3Collision\NarrowPhaseCollision\b3Config.h">
      <Filter>bullet\Bullet3Collision\NarrowPhaseCollision</Filter>
    </ClInclude>
    <ClInclude Include="lib\bullet\Bullet3Collision\NarrowPhaseCollision\b3Contact4.h">
      <Filter>bullet\Bullet3Collision\NarrowPhaseCollision</Filter>
    </ClInclude>
    <ClInclude Include="lib\bullet\Bullet3Collision\NarrowPhaseCollision\b3ConvexUtility.h">
      <Filter>bullet\Bullet3Collision\NarrowPhaseCollision</Filter>
    </ClInclude>
    <ClInclude Include="lib\bullet\Bullet3Collision\NarrowPhaseCollision\b3CpuNarrowPhase.h">
      <Filter>bullet\Bullet3Collision\NarrowPhaseCollision</Filter>
    </ClInclude>
    <ClInclude Include="lib\bullet\Bullet3Collision\NarrowPhaseCollision\b3RaycastInfo.h">
      <Filter>bullet\Bullet3Collision\NarrowPhaseCollision</Filter>
    </ClInclude>
    <ClInclude Include="lib\bullet\Bullet3Collision\NarrowPhaseCollision\b3RigidBodyCL.h">
      <Filter>bullet\Bullet3Collision\NarrowPhaseCollision</Filter>
    </ClInclude>
    <ClInclude Include="lib\bullet\Bullet3Collision\NarrowPhaseCollision\shared\b3BvhSubtreeInfoData.h">
      <Filter>bullet\Bullet3Collision\NarrowPhaseCollision</Filter>
    </ClInclude>
    <ClInclude Include="lib\bullet\Bullet3Collision\NarrowPhaseCollision\shared\b3BvhTraversal.h">
      <Filter>bullet\Bullet3Collision\NarrowPhaseCollision</Filter>
    </ClInclude>
    <ClInclude Include="lib\bullet\Bullet3Collision\NarrowPhaseCollision\shared\b3ClipFaces.h">
      <Filter>bullet\Bullet3Collision\NarrowPhaseCollision</Filter>
    </ClInclude>
    <ClInclude Include="lib\bullet\Bullet3Collision\NarrowPhaseCollision\shared\b3Collidable.h">
      <Filter>bullet\Bullet3Collision\NarrowPhaseCollision</Filter>
    </ClInclude>
    <ClInclude Include="lib\bullet\Bullet3Collision\NarrowPhaseCollision\shared\b3Contact4Data.h">
      <Filter>bullet\Bullet3Collision\NarrowPhaseCollision</Filter>
    </ClInclude>
    <ClInclude Include="lib\bullet\Bullet3Collision\NarrowPhaseCollision\shared\b3ContactConvexConvexSAT.h">
      <Filter>bullet\Bullet3Collision\NarrowPhaseCollision</Filter>
    </ClInclude>
    <ClInclude Include="lib\bullet\Bullet3Collision\NarrowPhaseCollision\shared\b3ContactSphereSphere.h">
      <Filter>bullet\Bullet3Collision\NarrowPhaseCollision</Filter>
    </ClInclude>
    <ClInclude Include="lib\bullet\Bullet3Collision\NarrowPhaseCollision\shared\b3ConvexPolyhedronData.h">
      <Filter>bullet\Bullet3Collision\NarrowPhaseCollision</Filter>
    </ClInclude>
    <ClInclude Include="lib\bullet\Bullet3Collision\NarrowPhaseCollision\shared\b3FindConcaveSatAxis.h">
      <Filter>bullet\Bullet3Collision\NarrowPhaseCollision</Filter>
    </ClInclude>
    <ClInclude Include="lib\bullet\Bullet3Collision\NarrowPhaseCollision\shared\b3FindSeparatingAxis.h">
      <Filter>bullet\Bullet3Collision\NarrowPhaseCollision</Filter>
    </ClInclude>
    <ClInclude Include="lib\bullet\Bullet3Collision\NarrowPhaseCollision\shared\b3MprPenetration.h">
      <Filter>bullet\Bullet3Collision\NarrowPhaseCollision</Filter>
    </ClInclude>
    <ClInclude Include="lib\bullet\Bullet3Collision\NarrowPhaseCollision\shared\b3NewContactReduction.h">
      <Filter>bullet\Bullet3Collision\NarrowPhaseCollision</Filter>
    </ClInclude>
    <ClInclude Include="lib\bullet\Bullet3Collision\NarrowPhaseCollision\shared\b3QuantizedBvhNodeData.h">
      <Filter>bullet\Bullet3Collision\NarrowPhaseCollision</Filter>
    </ClInclude>
    <ClInclude Include="lib\bullet\Bullet3Collision\NarrowPhaseCollision\shared\b3ReduceContacts.h">
      <Filter>bullet\Bullet3Collision\NarrowPhaseCollision</Filter>
    </ClInclude>
    <ClInclude Include="lib\bullet\Bullet3Collision\NarrowPhaseCollision\shared\b3RigidBodyData.h">
      <Filter>bullet\Bullet3Collision\NarrowPhaseCollision</Filter>
    </ClInclude>
    <ClInclude Include="lib\bullet\Bullet3Collision\NarrowPhaseCollision\shared\b3UpdateAabbs.h">
      <Filter>bullet\Bullet3Collision\NarrowPhaseCollision</Filter>
    </ClInclude>
    <ClInclude Include="lib\bullet\Bullet3Common\b3Matrix3x3.h">
      <Filter>bullet\Bullet3Common</Filter>
    </ClInclude>
    <ClInclude Include="lib\bullet\Bullet3Common\b3MinMax.h">
      <Filter>bullet\Bullet3Common</Filter>
    </ClInclude>
    <ClInclude Include="lib\bullet\Bullet3Common\b3PoolAllocator.h">
      <Filter>bullet\Bullet3Common</Filter>
    </ClInclude>
    <ClInclude Include="lib\bullet\Bullet3Common\b3QuadWord.h">
      <Filter>bullet\Bullet3Common</Filter>
    </ClInclude>
    <ClInclude Include="lib\bullet\Bullet3Common\b3Quaternion.h">
      <Filter>bullet\Bullet3Common</Filter>
    </ClInclude>
    <ClInclude Include="lib\bullet\Bullet3Common\b3Random.h">
      <Filter>bullet\Bullet3Common</Filter>
    </ClInclude>
    <ClInclude Include="lib\bullet\Bullet3Common\b3ResizablePool.h">
      <Filter>bullet\Bullet3Common</Filter>
    </ClInclude>
    <ClInclude Include="lib\bullet\Bullet3Common\b3Scalar.h">
      <Filter>bullet\Bullet3Common</Filter>
    </ClInclude>
    <ClInclude Include="lib\bullet\Bullet3Common\b3StackAlloc.h">
      <Filter>bullet\Bullet3Common</Filter>
    </ClInclude>
    <ClInclude Include="lib\bullet\Bullet3Common\b3Transform.h">
      <Filter>bullet\Bullet3Common</Filter>
    </ClInclude>
    <ClInclude Include="lib\bullet\Bullet3Common\b3TransformUtil.h">
      <Filter>bullet\Bullet3Common</Filter>
    </ClInclude>
    <ClInclude Include="lib\bullet\Bullet3Common\b3Vector3.h">
      <Filter>bullet\Bullet3Common</Filter>
    </ClInclude>
    <ClInclude Include="lib\bullet\Bullet3Common\shared\b3Float4.h">
      <Filter>bullet\Bullet3Common</Filter>
    </ClInclude>
    <ClInclude Include="lib\bullet\Bullet3Common\shared\b3Int2.h">
      <Filter>bullet\Bullet3Common</Filter>
    </ClInclude>
    <ClInclude Include="lib\bullet\Bullet3Common\shared\b3Int4.h">
      <Filter>bullet\Bullet3Common</Filter>
    </ClInclude>
    <ClInclude Include="lib\bullet\Bullet3Common\shared\b3Mat3x3.h">
      <Filter>bullet\Bullet3Common</Filter>
    </ClInclude>
    <ClInclude Include="lib\bullet\Bullet3Common\shared\b3PlatformDefinitions.h">
      <Filter>bullet\Bullet3Common</Filter>
    </ClInclude>
    <ClInclude Include="lib\bullet\Bullet3Common\shared\b3Quat.h">
      <Filter>bullet\Bullet3Common</Filter>
    </ClInclude>
    <ClInclude Include="lib\bullet\Bullet3Common\b3AlignedAllocator.h">
      <Filter>bullet\Bullet3Common</Filter>
    </ClInclude>
    <ClInclude Include="lib\bullet\Bullet3Common\b3AlignedObjectArray.h">
      <Filter>bullet\Bullet3Common</Filter>
    </ClInclude>
    <ClInclude Include="lib\bullet\Bullet3Common\b3CommandLineArgs.h">
      <Filter>bullet\Bullet3Common</Filter>
    </ClInclude>
    <ClInclude Include="lib\bullet\Bullet3Common\b3FileUtils.h">
      <Filter>bullet\Bullet3Common</Filter>
    </ClInclude>
    <ClInclude Include="lib\bullet\Bullet3Common\b3HashMap.h">
      <Filter>bullet\Bullet3Common</Filter>
    </ClInclude>
    <ClInclude Include="lib\bullet\Bullet3Common\b3Logging.h">
      <Filter>bullet\Bullet3Common</Filter>
    </ClInclude>
    <ClInclude Include="lib\bullet\Bullet3Dynamics\b3CpuRigidBodyPipeline.h">
      <Filter>bullet\Bullet3Dynamics</Filter>
    </ClInclude>
    <ClInclude Include="lib\bullet\Bullet3Dynamics\ConstraintSolver\b3ContactSolverInfo.h">
      <Filter>bullet\Bullet3Dynamics</Filter>
    </ClInclude>
    <ClInclude Include="lib\bullet\Bullet3Dynamics\ConstraintSolver\b3FixedConstraint.h">
      <Filter>bullet\Bullet3Dynamics</Filter>
    </ClInclude>
    <ClInclude Include="lib\bullet\Bullet3Dynamics\ConstraintSolver\b3Generic6DofConstraint.h">
      <Filter>bullet\Bullet3Dynamics</Filter>
    </ClInclude>
    <ClInclude Include="lib\bullet\Bullet3Dynamics\ConstraintSolver\b3JacobianEntry.h">
      <Filter>bullet\Bullet3Dynamics</Filter>
    </ClInclude>
    <ClInclude Include="lib\bullet\Bullet3Dynamics\ConstraintSolver\b3PgsJacobiSolver.h">
      <Filter>bullet\Bullet3Dynamics</Filter>
    </ClInclude>
    <ClInclude Include="lib\bullet\Bullet3Dynamics\ConstraintSolver\b3Point2PointConstraint.h">
      <Filter>bullet\Bullet3Dynamics</Filter>
    </ClInclude>
    <ClInclude Include="lib\bullet\Bullet3Dynamics\ConstraintSolver\b3SolverBody.h">
      <Filter>bullet\Bullet3Dynamics</Filter>
    </ClInclude>
    <ClInclude Include="lib\bullet\Bullet3Dynamics\ConstraintSolver\b3SolverConstraint.h">
      <Filter>bullet\Bullet3Dynamics</Filter>
    </ClInclude>
    <ClInclude Include="lib\bullet\Bullet3Dynamics\ConstraintSolver\b3TypedConstraint.h">
      <Filter>bullet\Bullet3Dynamics</Filter>
    </ClInclude>
    <ClInclude Include="lib\bullet\Bullet3Dynamics\shared\b3ContactConstraint4.h">
      <Filter>bullet\Bullet3Dynamics</Filter>
    </ClInclude>
    <ClInclude Include="lib\bullet\Bullet3Dynamics\shared\b3ConvertConstraint4.h">
      <Filter>bullet\Bullet3Dynamics</Filter>
    </ClInclude>
    <ClInclude Include="lib\bullet\Bullet3Dynamics\shared\b3Inertia.h">
      <Filter>bullet\Bullet3Dynamics</Filter>
    </ClInclude>
    <ClInclude Include="lib\bullet\Bullet3Dynamics\shared\b3IntegrateTransforms.h">
      <Filter>bullet\Bullet3Dynamics</Filter>
    </ClInclude>
    <ClInclude Include="lib\bullet\Bullet3Geometry\b3AabbUtil.h">
      <Filter>bullet\Bullet3Geometry</Filter>
    </ClInclude>
    <ClInclude Include="lib\bullet\Bullet3Geometry\b3ConvexHullComputer.h">
      <Filter>bullet\Bullet3Geometry</Filter>
    </ClInclude>
    <ClInclude Include="lib\bullet\Bullet3Geometry\b3GeometryUtil.h">
      <Filter>bullet\Bullet3Geometry</Filter>
    </ClInclude>
    <ClInclude Include="lib\bullet\Bullet3Geometry\b3GrahamScan2dConvexHull.h">
      <Filter>bullet\Bullet3Geometry</Filter>
    </ClInclude>
    <ClInclude Include="lib\bullet\Bullet3OpenCL\BroadphaseCollision\b3GpuBroadphaseInterface.h">
      <Filter>bullet\Bullet3OpenCL</Filter>
    </ClInclude>
    <ClInclude Include="lib\bullet\Bullet3OpenCL\BroadphaseCollision\b3GpuGridBroadphase.h">
      <Filter>bullet\Bullet3OpenCL</Filter>
    </ClInclude>
    <ClInclude Include="lib\bullet\Bullet3OpenCL\BroadphaseCollision\b3GpuParallelLinearBvh.h">
      <Filter>bullet\Bullet3OpenCL</Filter>
    </ClInclude>
    <ClInclude Include="lib\bullet\Bullet3OpenCL\BroadphaseCollision\b3GpuParallelLinearBvhBroadphase.h">
      <Filter>bullet\Bullet3OpenCL</Filter>
    </ClInclude>
    <ClInclude Include="lib\bullet\Bullet3OpenCL\BroadphaseCollision\b3GpuSapBroadphase.h">
      <Filter>bullet\Bullet3OpenCL</Filter>
    </ClInclude>
    <ClInclude Include="lib\bullet\Bullet3OpenCL\BroadphaseCollision\b3SapAabb.h">
      <Filter>bullet\Bullet3OpenCL</Filter>
    </ClInclude>
    <ClInclude Include="lib\bullet\Bullet3OpenCL\BroadphaseCollision\kernels\gridBroadphaseKernels.h">
      <Filter>bullet\Bullet3OpenCL</Filter>
    </ClInclude>
    <ClInclude Include="lib\bullet\Bullet3OpenCL\BroadphaseCollision\kernels\parallelLinearBvhKernels.h">
      <Filter>bullet\Bullet3OpenCL</Filter>
    </ClInclude>
    <ClInclude Include="lib\bullet\Bullet3OpenCL\BroadphaseCollision\kernels\sapKernels.h">
      <Filter>bullet\Bullet3OpenCL</Filter>
    </ClInclude>
    <ClInclude Include="lib\bullet\Bullet3OpenCL\Initialize\b3OpenCLInclude.h">
      <Filter>bullet\Bullet3OpenCL</Filter>
    </ClInclude>
    <ClInclude Include="lib\bullet\Bullet3OpenCL\Initialize\b3OpenCLUtils.h">
      <Filter>bullet\Bullet3OpenCL</Filter>
    </ClInclude>
    <ClInclude Include="lib\bullet\Bullet3OpenCL\NarrowphaseCollision\b3BvhInfo.h">
      <Filter>bullet\Bullet3OpenCL</Filter>
    </ClInclude>
    <ClInclude Include="lib\bullet\Bullet3OpenCL\NarrowphaseCollision\b3ContactCache.h">
      <Filter>bullet\Bullet3OpenCL</Filter>
    </ClInclude>
    <ClInclude Include="lib\bullet\Bullet3OpenCL\NarrowphaseCollision\b3ConvexHullContact.h">
      <Filter>bullet\Bullet3OpenCL</Filter>
    </ClInclude>
    <ClInclude Include="lib\bullet\Bullet3OpenCL\NarrowphaseCollision\b3ConvexPolyhedronCL.h">
      <Filter>bullet\Bullet3OpenCL</Filter>
    </ClInclude>
    <ClInclude Include="lib\bullet\Bullet3OpenCL\NarrowphaseCollision\b3GjkEpa.h">
      <Filter>bullet\Bullet3OpenCL</Filter>
    </ClInclude>
    <ClInclude Include="lib\bullet\Bullet3OpenCL\NarrowphaseCollision\b3OptimizedBvh.h">
      <Filter>bullet\Bullet3OpenCL</Filter>
    </ClInclude>
    <ClInclude Include="lib\bullet\Bullet3OpenCL\NarrowphaseCollision\b3QuantizedBvh.h">
      <Filter>bullet\Bullet3OpenCL</Filter>
    </ClInclude>
    <ClInclude Include="lib\bullet\Bullet3OpenCL\NarrowphaseCollision\b3StridingMeshInterface.h">
      <Filter>bullet\Bullet3OpenCL</Filter>
    </ClInclude>
    <ClInclude Include="lib\bullet\Bullet3OpenCL\NarrowphaseCollision\b3SupportMappings.h">
      <Filter>bullet\Bullet3OpenCL</Filter>
    </ClInclude>
    <ClInclude Include="lib\bullet\Bullet3OpenCL\NarrowphaseCollision\b3TriangleCallback.h">
      <Filter>bullet\Bullet3OpenCL</Filter>
    </ClInclude>
    <ClInclude Include="lib\bullet\Bullet3OpenCL\NarrowphaseCollision\b3TriangleIndexVertexArray.h">
      <Filter>bullet\Bullet3OpenCL</Filter>
    </ClInclude>
    <ClInclude Include="lib\bullet\Bullet3OpenCL\NarrowphaseCollision\b3VectorFloat4.h">
      <Filter>bullet\Bullet3OpenCL</Filter>
    </ClInclude>
    <ClInclude Include="lib\bullet\Bullet3OpenCL\NarrowphaseCollision\b3VoronoiSimplexSolver.h">
      <Filter>bullet\Bullet3OpenCL</Filter>
    </ClInclude>
    <ClInclude Include="lib\bullet\Bullet3OpenCL\NarrowphaseCollision\kernels\bvhTraversal.h">
      <Filter>bullet\Bullet3OpenCL</Filter>
    </ClInclude>
    <ClInclude Include="lib\bullet\Bullet3OpenCL\NarrowphaseCollision\kernels\mprKernels.h">
      <Filter>bullet\Bullet3OpenCL</Filter>
    </ClInclude>
    <ClInclude Include="lib\bullet\Bullet3OpenCL\NarrowphaseCollision\kernels\primitiveContacts.h">
      <Filter>bullet\Bullet3OpenCL</Filter>
    </ClInclude>
    <ClInclude Include="lib\bullet\Bullet3OpenCL\NarrowphaseCollision\kernels\satClipHullContacts.h">
      <Filter>bullet\Bullet3OpenCL</Filter>
    </ClInclude>
    <ClInclude Include="lib\bullet\Bullet3OpenCL\NarrowphaseCollision\kernels\satConcaveKernels.h">
      <Filter>bullet\Bullet3OpenCL</Filter>
    </ClInclude>
    <ClInclude Include="lib\bullet\Bullet3OpenCL\NarrowphaseCollision\kernels\satKernels.h">
      <Filter>bullet\Bullet3OpenCL</Filter>
    </ClInclude>
    <ClInclude Include="lib\bullet\Bullet3OpenCL\ParallelPrimitives\b3BoundSearchCL.h">
      <Filter>bullet\Bullet3OpenCL</Filter>
    </ClInclude>
    <ClInclude Include="lib\bullet\Bullet3OpenCL\ParallelPrimitives\b3BufferInfoCL.h">
      <Filter>bullet\Bullet3OpenCL</Filter>
    </ClInclude>
    <ClInclude Include="lib\bullet\Bullet3OpenCL\ParallelPrimitives\b3FillCL.h">
      <Filter>bullet\Bullet3OpenCL</Filter>
    </ClInclude>
    <ClInclude Include="lib\bullet\Bullet3OpenCL\ParallelPrimitives\b3LauncherCL.h">
      <Filter>bullet\Bullet3OpenCL</Filter>
    </ClInclude>
    <ClInclude Include="lib\bullet\Bullet3OpenCL\ParallelPrimitives\b3OpenCLArray.h">
      <Filter>bullet\Bullet3OpenCL</Filter>
    </ClInclude>
    <ClInclude Include="lib\bullet\Bullet3OpenCL\ParallelPrimitives\b3PrefixScanCL.h">
      <Filter>bullet\Bullet3OpenCL</Filter>
    </ClInclude>
    <ClInclude Include="lib\bullet\Bullet3OpenCL\ParallelPrimitives\b3PrefixScanFloat4CL.h">
      <Filter>bullet\Bullet3OpenCL</Filter>
    </ClInclude>
    <ClInclude Include="lib\bullet\Bullet3OpenCL\ParallelPrimitives\b3RadixSort32CL.h">
      <Filter>bullet\Bullet3OpenCL</Filter>
    </ClInclude>
    <ClInclude Include="lib\bullet\Bullet3OpenCL\ParallelPrimitives\kernels\BoundSearchKernelsCL.h">
      <Filter>bullet\Bullet3OpenCL</Filter>
    </ClInclude>
    <ClInclude Include="lib\bullet\Bullet3OpenCL\ParallelPrimitives\kernels\CopyKernelsCL.h">
      <Filter>bullet\Bullet3OpenCL</Filter>
    </ClInclude>
    <ClInclude Include="lib\bullet\Bullet3OpenCL\ParallelPrimitives\kernels\FillKernelsCL.h">
      <Filter>bullet\Bullet3OpenCL</Filter>
    </ClInclude>
    <ClInclude Include="lib\bullet\Bullet3OpenCL\ParallelPrimitives\kernels\PrefixScanKernelsCL.h">
      <Filter>bullet\Bullet3OpenCL</Filter>
    </ClInclude>
    <ClInclude Include="lib\bullet\Bullet3OpenCL\ParallelPrimitives\kernels\PrefixScanKernelsFloat4CL.h">
      <Filter>bullet\Bullet3OpenCL</Filter>
    </ClInclude>
    <ClInclude Include="lib\bullet\Bullet3OpenCL\ParallelPrimitives\kernels\RadixSort32KernelsCL.h">
      <Filter>bullet\Bullet3OpenCL</Filter>
    </ClInclude>
    <ClInclude Include="lib\bullet\Bullet3OpenCL\Raycast\b3GpuRaycast.h">
      <Filter>bullet\Bullet3OpenCL</Filter>
    </ClInclude>
    <ClInclude Include="lib\bullet\Bullet3OpenCL\Raycast\kernels\rayCastKernels.h">
      <Filter>bullet\Bullet3OpenCL</Filter>
    </ClInclude>
    <ClInclude Include="lib\bullet\Bullet3OpenCL\RigidBody\b3GpuConstraint4.h">
      <Filter>bullet\Bullet3OpenCL</Filter>
    </ClInclude>
    <ClInclude Include="lib\bullet\Bullet3OpenCL\RigidBody\b3GpuGenericConstraint.h">
      <Filter>bullet\Bullet3OpenCL</Filter>
    </ClInclude>
    <ClInclude Include="lib\bullet\Bullet3OpenCL\RigidBody\b3GpuJacobiContactSolver.h">
      <Filter>bullet\Bullet3OpenCL</Filter>
    </ClInclude>
    <ClInclude Include="lib\bullet\Bullet3OpenCL\RigidBody\b3GpuNarrowPhase.h">
      <Filter>bullet\Bullet3OpenCL</Filter>
    </ClInclude>
    <ClInclude Include="lib\bullet\Bullet3OpenCL\RigidBody\b3GpuNarrowPhaseInternalData.h">
      <Filter>bullet\Bullet3OpenCL</Filter>
    </ClInclude>
    <ClInclude Include="lib\bullet\Bullet3OpenCL\RigidBody\b3GpuPgsConstraintSolver.h">
      <Filter>bullet\Bullet3OpenCL</Filter>
    </ClInclude>
    <ClInclude Include="lib\bullet\Bullet3OpenCL\RigidBody\b3GpuPgsContactSolver.h">
      <Filter>bullet\Bullet3OpenCL</Filter>
    </ClInclude>
    <ClInclude Include="lib\bullet\Bullet3OpenCL\RigidBody\b3GpuRigidBodyPipeline.h">
      <Filter>bullet\Bullet3OpenCL</Filter>
    </ClInclude>
    <ClInclude Include="lib\bullet\Bullet3OpenCL\RigidBody\b3GpuRigidBodyPipelineInternalData.h">
      <Filter>bullet\Bullet3OpenCL</Filter>
    </ClInclude>
    <ClInclude Include="lib\bullet\Bullet3OpenCL\RigidBody\b3GpuSolverBody.h">
      <Filter>bullet\Bullet3OpenCL</Filter>
    </ClInclude>
    <ClInclude Include="lib\bullet\Bullet3OpenCL\RigidBody\b3GpuSolverConstraint.h">
      <Filter>bullet\Bullet3OpenCL</Filter>
    </ClInclude>
    <ClInclude Include="lib\bullet\Bullet3OpenCL\RigidBody\b3Solver.h">
      <Filter>bullet\Bullet3OpenCL</Filter>
    </ClInclude>
    <ClInclude Include="lib\bullet\Bullet3OpenCL\RigidBody\kernels\batchingKernels.h">
      <Filter>bullet\Bullet3OpenCL</Filter>
    </ClInclude>
    <ClInclude Include="lib\bullet\Bullet3OpenCL\RigidBody\kernels\batchingKernelsNew.h">
      <Filter>bullet\Bullet3OpenCL</Filter>
    </ClInclude>
    <ClInclude Include="lib\bullet\Bullet3OpenCL\RigidBody\kernels\integrateKernel.h">
      <Filter>bullet\Bullet3OpenCL</Filter>
    </ClInclude>
    <ClInclude Include="lib\bullet\Bullet3OpenCL\RigidBody\kernels\jointSolver.h">
      <Filter>bullet\Bullet3OpenCL</Filter>
    </ClInclude>
    <ClInclude Include="lib\bullet\Bullet3OpenCL\RigidBody\kernels\solveContact.h">
      <Filter>bullet\Bullet3OpenCL</Filter>
    </ClInclude>
    <ClInclude Include="lib\bullet\Bullet3OpenCL\RigidBody\kernels\solveFriction.h">
      <Filter>bullet\Bullet3OpenCL</Filter>
    </ClInclude>
    <ClInclude Include="lib\bullet\Bullet3OpenCL\RigidBody\kernels\solverSetup.h">
      <Filter>bullet\Bullet3OpenCL</Filter>
    </ClInclude>
    <ClInclude Include="lib\bullet\Bullet3OpenCL\RigidBody\kernels\solverSetup2.h">
      <Filter>bullet\Bullet3OpenCL</Filter>
    </ClInclude>
    <ClInclude Include="lib\bullet\Bullet3OpenCL\RigidBody\kernels\solverUtils.h">
      <Filter>bullet\Bullet3OpenCL</Filter>
    </ClInclude>
    <ClInclude Include="lib\bullet\Bullet3OpenCL\RigidBody\kernels\updateAabbsKernel.h">
      <Filter>bullet\Bullet3OpenCL</Filter>
    </ClInclude>
    <ClInclude Include="lib\bullet\Bullet3Serialize\Bullet2FileLoader\autogenerated\bullet2.h">
      <Filter>bullet\Bullet3Serialize</Filter>
    </ClInclude>
    <ClInclude Include="lib\bullet\Bullet3Serialize\Bullet2FileLoader\b3BulletFile.h">
      <Filter>bullet\Bullet3Serialize</Filter>
    </ClInclude>
    <ClInclude Include="lib\bullet\Bullet3Serialize\Bullet2FileLoader\b3Chunk.h">
      <Filter>bullet\Bullet3Serialize</Filter>
    </ClInclude>
    <ClInclude Include="lib\bullet\Bullet3Serialize\Bullet2FileLoader\b3Common.h">
      <Filter>bullet\Bullet3Serialize</Filter>
    </ClInclude>
    <ClInclude Include="lib\bullet\Bullet3Serialize\Bullet2FileLoader\b3Defines.h">
      <Filter>bullet\Bullet3Serialize</Filter>
    </ClInclude>
    <ClInclude Include="lib\bullet\Bullet3Serialize\Bullet2FileLoader\b3DNA.h">
      <Filter>bullet\Bullet3Serialize</Filter>
    </ClInclude>
    <ClInclude Include="lib\bullet\Bullet3Serialize\Bullet2FileLoader\b3File.h">
      <Filter>bullet\Bullet3Serialize</Filter>
    </ClInclude>
    <ClInclude Include="lib\bullet\Bullet3Serialize\Bullet2FileLoader\b3Serializer.h">
      <Filter>bullet\Bullet3Serialize</Filter>
    </ClInclude>
    <ClInclude Include="lib\bullet\BulletCollision\BroadphaseCollision\btAxisSweep3.h">
      <Filter>bullet\BulletCollision\BroadphaseCollision</Filter>
    </ClInclude>
    <ClInclude Include="lib\bullet\BulletCollision\BroadphaseCollision\btAxisSweep3Internal.h">
      <Filter>bullet\BulletCollision\BroadphaseCollision</Filter>
    </ClInclude>
    <ClInclude Include="lib\bullet\BulletCollision\BroadphaseCollision\btBroadphaseInterface.h">
      <Filter>bullet\BulletCollision\BroadphaseCollision</Filter>
    </ClInclude>
    <ClInclude Include="lib\bullet\BulletCollision\BroadphaseCollision\btBroadphaseProxy.h">
      <Filter>bullet\BulletCollision\BroadphaseCollision</Filter>
    </ClInclude>
    <ClInclude Include="lib\bullet\BulletCollision\BroadphaseCollision\btCollisionAlgorithm.h">
      <Filter>bullet\BulletCollision\BroadphaseCollision</Filter>
    </ClInclude>
    <ClInclude Include="lib\bullet\BulletCollision\BroadphaseCollision\btDbvt.h">
      <Filter>bullet\BulletCollision\BroadphaseCollision</Filter>
    </ClInclude>
    <ClInclude Include="lib\bullet\BulletCollision\BroadphaseCollision\btDbvtBroadphase.h">
      <Filter>bullet\BulletCollision\BroadphaseCollision</Filter>
    </ClInclude>
    <ClInclude Include="lib\bullet\BulletCollision\BroadphaseCollision\btDispatcher.h">
      <Filter>bullet\BulletCollision\BroadphaseCollision</Filter>
    </ClInclude>
    <ClInclude Include="lib\bullet\BulletCollision\BroadphaseCollision\btOverlappingPairCache.h">
      <Filter>bullet\BulletCollision\BroadphaseCollision</Filter>
    </ClInclude>
    <ClInclude Include="lib\bullet\BulletCollision\BroadphaseCollision\btOverlappingPairCallback.h">
      <Filter>bullet\BulletCollision\BroadphaseCollision</Filter>
    </ClInclude>
    <ClInclude Include="lib\bullet\BulletCollision\BroadphaseCollision\btQuantizedBvh.h">
      <Filter>bullet\BulletCollision\BroadphaseCollision</Filter>
    </ClInclude>
    <ClInclude Include="lib\bullet\BulletCollision\BroadphaseCollision\btSimpleBroadphase.h">
      <Filter>bullet\BulletCollision\BroadphaseCollision</Filter>
    </ClInclude>
    <ClInclude Include="lib\bullet\BulletCollision\CollisionDispatch\btActivatingCollisionAlgorithm.h">
      <Filter>bullet\BulletCollision\CollisionDispatch</Filter>
    </ClInclude>
    <ClInclude Include="lib\bullet\BulletCollision\CollisionDispatch\btBox2dBox2dCollisionAlgorithm.h">
      <Filter>bullet\BulletCollision\CollisionDispatch</Filter>
    </ClInclude>
    <ClInclude Include="lib\bullet\BulletCollision\CollisionDispatch\btBoxBoxCollisionAlgorithm.h">
      <Filter>bullet\BulletCollision\CollisionDispatch</Filter>
    </ClInclude>
    <ClInclude Include="lib\bullet\BulletCollision\CollisionDispatch\btBoxBoxDetector.h">
      <Filter>bullet\BulletCollision\CollisionDispatch</Filter>
    </ClInclude>
    <ClInclude Include="lib\bullet\BulletCollision\CollisionDispatch\btCollisionConfiguration.h">
      <Filter>bullet\BulletCollision\CollisionDispatch</Filter>
    </ClInclude>
    <ClInclude Include="lib\bullet\BulletCollision\CollisionDispatch\btCollisionCreateFunc.h">
      <Filter>bullet\BulletCollision\CollisionDispatch</Filter>
    </ClInclude>
    <ClInclude Include="lib\bullet\BulletCollision\CollisionDispatch\btCollisionDispatcher.h">
      <Filter>bullet\BulletCollision\CollisionDispatch</Filter>
    </ClInclude>
    <ClInclude Include="lib\bullet\BulletCollision\CollisionDispatch\btCollisionDispatcherMt.h">
      <Filter>bullet\BulletCollision\CollisionDispatch</Filter>
    </ClInclude>
    <ClInclude Include="lib\bullet\BulletCollision\CollisionDispatch\btCollisionObject.h">
      <Filter>bullet\BulletCollision\CollisionDispatch</Filter>
    </ClInclude>
    <ClInclude Include="lib\bullet\BulletCollision\CollisionDispatch\btCollisionObjectWrapper.h">
      <Filter>bullet\BulletCollision\CollisionDispatch</Filter>
    </ClInclude>
    <ClInclude Include="lib\bullet\BulletCollision\CollisionDispatch\btCollisionWorld.h">
      <Filter>bullet\BulletCollision\CollisionDispatch</Filter>
    </ClInclude>
    <ClInclude Include="lib\bullet\BulletCollision\CollisionDispatch\btCollisionWorldImporter.h">
      <Filter>bullet\BulletCollision\CollisionDispatch</Filter>
    </ClInclude>
    <ClInclude Include="lib\bullet\BulletCollision\CollisionDispatch\btCompoundCollisionAlgorithm.h">
      <Filter>bullet\BulletCollision\CollisionDispatch</Filter>
    </ClInclude>
    <ClInclude Include="lib\bullet\BulletCollision\CollisionDispatch\btCompoundCompoundCollisionAlgorithm.h">
      <Filter>bullet\BulletCollision\CollisionDispatch</Filter>
    </ClInclude>
    <ClInclude Include="lib\bullet\BulletCollision\CollisionDispatch\btConvex2dConvex2dAlgorithm.h">
      <Filter>bullet\BulletCollision\CollisionDispatch</Filter>
    </ClInclude>
    <ClInclude Include="lib\bullet\BulletCollision\CollisionDispatch\btConvexConcaveCollisionAlgorithm.h">
      <Filter>bullet\BulletCollision\CollisionDispatch</Filter>
    </ClInclude>
    <ClInclude Include="lib\bullet\BulletCollision\CollisionDispatch\btConvexConvexAlgorithm.h">
      <Filter>bullet\BulletCollision\CollisionDispatch</Filter>
    </ClInclude>
    <ClInclude Include="lib\bullet\BulletCollision\CollisionDispatch\btConvexPlaneCollisionAlgorithm.h">
      <Filter>bullet\BulletCollision\CollisionDispatch</Filter>
    </ClInclude>
    <ClInclude Include="lib\bullet\BulletCollision\CollisionDispatch\btDefaultCollisionConfiguration.h">
      <Filter>bullet\BulletCollision\CollisionDispatch</Filter>
    </ClInclude>
    <ClInclude Include="lib\bullet\BulletCollision\CollisionDispatch\btEmptyCollisionAlgorithm.h">
      <Filter>bullet\BulletCollision\CollisionDispatch</Filter>
    </ClInclude>
    <ClInclude Include="lib\bullet\BulletCollision\CollisionDispatch\btGhostObject.h">
      <Filter>bullet\BulletCollision\CollisionDispatch</Filter>
    </ClInclude>
    <ClInclude Include="lib\bullet\BulletCollision\CollisionDispatch\btHashedSimplePairCache.h">
      <Filter>bullet\BulletCollision\CollisionDispatch</Filter>
    </ClInclude>
    <ClInclude Include="lib\bullet\BulletCollision\CollisionDispatch\btInternalEdgeUtility.h">
      <Filter>bullet\BulletCollision\CollisionDispatch</Filter>
    </ClInclude>
    <ClInclude Include="lib\bullet\BulletCollision\CollisionDispatch\btManifoldResult.h">
      <Filter>bullet\BulletCollision\CollisionDispatch</Filter>
    </ClInclude>
    <ClInclude Include="lib\bullet\BulletCollision\CollisionDispatch\btSimulationIslandManager.h">
      <Filter>bullet\BulletCollision\CollisionDispatch</Filter>
    </ClInclude>
    <ClInclude Include="lib\bullet\BulletCollision\CollisionDispatch\btSphereBoxCollisionAlgorithm.h">
      <Filter>bullet\BulletCollision\CollisionDispatch</Filter>
    </ClInclude>
    <ClInclude Include="lib\bullet\BulletCollision\CollisionDispatch\btSphereSphereCollisionAlgorithm.h">
      <Filter>bullet\BulletCollision\CollisionDispatch</Filter>
    </ClInclude>
    <ClInclude Include="lib\bullet\BulletCollision\CollisionDispatch\btSphereTriangleCollisionAlgorithm.h">
      <Filter>bullet\BulletCollision\CollisionDispatch</Filter>
    </ClInclude>
    <ClInclude Include="lib\bullet\BulletCollision\CollisionDispatch\btUnionFind.h">
      <Filter>bullet\BulletCollision\CollisionDispatch</Filter>
    </ClInclude>
    <ClInclude Include="lib\bullet\BulletCollision\CollisionDispatch\SphereTriangleDetector.h">
      <Filter>bullet\BulletCollision\CollisionDispatch</Filter>
    </ClInclude>
    <ClInclude Include="lib\bullet\BulletCollision\CollisionShapes\btBox2dShape.h">
      <Filter>bullet\BulletCollision\CollisionShapes</Filter>
    </ClInclude>
    <ClInclude Include="lib\bullet\BulletCollision\CollisionShapes\btBoxShape.h">
      <Filter>bullet\BulletCollision\CollisionShapes</Filter>
    </ClInclude>
    <ClInclude Include="lib\bullet\BulletCollision\CollisionShapes\btBvhTriangleMeshShape.h">
      <Filter>bullet\BulletCollision\CollisionShapes</Filter>
    </ClInclude>
    <ClInclude Include="lib\bullet\BulletCollision\CollisionShapes\btCapsuleShape.h">
      <Filter>bullet\BulletCollision\CollisionShapes</Filter>
    </ClInclude>
    <ClInclude Include="lib\bullet\BulletCollision\CollisionShapes\btCollisionMargin.h">
      <Filter>bullet\BulletCollision\CollisionShapes</Filter>
    </ClInclude>
    <ClInclude Include="lib\bullet\BulletCollision\CollisionShapes\btCollisionShape.h">
      <Filter>bullet\BulletCollision\CollisionShapes</Filter>
    </ClInclude>
    <ClInclude Include="lib\bullet\BulletCollision\CollisionShapes\btCompoundShape.h">
      <Filter>bullet\BulletCollision\CollisionShapes</Filter>
    </ClInclude>
    <ClInclude Include="lib\bullet\BulletCollision\CollisionShapes\btConcaveShape.h">
      <Filter>bullet\BulletCollision\CollisionShapes</Filter>
    </ClInclude>
    <ClInclude Include="lib\bullet\BulletCollision\CollisionShapes\btConeShape.h">
      <Filter>bullet\BulletCollision\CollisionShapes</Filter>
    </ClInclude>
    <ClInclude Include="lib\bullet\BulletCollision\CollisionShapes\btConvex2dShape.h">
      <Filter>bullet\BulletCollision\CollisionShapes</Filter>
    </ClInclude>
    <ClInclude Include="lib\bullet\BulletCollision\CollisionShapes\btConvexHullShape.h">
      <Filter>bullet\BulletCollision\CollisionShapes</Filter>
    </ClInclude>
    <ClInclude Include="lib\bullet\BulletCollision\CollisionShapes\btConvexInternalShape.h">
      <Filter>bullet\BulletCollision\CollisionShapes</Filter>
    </ClInclude>
    <ClInclude Include="lib\bullet\BulletCollision\CollisionShapes\btConvexPointCloudShape.h">
      <Filter>bullet\BulletCollision\CollisionShapes</Filter>
    </ClInclude>
    <ClInclude Include="lib\bullet\BulletCollision\CollisionShapes\btConvexPolyhedron.h">
      <Filter>bullet\BulletCollision\CollisionShapes</Filter>
    </ClInclude>
    <ClInclude Include="lib\bullet\BulletCollision\CollisionShapes\btConvexShape.h">
      <Filter>bullet\BulletCollision\CollisionShapes</Filter>
    </ClInclude>
    <ClInclude Include="lib\bullet\BulletCollision\CollisionShapes\btConvexTriangleMeshShape.h">
      <Filter>bullet\BulletCollision\CollisionShapes</Filter>
    </ClInclude>
    <ClInclude Include="lib\bullet\BulletCollision\CollisionShapes\btCylinderShape.h">
      <Filter>bullet\BulletCollision\CollisionShapes</Filter>
    </ClInclude>
    <ClInclude Include="lib\bullet\BulletCollision\CollisionShapes\btEmptyShape.h">
      <Filter>bullet\BulletCollision\CollisionShapes</Filter>
    </ClInclude>
    <ClInclude Include="lib\bullet\BulletCollision\CollisionShapes\btHeightfieldTerrainShape.h">
      <Filter>bullet\BulletCollision\CollisionShapes</Filter>
    </ClInclude>
    <ClInclude Include="lib\bullet\BulletCollision\CollisionShapes\btMaterial.h">
      <Filter>bullet\BulletCollision\CollisionShapes</Filter>
    </ClInclude>
    <ClInclude Include="lib\bullet\BulletCollision\CollisionShapes\btMiniSDF.h">
      <Filter>bullet\BulletCollision\CollisionShapes</Filter>
    </ClInclude>
    <ClInclude Include="lib\bullet\BulletCollision\CollisionShapes\btMinkowskiSumShape.h">
      <Filter>bullet\BulletCollision\CollisionShapes</Filter>
    </ClInclude>
    <ClInclude Include="lib\bullet\BulletCollision\CollisionShapes\btMultimaterialTriangleMeshShape.h">
      <Filter>bullet\BulletCollision\CollisionShapes</Filter>
    </ClInclude>
    <ClInclude Include="lib\bullet\BulletCollision\CollisionShapes\btMultiSphereShape.h">
      <Filter>bullet\BulletCollision\CollisionShapes</Filter>
    </ClInclude>
    <ClInclude Include="lib\bullet\BulletCollision\CollisionShapes\btOptimizedBvh.h">
      <Filter>bullet\BulletCollision\CollisionShapes</Filter>
    </ClInclude>
    <ClInclude Include="lib\bullet\BulletCollision\CollisionShapes\btPolyhedralConvexShape.h">
      <Filter>bullet\BulletCollision\CollisionShapes</Filter>
    </ClInclude>
    <ClInclude Include="lib\bullet\BulletCollision\CollisionShapes\btScaledBvhTriangleMeshShape.h">
      <Filter>bullet\BulletCollision\CollisionShapes</Filter>
    </ClInclude>
    <ClInclude Include="lib\bullet\BulletCollision\CollisionShapes\btSdfCollisionShape.h">
      <Filter>bullet\BulletCollision\CollisionShapes</Filter>
    </ClInclude>
    <ClInclude Include="lib\bullet\BulletCollision\CollisionShapes\btShapeHull.h">
      <Filter>bullet\BulletCollision\CollisionShapes</Filter>
    </ClInclude>
    <ClInclude Include="lib\bullet\BulletCollision\CollisionShapes\btSphereShape.h">
      <Filter>bullet\BulletCollision\CollisionShapes</Filter>
    </ClInclude>
    <ClInclude Include="lib\bullet\BulletCollision\CollisionShapes\btStaticPlaneShape.h">
      <Filter>bullet\BulletCollision\CollisionShapes</Filter>
    </ClInclude>
    <ClInclude Include="lib\bullet\BulletCollision\CollisionShapes\btStridingMeshInterface.h">
      <Filter>bullet\BulletCollision\CollisionShapes</Filter>
    </ClInclude>
    <ClInclude Include="lib\bullet\BulletCollision\CollisionShapes\btTetrahedronShape.h">
      <Filter>bullet\BulletCollision\CollisionShapes</Filter>
    </ClInclude>
    <ClInclude Include="lib\bullet\BulletCollision\CollisionShapes\btTriangleBuffer.h">
      <Filter>bullet\BulletCollision\CollisionShapes</Filter>
    </ClInclude>
    <ClInclude Include="lib\bullet\BulletCollision\CollisionShapes\btTriangleCallback.h">
      <Filter>bullet\BulletCollision\CollisionShapes</Filter>
    </ClInclude>
    <ClInclude Include="lib\bullet\BulletCollision\CollisionShapes\btTriangleIndexVertexArray.h">
      <Filter>bullet\BulletCollision\CollisionShapes</Filter>
    </ClInclude>
    <ClInclude Include="lib\bullet\BulletCollision\CollisionShapes\btTriangleIndexVertexMaterialArray.h">
      <Filter>bullet\BulletCollision\CollisionShapes</Filter>
    </ClInclude>
    <ClInclude Include="lib\bullet\BulletCollision\CollisionShapes\btTriangleInfoMap.h">
      <Filter>bullet\BulletCollision\CollisionShapes</Filter>
    </ClInclude>
    <ClInclude Include="lib\bullet\BulletCollision\CollisionShapes\btTriangleMesh.h">
      <Filter>bullet\BulletCollision\CollisionShapes</Filter>
    </ClInclude>
    <ClInclude Include="lib\bullet\BulletCollision\CollisionShapes\btTriangleMeshShape.h">
      <Filter>bullet\BulletCollision\CollisionShapes</Filter>
    </ClInclude>
    <ClInclude Include="lib\bullet\BulletCollision\CollisionShapes\btTriangleShape.h">
      <Filter>bullet\BulletCollision\CollisionShapes</Filter>
    </ClInclude>
    <ClInclude Include="lib\bullet\BulletCollision\CollisionShapes\btUniformScalingShape.h">
      <Filter>bullet\BulletCollision\CollisionShapes</Filter>
    </ClInclude>
    <ClInclude Include="lib\bullet\BulletCollision\Gimpact\btBoxCollision.h">
      <Filter>bullet\BulletCollision\Gimpact</Filter>
    </ClInclude>
    <ClInclude Include="lib\bullet\BulletCollision\Gimpact\btClipPolygon.h">
      <Filter>bullet\BulletCollision\Gimpact</Filter>
    </ClInclude>
    <ClInclude Include="lib\bullet\BulletCollision\Gimpact\btCompoundFromGimpact.h">
      <Filter>bullet\BulletCollision\Gimpact</Filter>
    </ClInclude>
    <ClInclude Include="lib\bullet\BulletCollision\Gimpact\btContactProcessing.h">
      <Filter>bullet\BulletCollision\Gimpact</Filter>
    </ClInclude>
    <ClInclude Include="lib\bullet\BulletCollision\Gimpact\btContactProcessingStructs.h">
      <Filter>bullet\BulletCollision\Gimpact</Filter>
    </ClInclude>
    <ClInclude Include="lib\bullet\BulletCollision\Gimpact\btGenericPoolAllocator.h">
      <Filter>bullet\BulletCollision\Gimpact</Filter>
    </ClInclude>
    <ClInclude Include="lib\bullet\BulletCollision\Gimpact\btGeometryOperations.h">
      <Filter>bullet\BulletCollision\Gimpact</Filter>
    </ClInclude>
    <ClInclude Include="lib\bullet\BulletCollision\Gimpact\btGImpactBvh.h">
      <Filter>bullet\BulletCollision\Gimpact</Filter>
    </ClInclude>
    <ClInclude Include="lib\bullet\BulletCollision\Gimpact\btGImpactBvhStructs.h">
      <Filter>bullet\BulletCollision\Gimpact</Filter>
    </ClInclude>
    <ClInclude Include="lib\bullet\BulletCollision\Gimpact\btGImpactCollisionAlgorithm.h">
      <Filter>bullet\BulletCollision\Gimpact</Filter>
    </ClInclude>
    <ClInclude Include="lib\bullet\BulletCollision\Gimpact\btGImpactMassUtil.h">
      <Filter>bullet\BulletCollision\Gimpact</Filter>
    </ClInclude>
    <ClInclude Include="lib\bullet\BulletCollision\Gimpact\btGImpactQuantizedBvh.h">
      <Filter>bullet\BulletCollision\Gimpact</Filter>
    </ClInclude>
    <ClInclude Include="lib\bullet\BulletCollision\Gimpact\btGImpactQuantizedBvhStructs.h">
      <Filter>bullet\BulletCollision\Gimpact</Filter>
    </ClInclude>
    <ClInclude Include="lib\bullet\BulletCollision\Gimpact\btGImpactShape.h">
      <Filter>bullet\BulletCollision\Gimpact</Filter>
    </ClInclude>
    <ClInclude Include="lib\bullet\BulletCollision\Gimpact\btQuantization.h">
      <Filter>bullet\BulletCollision\Gimpact</Filter>
    </ClInclude>
    <ClInclude Include="lib\bullet\BulletCollision\Gimpact\btTriangleShapeEx.h">
      <Filter>bullet\BulletCollision\Gimpact</Filter>
    </ClInclude>
    <ClInclude Include="lib\bullet\BulletCollision\Gimpact\gim_array.h">
      <Filter>bullet\BulletCollision\Gimpact</Filter>
    </ClInclude>
    <ClInclude Include="lib\bullet\BulletCollision\Gimpact\gim_basic_geometry_operations.h">
      <Filter>bullet\BulletCollision\Gimpact</Filter>
    </ClInclude>
    <ClInclude Include="lib\bullet\BulletCollision\Gimpact\gim_bitset.h">
      <Filter>bullet\BulletCollision\Gimpact</Filter>
    </ClInclude>
    <ClInclude Include="lib\bullet\BulletCollision\Gimpact\gim_box_collision.h">
      <Filter>bullet\BulletCollision\Gimpact</Filter>
    </ClInclude>
    <ClInclude Include="lib\bullet\BulletCollision\Gimpact\gim_box_set.h">
      <Filter>bullet\BulletCollision\Gimpact</Filter>
    </ClInclude>
    <ClInclude Include="lib\bullet\BulletCollision\Gimpact\gim_clip_polygon.h">
      <Filter>bullet\BulletCollision\Gimpact</Filter>
    </ClInclude>
    <ClInclude Include="lib\bullet\BulletCollision\Gimpact\gim_contact.h">
      <Filter>bullet\BulletCollision\Gimpact</Filter>
    </ClInclude>
    <ClInclude Include="lib\bullet\BulletCollision\Gimpact\gim_geometry.h">
      <Filter>bullet\BulletCollision\Gimpact</Filter>
    </ClInclude>
    <ClInclude Include="lib\bullet\BulletCollision\Gimpact\gim_geom_types.h">
      <Filter>bullet\BulletCollision\Gimpact</Filter>
    </ClInclude>
    <ClInclude Include="lib\bullet\BulletCollision\Gimpact\gim_hash_table.h">
      <Filter>bullet\BulletCollision\Gimpact</Filter>
    </ClInclude>
    <ClInclude Include="lib\bullet\BulletCollision\Gimpact\gim_linear_math.h">
      <Filter>bullet\BulletCollision\Gimpact</Filter>
    </ClInclude>
    <ClInclude Include="lib\bullet\BulletCollision\Gimpact\gim_math.h">
      <Filter>bullet\BulletCollision\Gimpact</Filter>
    </ClInclude>
    <ClInclude Include="lib\bullet\BulletCollision\Gimpact\gim_memory.h">
      <Filter>bullet\BulletCollision\Gimpact</Filter>
    </ClInclude>
    <ClInclude Include="lib\bullet\BulletCollision\Gimpact\gim_pair.h">
      <Filter>bullet\BulletCollision\Gimpact</Filter>
    </ClInclude>
    <ClInclude Include="lib\bullet\BulletCollision\Gimpact\gim_radixsort.h">
      <Filter>bullet\BulletCollision\Gimpact</Filter>
    </ClInclude>
    <ClInclude Include="lib\bullet\BulletCollision\Gimpact\gim_tri_collision.h">
      <Filter>bullet\BulletCollision\Gimpact</Filter>
    </ClInclude>
    <ClInclude Include="lib\bullet\BulletCollision\NarrowPhaseCollision\btComputeGjkEpaPenetration.h">
      <Filter>bullet\BulletCollision\Gimpact</Filter>
    </ClInclude>
    <ClInclude Include="lib\bullet\BulletCollision\NarrowPhaseCollision\btContinuousConvexCollision.h">
      <Filter>bullet\BulletCollision\Gimpact</Filter>
    </ClInclude>
    <ClInclude Include="lib\bullet\BulletCollision\NarrowPhaseCollision\btConvexCast.h">
      <Filter>bullet\BulletCollision\Gimpact</Filter>
    </ClInclude>
    <ClInclude Include="lib\bullet\BulletCollision\NarrowPhaseCollision\btConvexPenetrationDepthSolver.h">
      <Filter>bullet\BulletCollision\Gimpact</Filter>
    </ClInclude>
    <ClInclude Include="lib\bullet\BulletCollision\NarrowPhaseCollision\btDiscreteCollisionDetectorInterface.h">
      <Filter>bullet\BulletCollision\Gimpact</Filter>
    </ClInclude>
    <ClInclude Include="lib\bullet\BulletCollision\NarrowPhaseCollision\btGjkCollisionDescription.h">
      <Filter>bullet\BulletCollision\Gimpact</Filter>
    </ClInclude>
    <ClInclude Include="lib\bullet\BulletCollision\NarrowPhaseCollision\btGjkConvexCast.h">
      <Filter>bullet\BulletCollision\Gimpact</Filter>
    </ClInclude>
    <ClInclude Include="lib\bullet\BulletCollision\NarrowPhaseCollision\btGjkEpa2.h">
      <Filter>bullet\BulletCollision\Gimpact</Filter>
    </ClInclude>
    <ClInclude Include="lib\bullet\BulletCollision\NarrowPhaseCollision\btGjkEpa3.h">
      <Filter>bullet\BulletCollision\Gimpact</Filter>
    </ClInclude>
    <ClInclude Include="lib\bullet\BulletCollision\NarrowPhaseCollision\btGjkEpaPenetrationDepthSolver.h">
      <Filter>bullet\BulletCollision\Gimpact</Filter>
    </ClInclude>
    <ClInclude Include="lib\bullet\BulletCollision\NarrowPhaseCollision\btGjkPairDetector.h">
      <Filter>bullet\BulletCollision\Gimpact</Filter>
    </ClInclude>
    <ClInclude Include="lib\bullet\BulletCollision\NarrowPhaseCollision\btManifoldPoint.h">
      <Filter>bullet\BulletCollision\Gimpact</Filter>
    </ClInclude>
    <ClInclude Include="lib\bullet\BulletCollision\NarrowPhaseCollision\btMinkowskiPenetrationDepthSolver.h">
      <Filter>bullet\BulletCollision\Gimpact</Filter>
    </ClInclude>
    <ClInclude Include="lib\bullet\BulletCollision\NarrowPhaseCollision\btMprPenetration.h">
      <Filter>bullet\BulletCollision\Gimpact</Filter>
    </ClInclude>
    <ClInclude Include="lib\bullet\BulletCollision\NarrowPhaseCollision\btPersistentManifold.h">
      <Filter>bullet\BulletCollision\Gimpact</Filter>
    </ClInclude>
    <ClInclude Include="lib\bullet\BulletCollision\NarrowPhaseCollision\btPointCollector.h">
      <Filter>bullet\BulletCollision\Gimpact</Filter>
    </ClInclude>
    <ClInclude Include="lib\bullet\BulletCollision\NarrowPhaseCollision\btPolyhedralContactClipping.h">
      <Filter>bullet\BulletCollision\Gimpact</Filter>
    </ClInclude>
    <ClInclude Include="lib\bullet\BulletCollision\NarrowPhaseCollision\btRaycastCallback.h">
      <Filter>bullet\BulletCollision\Gimpact</Filter>
    </ClInclude>
    <ClInclude Include="lib\bullet\BulletCollision\NarrowPhaseCollision\btSimplexSolverInterface.h">
      <Filter>bullet\BulletCollision\Gimpact</Filter>
    </ClInclude>
    <ClInclude Include="lib\bullet\BulletCollision\NarrowPhaseCollision\btSubSimplexConvexCast.h">
      <Filter>bullet\BulletCollision\Gimpact</Filter>
    </ClInclude>
    <ClInclude Include="lib\bullet\BulletCollision\NarrowPhaseCollision\btVoronoiSimplexSolver.h">
      <Filter>bullet\BulletCollision\Gimpact</Filter>
    </ClInclude>
    <ClInclude Include="Objects\BulletCore.h">
      <Filter>Headerdateien\Objects</Filter>
    </ClInclude>
    <ClInclude Include="PhysicEngineReact.h">
      <Filter>Headerdateien</Filter>
    </ClInclude>
    <ClInclude Include="PhysicEngine.h">
      <Filter>Headerdateien</Filter>
    </ClInclude>
    <ClInclude Include="Objects\SphereReact.h">
      <Filter>Headerdateien\Objects</Filter>
    </ClInclude>
  </ItemGroup>
</Project>