<?xml version="1.0" encoding="utf-8"?>
<Project ToolsVersion="4.0" xmlns="http://schemas.microsoft.com/developer/msbuild/2003">
  <ItemGroup>
    <Filter Include="Source Files">
      <UniqueIdentifier>{4FC737F1-C7A5-4376-A066-2A32D752A2FF}</UniqueIdentifier>
      <Extensions>cpp;c;cc;cxx;c++;cppm;ixx;def;odl;idl;hpj;bat;asm;asmx</Extensions>
    </Filter>
    <Filter Include="Header Files">
      <UniqueIdentifier>{93995380-89BD-4b04-88EB-625FBE52EBFB}</UniqueIdentifier>
      <Extensions>h;hh;hpp;hxx;h++;hm;inl;inc;ipp;xsd</Extensions>
    </Filter>
    <Filter Include="Resource Files">
      <UniqueIdentifier>{67DA6AB6-F800-4c08-8B7A-83BB121AAD01}</UniqueIdentifier>
      <Extensions>rc;ico;cur;bmp;dlg;rc2;rct;bin;rgs;gif;jpg;jpeg;jpe;resx;tiff;tif;png;wav;mfcribbon-ms</Extensions>
    </Filter>
    <Filter Include="Header Files\Camera">
      <UniqueIdentifier>{7c7574ed-2ef5-45a1-8656-6467184a7841}</UniqueIdentifier>
    </Filter>
    <Filter Include="Source Files\Camera">
      <UniqueIdentifier>{6e33b508-f8c8-4d67-b07a-b45ea57353ab}</UniqueIdentifier>
    </Filter>
    <Filter Include="Header Files\Drawables">
      <UniqueIdentifier>{4c633bd5-6f2a-4e2c-b553-0321918711ab}</UniqueIdentifier>
    </Filter>
    <Filter Include="Source Files\Drawables">
      <UniqueIdentifier>{b7cc6066-9fed-4b71-b2b3-940affa95594}</UniqueIdentifier>
    </Filter>
    <Filter Include="Header Files\Drawables\Widgets">
      <UniqueIdentifier>{81866c1b-62a7-49df-a788-fe134cb3af30}</UniqueIdentifier>
    </Filter>
    <Filter Include="Source Files\Drawables\Widgets">
      <UniqueIdentifier>{0279faa7-8330-4d3f-8b97-e46c99c0ed02}</UniqueIdentifier>
    </Filter>
    <Filter Include="Header Files\Examples">
      <UniqueIdentifier>{96d11024-9df1-4757-b770-bc7b6d988837}</UniqueIdentifier>
    </Filter>
    <Filter Include="Source Files\Examples">
      <UniqueIdentifier>{64450e9f-ca49-4e81-8ada-4233c0065eb0}</UniqueIdentifier>
    </Filter>
    <Filter Include="Header Files\GameModel">
      <UniqueIdentifier>{ab6658e6-e29f-4689-8e94-4d3982dcc9dc}</UniqueIdentifier>
    </Filter>
    <Filter Include="Source Files\GameModel">
      <UniqueIdentifier>{f0194c69-defa-4893-9a26-060e0cb97283}</UniqueIdentifier>
    </Filter>
    <Filter Include="Header Files\Input">
      <UniqueIdentifier>{c57aec1b-9e13-43ea-8472-3005d111ce0d}</UniqueIdentifier>
    </Filter>
    <Filter Include="Source Files\Input">
      <UniqueIdentifier>{80875bb5-9aaf-45bb-8c77-2e7a09974589}</UniqueIdentifier>
    </Filter>
    <Filter Include="Lib">
      <UniqueIdentifier>{be47d393-1513-44aa-8da4-c2a8416baea7}</UniqueIdentifier>
    </Filter>
    <Filter Include="Header Files\OpenGL">
      <UniqueIdentifier>{c489f3ff-75ee-470b-9956-aabc08788b0f}</UniqueIdentifier>
    </Filter>
    <Filter Include="Source Files\OpenGL">
      <UniqueIdentifier>{65ef8bf8-a5d2-4228-8931-ebc5211fd2af}</UniqueIdentifier>
    </Filter>
    <Filter Include="Header Files\Renderer">
      <UniqueIdentifier>{dfe31569-b0c0-4e8f-a16b-d794c8f82009}</UniqueIdentifier>
    </Filter>
    <Filter Include="Source Files\Renderer">
      <UniqueIdentifier>{878e94b1-ef07-49c5-a95e-932b8c01ce80}</UniqueIdentifier>
    </Filter>
    <Filter Include="Header Files\RTSComponents">
      <UniqueIdentifier>{aec58408-2b38-4edd-b816-895473f3d066}</UniqueIdentifier>
    </Filter>
    <Filter Include="Source Files\RTSComponents">
      <UniqueIdentifier>{796101b3-395c-4293-a0a3-488732628ea4}</UniqueIdentifier>
    </Filter>
    <Filter Include="Header Files\Util">
      <UniqueIdentifier>{8b4e8012-5834-4044-aec6-6be9fe8b1858}</UniqueIdentifier>
    </Filter>
    <Filter Include="Source Files\Util">
      <UniqueIdentifier>{06c3e86e-4ca4-488d-ae69-0ec5068647e2}</UniqueIdentifier>
    </Filter>
    <Filter Include="Lib\gli">
      <UniqueIdentifier>{0e3ede70-1db6-4892-be06-818b7b33b624}</UniqueIdentifier>
    </Filter>
    <Filter Include="Lib\gli\core">
      <UniqueIdentifier>{1769710b-57dd-4a7c-a5ba-4844ad41bbc9}</UniqueIdentifier>
    </Filter>
    <Filter Include="Lib\glad">
      <UniqueIdentifier>{d5377d42-9600-40d3-81b0-a2a57bdd09ea}</UniqueIdentifier>
    </Filter>
  </ItemGroup>
  <ItemGroup>
    <ClCompile Include="Camera\RTSCamera.cpp">
      <Filter>Source Files\Camera</Filter>
    </ClCompile>
    <ClCompile Include="Camera\Camera.cpp">
      <Filter>Source Files\Camera</Filter>
    </ClCompile>
    <ClCompile Include="Camera\Camera2D.cpp">
      <Filter>Source Files\Camera</Filter>
    </ClCompile>
    <ClCompile Include="Camera\CameraSystem.cpp">
      <Filter>Source Files\Camera</Filter>
    </ClCompile>
    <ClCompile Include="Camera\FollowCamera.cpp">
      <Filter>Source Files\Camera</Filter>
    </ClCompile>
    <ClCompile Include="Camera\FreeCamera.cpp">
      <Filter>Source Files\Camera</Filter>
    </ClCompile>
    <ClCompile Include="Drawables\Ground.cpp">
      <Filter>Source Files\Drawables</Filter>
    </ClCompile>
    <ClCompile Include="Drawables\Background.cpp">
      <Filter>Source Files\Drawables</Filter>
    </ClCompile>
    <ClCompile Include="Drawables\FPS.cpp">
      <Filter>Source Files\Drawables</Filter>
    </ClCompile>
    <ClCompile Include="Drawables\Widgets\Button.cpp">
      <Filter>Source Files\Drawables\Widgets</Filter>
    </ClCompile>
    <ClCompile Include="Drawables\Widgets\Label.cpp">
      <Filter>Source Files\Drawables\Widgets</Filter>
    </ClCompile>
    <ClCompile Include="Drawables\Widgets\LineEdit.cpp">
      <Filter>Source Files\Drawables\Widgets</Filter>
    </ClCompile>
    <ClCompile Include="Drawables\Widgets\ListLayout.cpp">
      <Filter>Source Files\Drawables\Widgets</Filter>
    </ClCompile>
    <ClCompile Include="Drawables\Widgets\Slider.cpp">
      <Filter>Source Files\Drawables\Widgets</Filter>
    </ClCompile>
    <ClCompile Include="Drawables\Widgets\Widget.cpp">
      <Filter>Source Files\Drawables\Widgets</Filter>
    </ClCompile>
    <ClCompile Include="Examples\Texture2Tree.cpp">
      <Filter>Source Files\Examples</Filter>
    </ClCompile>
    <ClCompile Include="Examples\BasicTriangle.cpp">
      <Filter>Source Files\Examples</Filter>
    </ClCompile>
    <ClCompile Include="Examples\RenderTexture.cpp">
      <Filter>Source Files\Examples</Filter>
    </ClCompile>
    <ClCompile Include="Examples\RenderTriangle.cpp">
      <Filter>Source Files\Examples</Filter>
    </ClCompile>
    <ClCompile Include="Examples\RotatingCube.cpp">
      <Filter>Source Files\Examples</Filter>
    </ClCompile>
    <ClCompile Include="GameModel\GameState.cpp">
      <Filter>Source Files\GameModel</Filter>
    </ClCompile>
    <ClCompile Include="GameModel\Player.cpp">
      <Filter>Source Files\GameModel</Filter>
    </ClCompile>
    <ClCompile Include="GameModel\Unit.cpp">
      <Filter>Source Files\GameModel</Filter>
    </ClCompile>
    <ClCompile Include="Input\DirectWASDController.cpp">
      <Filter>Source Files\Input</Filter>
    </ClCompile>
    <ClCompile Include="Input\Hotkey.cpp">
      <Filter>Source Files\Input</Filter>
    </ClCompile>
    <ClCompile Include="OpenGL\UpdateableList.cpp">
      <Filter>Source Files\OpenGL</Filter>
    </ClCompile>
    <ClCompile Include="OpenGL\VAO.cpp">
      <Filter>Source Files\OpenGL</Filter>
    </ClCompile>
    <ClCompile Include="OpenGL\VBO.cpp">
      <Filter>Source Files\OpenGL</Filter>
    </ClCompile>
    <ClCompile Include="OpenGL\Window.cpp">
      <Filter>Source Files\OpenGL</Filter>
    </ClCompile>
    <ClCompile Include="OpenGL\Camera.cpp">
      <Filter>Source Files\OpenGL</Filter>
    </ClCompile>
    <ClCompile Include="OpenGL\Drawable.cpp">
      <Filter>Source Files\OpenGL</Filter>
    </ClCompile>
    <ClCompile Include="OpenGL\DrawableList.cpp">
      <Filter>Source Files\OpenGL</Filter>
    </ClCompile>
    <ClCompile Include="OpenGL\DrawSpecification.cpp">
      <Filter>Source Files\OpenGL</Filter>
    </ClCompile>
    <ClCompile Include="OpenGL\IBO.cpp">
      <Filter>Source Files\OpenGL</Filter>
    </ClCompile>
    <ClCompile Include="OpenGL\InputHandling.cpp">
      <Filter>Source Files\OpenGL</Filter>
    </ClCompile>
    <ClCompile Include="OpenGL\Rendertarget.cpp">
      <Filter>Source Files\OpenGL</Filter>
    </ClCompile>
    <ClCompile Include="OpenGL\ShaderProgram.cpp">
      <Filter>Source Files\OpenGL</Filter>
    </ClCompile>
    <ClCompile Include="OpenGL\SSBO.cpp">
      <Filter>Source Files\OpenGL</Filter>
    </ClCompile>
    <ClCompile Include="OpenGL\Texture.cpp">
      <Filter>Source Files\OpenGL</Filter>
    </ClCompile>
    <ClCompile Include="OpenGL\Uniform.cpp">
      <Filter>Source Files\OpenGL</Filter>
    </ClCompile>
    <ClCompile Include="OpenGL\Updateable.cpp">
      <Filter>Source Files\OpenGL</Filter>
    </ClCompile>
    <ClCompile Include="Renderer\ArrowRenderer.cpp">
      <Filter>Source Files\Renderer</Filter>
    </ClCompile>
    <ClCompile Include="Renderer\BoxRenderer.cpp">
      <Filter>Source Files\Renderer</Filter>
    </ClCompile>
    <ClCompile Include="Renderer\MeshRenderer.cpp">
      <Filter>Source Files\Renderer</Filter>
    </ClCompile>
    <ClCompile Include="Renderer\RectangleRenderer.cpp">
      <Filter>Source Files\Renderer</Filter>
    </ClCompile>
    <ClCompile Include="Renderer\SphereRenderer.cpp">
      <Filter>Source Files\Renderer</Filter>
    </ClCompile>
    <ClCompile Include="Renderer\SupComModelRenderer.cpp">
      <Filter>Source Files\Renderer</Filter>
    </ClCompile>
    <ClCompile Include="Renderer\TextRenderer.cpp">
      <Filter>Source Files\Renderer</Filter>
    </ClCompile>
    <ClCompile Include="Renderer\TextureRenderer.cpp">
      <Filter>Source Files\Renderer</Filter>
    </ClCompile>
    <ClCompile Include="RTSComponents\Unit.cpp">
      <Filter>Source Files\RTSComponents</Filter>
    </ClCompile>
    <ClCompile Include="RTSComponents\Landscape.cpp">
      <Filter>Source Files\RTSComponents</Filter>
    </ClCompile>
    <ClCompile Include="Util\Geometry.cpp">
      <Filter>Source Files\Util</Filter>
    </ClCompile>
    <ClCompile Include="Util\ImageIO.cpp">
      <Filter>Source Files\Util</Filter>
    </ClCompile>
    <ClCompile Include="Util\Util.cpp">
      <Filter>Source Files\Util</Filter>
    </ClCompile>
    <ClCompile Include="Lib\gli\core\dummy.cpp">
      <Filter>Lib\gli\core</Filter>
    </ClCompile>
    <ClCompile Include="Lib\glad\src\glad.c">
      <Filter>Lib\glad</Filter>
    </ClCompile>
  </ItemGroup>
  <ItemGroup>
    <ClInclude Include="Camera\Camera.h">
      <Filter>Header Files\Camera</Filter>
    </ClInclude>
    <ClInclude Include="Camera\Camera2D.h">
      <Filter>Header Files\Camera</Filter>
    </ClInclude>
    <ClInclude Include="Camera\CameraSystem.h">
      <Filter>Header Files\Camera</Filter>
    </ClInclude>
    <ClInclude Include="Camera\FollowCamera.h">
      <Filter>Header Files\Camera</Filter>
    </ClInclude>
    <ClInclude Include="Camera\FreeCamera.h">
      <Filter>Header Files\Camera</Filter>
    </ClInclude>
    <ClInclude Include="Camera\RTSCamera.h">
      <Filter>Header Files\Camera</Filter>
    </ClInclude>
    <ClInclude Include="Drawables\Background.h">
      <Filter>Header Files\Drawables</Filter>
    </ClInclude>
    <ClInclude Include="Drawables\FPS.h">
      <Filter>Header Files\Drawables</Filter>
    </ClInclude>
    <ClInclude Include="Drawables\Ground.h">
      <Filter>Header Files\Drawables</Filter>
    </ClInclude>
    <ClInclude Include="Drawables\Widgets\Button.h">
      <Filter>Header Files\Drawables\Widgets</Filter>
    </ClInclude>
    <ClInclude Include="Drawables\Widgets\Label.h">
      <Filter>Header Files\Drawables\Widgets</Filter>
    </ClInclude>
    <ClInclude Include="Drawables\Widgets\LineEdit.h">
      <Filter>Header Files\Drawables\Widgets</Filter>
    </ClInclude>
    <ClInclude Include="Drawables\Widgets\ListLayout.h">
      <Filter>Header Files\Drawables\Widgets</Filter>
    </ClInclude>
    <ClInclude Include="Drawables\Widgets\Slider.h">
      <Filter>Header Files\Drawables\Widgets</Filter>
    </ClInclude>
    <ClInclude Include="Drawables\Widgets\Widget.h">
      <Filter>Header Files\Drawables\Widgets</Filter>
    </ClInclude>
    <ClInclude Include="Examples\BasicTriangle.h">
      <Filter>Header Files\Examples</Filter>
    </ClInclude>
    <ClInclude Include="Examples\RenderTexture.h">
      <Filter>Header Files\Examples</Filter>
    </ClInclude>
    <ClInclude Include="Examples\RenderTriangle.h">
      <Filter>Header Files\Examples</Filter>
    </ClInclude>
    <ClInclude Include="Examples\RotatingCube.h">
      <Filter>Header Files\Examples</Filter>
    </ClInclude>
    <ClInclude Include="Examples\Texture2Tree.h">
      <Filter>Header Files\Examples</Filter>
    </ClInclude>
    <ClInclude Include="GameModel\GameState.h">
      <Filter>Header Files\GameModel</Filter>
    </ClInclude>
    <ClInclude Include="GameModel\Player.h">
      <Filter>Header Files\GameModel</Filter>
    </ClInclude>
    <ClInclude Include="GameModel\Unit.h">
      <Filter>Header Files\GameModel</Filter>
    </ClInclude>
    <ClInclude Include="Input\DirectWASDController.h">
      <Filter>Header Files\Input</Filter>
    </ClInclude>
    <ClInclude Include="Input\Hotkey.h">
      <Filter>Header Files\Input</Filter>
    </ClInclude>
    <ClInclude Include="Input\WASDInputable.h">
      <Filter>Header Files\Input</Filter>
    </ClInclude>
    <ClInclude Include="OpenGL\AttributeDescription.h">
      <Filter>Header Files\OpenGL</Filter>
    </ClInclude>
    <ClInclude Include="OpenGL\Camera.h">
      <Filter>Header Files\OpenGL</Filter>
    </ClInclude>
    <ClInclude Include="OpenGL\Drawable.h">
      <Filter>Header Files\OpenGL</Filter>
    </ClInclude>
    <ClInclude Include="OpenGL\DrawableList.h">
      <Filter>Header Files\OpenGL</Filter>
    </ClInclude>
    <ClInclude Include="OpenGL\DrawSpecification.h">
      <Filter>Header Files\OpenGL</Filter>
    </ClInclude>
    <ClInclude Include="OpenGL\IBO.h">
      <Filter>Header Files\OpenGL</Filter>
    </ClInclude>
    <ClInclude Include="OpenGL\InputHandling.h">
      <Filter>Header Files\OpenGL</Filter>
    </ClInclude>
    <ClInclude Include="OpenGL\Loadable.h">
      <Filter>Header Files\OpenGL</Filter>
    </ClInclude>
    <ClInclude Include="OpenGL\PositionColorNormalVertex.h">
      <Filter>Header Files\OpenGL</Filter>
    </ClInclude>
    <ClInclude Include="OpenGL\PositionColorVertex.h">
      <Filter>Header Files\OpenGL</Filter>
    </ClInclude>
    <ClInclude Include="OpenGL\PositionNormalTextureVertex.h">
      <Filter>Header Files\OpenGL</Filter>
    </ClInclude>
    <ClInclude Include="OpenGL\PositionNormalVertex.h">
      <Filter>Header Files\OpenGL</Filter>
    </ClInclude>
    <ClInclude Include="OpenGL\PositionTextureVertex.h">
      <Filter>Header Files\OpenGL</Filter>
    </ClInclude>
    <ClInclude Include="OpenGL\PositionVertex.h">
      <Filter>Header Files\OpenGL</Filter>
    </ClInclude>
    <ClInclude Include="OpenGL\Rendertarget.h">
      <Filter>Header Files\OpenGL</Filter>
    </ClInclude>
    <ClInclude Include="OpenGL\ShaderProgram.h">
      <Filter>Header Files\OpenGL</Filter>
    </ClInclude>
    <ClInclude Include="OpenGL\SSBO.h">
      <Filter>Header Files\OpenGL</Filter>
    </ClInclude>
    <ClInclude Include="OpenGL\SupComVertex.h">
      <Filter>Header Files\OpenGL</Filter>
    </ClInclude>
    <ClInclude Include="OpenGL\Texture.h">
      <Filter>Header Files\OpenGL</Filter>
    </ClInclude>
    <ClInclude Include="OpenGL\Uniform.h">
      <Filter>Header Files\OpenGL</Filter>
    </ClInclude>
    <ClInclude Include="OpenGL\Updateable.h">
      <Filter>Header Files\OpenGL</Filter>
    </ClInclude>
    <ClInclude Include="OpenGL\UpdateableList.h">
      <Filter>Header Files\OpenGL</Filter>
    </ClInclude>
    <ClInclude Include="OpenGL\VAO.h">
      <Filter>Header Files\OpenGL</Filter>
    </ClInclude>
    <ClInclude Include="OpenGL\VBO.h">
      <Filter>Header Files\OpenGL</Filter>
    </ClInclude>
    <ClInclude Include="OpenGL\Window.h">
      <Filter>Header Files\OpenGL</Filter>
    </ClInclude>
    <ClInclude Include="Renderer\ArrowRenderer.h">
      <Filter>Header Files\Renderer</Filter>
    </ClInclude>
    <ClInclude Include="Renderer\BoxRenderer.h">
      <Filter>Header Files\Renderer</Filter>
    </ClInclude>
    <ClInclude Include="Renderer\MeshRenderer.h">
      <Filter>Header Files\Renderer</Filter>
    </ClInclude>
    <ClInclude Include="Renderer\RectangleRenderer.h">
      <Filter>Header Files\Renderer</Filter>
    </ClInclude>
    <ClInclude Include="Renderer\SphereRenderer.h">
      <Filter>Header Files\Renderer</Filter>
    </ClInclude>
    <ClInclude Include="Renderer\SupComModelRenderer.h">
      <Filter>Header Files\Renderer</Filter>
    </ClInclude>
    <ClInclude Include="Renderer\TextRenderer.h">
      <Filter>Header Files\Renderer</Filter>
    </ClInclude>
    <ClInclude Include="Renderer\TextureRenderer.h">
      <Filter>Header Files\Renderer</Filter>
    </ClInclude>
    <ClInclude Include="RTSComponents\Landscape.h">
      <Filter>Header Files\RTSComponents</Filter>
    </ClInclude>
    <ClInclude Include="RTSComponents\Unit.h">
      <Filter>Header Files\RTSComponents</Filter>
    </ClInclude>
    <ClInclude Include="Util\getPosition.h">
      <Filter>Header Files\Util</Filter>
    </ClInclude>
    <ClInclude Include="Util\ImageIO.h">
      <Filter>Header Files\Util</Filter>
    </ClInclude>
    <ClInclude Include="Util\Util.h">
      <Filter>Header Files\Util</Filter>
    </ClInclude>
    <ClInclude Include="Util\Geometry.h">
      <Filter>Header Files\Util</Filter>
    </ClInclude>
    <ClInclude Include="Lib\gli\core\s3tc.hpp">
      <Filter>Lib\gli\core</Filter>
    </ClInclude>
    <ClInclude Include="Lib\gli\core\storage_linear.hpp">
      <Filter>Lib\gli\core</Filter>
    </ClInclude>
    <ClInclude Include="Lib\gli\core\bc.hpp">
      <Filter>Lib\gli\core</Filter>
    </ClInclude>
    <ClInclude Include="Lib\gli\core\clear.hpp">
      <Filter>Lib\gli\core</Filter>
    </ClInclude>
    <ClInclude Include="Lib\gli\core\convert_func.hpp">
      <Filter>Lib\gli\core</Filter>
    </ClInclude>
    <ClInclude Include="Lib\gli\core\coord.hpp">
      <Filter>Lib\gli\core</Filter>
    </ClInclude>
    <ClInclude Include="Lib\gli\core\file.hpp">
      <Filter>Lib\gli\core</Filter>
    </ClInclude>
    <ClInclude Include="Lib\gli\core\filter.hpp">
      <Filter>Lib\gli\core</Filter>
    </ClInclude>
    <ClInclude Include="Lib\gli\core\filter_compute.hpp">
      <Filter>Lib\gli\core</Filter>
    </ClInclude>
    <ClInclude Include="Lib\gli\core\flip.hpp">
      <Filter>Lib\gli\core</Filter>
    </ClInclude>
    <ClInclude Include="Lib\gli\core\mipmaps_compute.hpp">
      <Filter>Lib\gli\core</Filter>
    </ClInclude>
    <ClInclude Include="Lib\gli\texture.hpp">
      <Filter>Lib\gli</Filter>
    </ClInclude>
    <ClInclude Include="Lib\gli\texture_cube.hpp">
      <Filter>Lib\gli</Filter>
    </ClInclude>
    <ClInclude Include="Lib\gli\texture_cube_array.hpp">
      <Filter>Lib\gli</Filter>
    </ClInclude>
    <ClInclude Include="Lib\gli\texture1d.hpp">
      <Filter>Lib\gli</Filter>
    </ClInclude>
    <ClInclude Include="Lib\gli\texture1d_array.hpp">
      <Filter>Lib\gli</Filter>
    </ClInclude>
    <ClInclude Include="Lib\gli\texture2d.hpp">
      <Filter>Lib\gli</Filter>
    </ClInclude>
    <ClInclude Include="Lib\gli\texture2d_array.hpp">
      <Filter>Lib\gli</Filter>
    </ClInclude>
    <ClInclude Include="Lib\gli\texture3d.hpp">
      <Filter>Lib\gli</Filter>
    </ClInclude>
    <ClInclude Include="Lib\gli\transform.hpp">
      <Filter>Lib\gli</Filter>
    </ClInclude>
    <ClInclude Include="Lib\gli\type.hpp">
      <Filter>Lib\gli</Filter>
    </ClInclude>
    <ClInclude Include="Lib\gli\view.hpp">
      <Filter>Lib\gli</Filter>
    </ClInclude>
    <ClInclude Include="Lib\gli\clear.hpp">
      <Filter>Lib\gli</Filter>
    </ClInclude>
    <ClInclude Include="Lib\gli\comparison.hpp">
      <Filter>Lib\gli</Filter>
    </ClInclude>
    <ClInclude Include="Lib\gli\convert.hpp">
      <Filter>Lib\gli</Filter>
    </ClInclude>
    <ClInclude Include="Lib\gli\copy.hpp">
      <Filter>Lib\gli</Filter>
    </ClInclude>
    <ClInclude Include="Lib\gli\duplicate.hpp">
      <Filter>Lib\gli</Filter>
    </ClInclude>
    <ClInclude Include="Lib\gli\dx.hpp">
      <Filter>Lib\gli</Filter>
    </ClInclude>
    <ClInclude Include="Lib\gli\format.hpp">
      <Filter>Lib\gli</Filter>
    </ClInclude>
    <ClInclude Include="Lib\gli\generate_mipmaps.hpp">
      <Filter>Lib\gli</Filter>
    </ClInclude>
    <ClInclude Include="Lib\gli\gl.hpp">
      <Filter>Lib\gli</Filter>
    </ClInclude>
    <ClInclude Include="Lib\gli\gli.hpp">
      <Filter>Lib\gli</Filter>
    </ClInclude>
    <ClInclude Include="Lib\gli\image.hpp">
      <Filter>Lib\gli</Filter>
    </ClInclude>
    <ClInclude Include="Lib\gli\levels.hpp">
      <Filter>Lib\gli</Filter>
    </ClInclude>
    <ClInclude Include="Lib\gli\load.hpp">
      <Filter>Lib\gli</Filter>
    </ClInclude>
    <ClInclude Include="Lib\gli\load_dds.hpp">
      <Filter>Lib\gli</Filter>
    </ClInclude>
    <ClInclude Include="Lib\gli\load_kmg.hpp">
      <Filter>Lib\gli</Filter>
    </ClInclude>
    <ClInclude Include="Lib\gli\load_ktx.hpp">
      <Filter>Lib\gli</Filter>
    </ClInclude>
    <ClInclude Include="Lib\gli\make_texture.hpp">
      <Filter>Lib\gli</Filter>
    </ClInclude>
    <ClInclude Include="Lib\gli\reduce.hpp">
      <Filter>Lib\gli</Filter>
    </ClInclude>
    <ClInclude Include="Lib\gli\sampler.hpp">
      <Filter>Lib\gli</Filter>
    </ClInclude>
    <ClInclude Include="Lib\gli\sampler_cube.hpp">
      <Filter>Lib\gli</Filter>
    </ClInclude>
    <ClInclude Include="Lib\gli\sampler_cube_array.hpp">
      <Filter>Lib\gli</Filter>
    </ClInclude>
    <ClInclude Include="Lib\gli\sampler1d.hpp">
      <Filter>Lib\gli</Filter>
    </ClInclude>
    <ClInclude Include="Lib\gli\sampler1d_array.hpp">
      <Filter>Lib\gli</Filter>
    </ClInclude>
    <ClInclude Include="Lib\gli\sampler2d.hpp">
      <Filter>Lib\gli</Filter>
    </ClInclude>
    <ClInclude Include="Lib\gli\sampler2d_array.hpp">
      <Filter>Lib\gli</Filter>
    </ClInclude>
    <ClInclude Include="Lib\gli\sampler3d.hpp">
      <Filter>Lib\gli</Filter>
    </ClInclude>
    <ClInclude Include="Lib\gli\save.hpp">
      <Filter>Lib\gli</Filter>
    </ClInclude>
    <ClInclude Include="Lib\gli\save_dds.hpp">
      <Filter>Lib\gli</Filter>
    </ClInclude>
    <ClInclude Include="Lib\gli\save_kmg.hpp">
      <Filter>Lib\gli</Filter>
    </ClInclude>
    <ClInclude Include="Lib\gli\save_ktx.hpp">
      <Filter>Lib\gli</Filter>
    </ClInclude>
    <ClInclude Include="Lib\gli\target.hpp">
      <Filter>Lib\gli</Filter>
    </ClInclude>
  </ItemGroup>
  <ItemGroup>
    <None Include="Lib\gli\core\reduce.inl">
      <Filter>Lib\gli\core</Filter>
    </None>
    <None Include="Lib\gli\core\s3tc.inl">
      <Filter>Lib\gli\core</Filter>
    </None>
    <None Include="Lib\gli\core\sampler.inl">
      <Filter>Lib\gli\core</Filter>
    </None>
    <None Include="Lib\gli\core\sampler_cube.inl">
      <Filter>Lib\gli\core</Filter>
    </None>
    <None Include="Lib\gli\core\sampler_cube_array.inl">
      <Filter>Lib\gli\core</Filter>
    </None>
    <None Include="Lib\gli\core\sampler1d.inl">
      <Filter>Lib\gli\core</Filter>
    </None>
    <None Include="Lib\gli\core\sampler1d_array.inl">
      <Filter>Lib\gli\core</Filter>
    </None>
    <None Include="Lib\gli\core\sampler2d.inl">
      <Filter>Lib\gli\core</Filter>
    </None>
    <None Include="Lib\gli\core\sampler2d_array.inl">
      <Filter>Lib\gli\core</Filter>
    </None>
    <None Include="Lib\gli\core\sampler3d.inl">
      <Filter>Lib\gli\core</Filter>
    </None>
    <None Include="Lib\gli\core\save.inl">
      <Filter>Lib\gli\core</Filter>
    </None>
    <None Include="Lib\gli\core\save_dds.inl">
      <Filter>Lib\gli\core</Filter>
    </None>
    <None Include="Lib\gli\core\save_kmg.inl">
      <Filter>Lib\gli\core</Filter>
    </None>
    <None Include="Lib\gli\core\save_ktx.inl">
      <Filter>Lib\gli\core</Filter>
    </None>
    <None Include="Lib\gli\core\storage_linear.inl">
      <Filter>Lib\gli\core</Filter>
    </None>
    <None Include="Lib\gli\core\texture.inl">
      <Filter>Lib\gli\core</Filter>
    </None>
    <None Include="Lib\gli\core\texture_cube.inl">
      <Filter>Lib\gli\core</Filter>
    </None>
    <None Include="Lib\gli\core\texture_cube_array.inl">
      <Filter>Lib\gli\core</Filter>
    </None>
    <None Include="Lib\gli\core\texture1d.inl">
      <Filter>Lib\gli\core</Filter>
    </None>
    <None Include="Lib\gli\core\texture1d_array.inl">
      <Filter>Lib\gli\core</Filter>
    </None>
    <None Include="Lib\gli\core\texture2d.inl">
      <Filter>Lib\gli\core</Filter>
    </None>
    <None Include="Lib\gli\core\texture2d_array.inl">
      <Filter>Lib\gli\core</Filter>
    </None>
    <None Include="Lib\gli\core\texture3d.inl">
      <Filter>Lib\gli\core</Filter>
    </None>
    <None Include="Lib\gli\core\transform.inl">
      <Filter>Lib\gli\core</Filter>
    </None>
    <None Include="Lib\gli\core\view.inl">
      <Filter>Lib\gli\core</Filter>
    </None>
    <None Include="Lib\gli\core\bc.inl">
      <Filter>Lib\gli\core</Filter>
    </None>
    <None Include="Lib\gli\core\clear.inl">
      <Filter>Lib\gli\core</Filter>
    </None>
    <None Include="Lib\gli\core\comparison.inl">
      <Filter>Lib\gli\core</Filter>
    </None>
    <None Include="Lib\gli\core\convert.inl">
      <Filter>Lib\gli\core</Filter>
    </None>
    <None Include="Lib\gli\core\copy.inl">
      <Filter>Lib\gli\core</Filter>
    </None>
    <None Include="Lib\gli\core\duplicate.inl">
      <Filter>Lib\gli\core</Filter>
    </None>
    <None Include="Lib\gli\core\dx.inl">
      <Filter>Lib\gli\core</Filter>
    </None>
    <None Include="Lib\gli\core\file.inl">
      <Filter>Lib\gli\core</Filter>
    </None>
    <None Include="Lib\gli\core\filter.inl">
      <Filter>Lib\gli\core</Filter>
    </None>
    <None Include="Lib\gli\core\flip.inl">
      <Filter>Lib\gli\core</Filter>
    </None>
    <None Include="Lib\gli\core\format.inl">
      <Filter>Lib\gli\core</Filter>
    </None>
    <None Include="Lib\gli\core\generate_mipmaps.inl">
      <Filter>Lib\gli\core</Filter>
    </None>
    <None Include="Lib\gli\core\gl.inl">
      <Filter>Lib\gli\core</Filter>
    </None>
    <None Include="Lib\gli\core\image.inl">
      <Filter>Lib\gli\core</Filter>
    </None>
    <None Include="Lib\gli\core\levels.inl">
      <Filter>Lib\gli\core</Filter>
    </None>
    <None Include="Lib\gli\core\load.inl">
      <Filter>Lib\gli\core</Filter>
    </None>
    <None Include="Lib\gli\core\load_dds.inl">
      <Filter>Lib\gli\core</Filter>
    </None>
    <None Include="Lib\gli\core\load_kmg.inl">
      <Filter>Lib\gli\core</Filter>
    </None>
    <None Include="Lib\gli\core\load_ktx.inl">
      <Filter>Lib\gli\core</Filter>
    </None>
    <None Include="Lib\gli\core\make_texture.inl">
      <Filter>Lib\gli\core</Filter>
    </None>
  </ItemGroup>
</Project>