<?xml version="1.0" encoding="utf-8"?>
<Project ToolsVersion="4.0" xmlns="http://schemas.microsoft.com/developer/msbuild/2003">
  <ItemGroup>
    <Filter Include="Source Files">
      <UniqueIdentifier>{4FC737F1-C7A5-4376-A066-2A32D752A2FF}</UniqueIdentifier>
      <Extensions>cpp;c;cc;cxx;c++;def;odl;idl;hpj;bat;asm;asmx</Extensions>
    </Filter>
    <Filter Include="Header Files">
      <UniqueIdentifier>{93995380-89BD-4b04-88EB-625FBE52EBFB}</UniqueIdentifier>
      <Extensions>h;hh;hpp;hxx;h++;hm;inl;inc;ipp;xsd</Extensions>
    </Filter>
    <Filter Include="Resource Files">
      <UniqueIdentifier>{67DA6AB6-F800-4c08-8B7A-83BB121AAD01}</UniqueIdentifier>
      <Extensions>rc;ico;cur;bmp;dlg;rc2;rct;bin;rgs;gif;jpg;jpeg;jpe;resx;tiff;tif;png;wav;mfcribbon-ms</Extensions>
    </Filter>
    <Filter Include="lib">
      <UniqueIdentifier>{304f33e4-f08f-41a5-b1eb-6a817f22d2b0}</UniqueIdentifier>
    </Filter>
    <Filter Include="lib\portaudio">
      <UniqueIdentifier>{ae4af860-4ec9-4756-be74-be34de6d1f13}</UniqueIdentifier>
    </Filter>
    <Filter Include="lib\libnyquist">
      <UniqueIdentifier>{e70892e4-fa8d-4ece-946e-0da8defe2ebd}</UniqueIdentifier>
    </Filter>
    <Filter Include="Header Files\sound">
      <UniqueIdentifier>{36ca7865-3a1b-40b2-8759-63bd2c5fb017}</UniqueIdentifier>
    </Filter>
    <Filter Include="Source Files\sound">
      <UniqueIdentifier>{8f2b95eb-2874-4c65-b00c-3b38e07b8f9c}</UniqueIdentifier>
    </Filter>
    <Filter Include="lib\glad">
      <UniqueIdentifier>{64384098-c4ed-4418-892c-bfcf85406c67}</UniqueIdentifier>
    </Filter>
    <Filter Include="Header Files\Uniform">
      <UniqueIdentifier>{0829cfd1-5eeb-42ed-b80a-8b10f80cb340}</UniqueIdentifier>
    </Filter>
    <Filter Include="Source Files\Uniform">
      <UniqueIdentifier>{71bdb16c-2281-4d1f-9684-2cf8d43bd609}</UniqueIdentifier>
    </Filter>
    <Filter Include="Header Files\BufferObjects">
      <UniqueIdentifier>{1c685db7-14ca-4806-a5b2-7234001eb0e9}</UniqueIdentifier>
    </Filter>
    <Filter Include="Source Files\BufferObjects">
      <UniqueIdentifier>{525cff11-ad42-4df3-805c-38b3eeb72340}</UniqueIdentifier>
    </Filter>
    <Filter Include="Header Files\Vertex">
      <UniqueIdentifier>{e00b0387-ddf0-483a-bcd9-a15452cb3603}</UniqueIdentifier>
    </Filter>
    <Filter Include="Source Files\Vertex">
      <UniqueIdentifier>{53d5c9c3-2e34-4db5-87e8-c16e9f61bd91}</UniqueIdentifier>
    </Filter>
    <Filter Include="Source Files\Input">
      <UniqueIdentifier>{60e5044b-f953-411b-8ae5-f4a16ad47a57}</UniqueIdentifier>
    </Filter>
    <Filter Include="Header Files\Input">
      <UniqueIdentifier>{17d3fcb6-4695-4621-a5e4-3800f982ab1f}</UniqueIdentifier>
    </Filter>
    <Filter Include="Header Files\Core">
      <UniqueIdentifier>{39b4ba6e-2266-473c-86c4-304e82ae923f}</UniqueIdentifier>
    </Filter>
    <Filter Include="Source Files\Core">
      <UniqueIdentifier>{1f356b1f-aaa6-4e31-b115-8746f37c8eef}</UniqueIdentifier>
    </Filter>
    <Filter Include="Header Files\Drawables">
      <UniqueIdentifier>{d9bc9169-6050-4b44-8485-c4a179986b4d}</UniqueIdentifier>
    </Filter>
    <Filter Include="Source Files\Drawables">
      <UniqueIdentifier>{dd417644-d6cb-4d83-a196-8643d2bf11fc}</UniqueIdentifier>
    </Filter>
    <Filter Include="Header Files\BasicRenderer">
      <UniqueIdentifier>{07f74b21-e5a1-4e2f-9ea6-d657da73816c}</UniqueIdentifier>
    </Filter>
    <Filter Include="Source Files\BasicRenderer">
      <UniqueIdentifier>{a03cf5ca-440d-4aed-a706-bba3bff81229}</UniqueIdentifier>
    </Filter>
    <Filter Include="Header Files\InstancedRenderer">
      <UniqueIdentifier>{9619a74d-4e64-49ad-98a4-9048ef661def}</UniqueIdentifier>
    </Filter>
    <Filter Include="Source Files\InstancedRenderer">
      <UniqueIdentifier>{1be1911c-8dd2-445c-b29c-f32c5ba26bc2}</UniqueIdentifier>
    </Filter>
    <Filter Include="Data">
      <UniqueIdentifier>{eb9bf757-b1e0-453b-a1fe-7eaa55e287d3}</UniqueIdentifier>
    </Filter>
    <Filter Include="Data\Fonts">
      <UniqueIdentifier>{a2861661-2641-4898-8e4e-6467c9195e44}</UniqueIdentifier>
    </Filter>
    <Filter Include="Data\Textures">
      <UniqueIdentifier>{15ca3bec-09bd-487f-ad39-c7b9edd13326}</UniqueIdentifier>
    </Filter>
    <Filter Include="lib\openvr">
      <UniqueIdentifier>{9f6242f1-ec7c-48b3-9a95-9f2a94c810d5}</UniqueIdentifier>
    </Filter>
  </ItemGroup>
  <ItemGroup>
    <ClInclude Include="lib\libnyquist\Decoders.h">
      <Filter>lib\libnyquist</Filter>
    </ClInclude>
    <ClInclude Include="lib\libnyquist\Encoders.h">
      <Filter>lib\libnyquist</Filter>
    </ClInclude>
    <ClInclude Include="lib\libnyquist\Common.h">
      <Filter>lib\libnyquist</Filter>
    </ClInclude>
    <ClInclude Include="lib\portaudio\pa_win_wasapi.h">
      <Filter>lib\portaudio</Filter>
    </ClInclude>
    <ClInclude Include="lib\portaudio\pa_win_waveformat.h">
      <Filter>lib\portaudio</Filter>
    </ClInclude>
    <ClInclude Include="lib\portaudio\pa_win_wdmks.h">
      <Filter>lib\portaudio</Filter>
    </ClInclude>
    <ClInclude Include="lib\portaudio\pa_win_wmme.h">
      <Filter>lib\portaudio</Filter>
    </ClInclude>
    <ClInclude Include="lib\portaudio\portaudio.h">
      <Filter>lib\portaudio</Filter>
    </ClInclude>
    <ClInclude Include="lib\portaudio\pa_asio.h">
      <Filter>lib\portaudio</Filter>
    </ClInclude>
    <ClInclude Include="lib\portaudio\pa_jack.h">
      <Filter>lib\portaudio</Filter>
    </ClInclude>
    <ClInclude Include="lib\portaudio\pa_linux_alsa.h">
      <Filter>lib\portaudio</Filter>
    </ClInclude>
    <ClInclude Include="lib\portaudio\pa_mac_core.h">
      <Filter>lib\portaudio</Filter>
    </ClInclude>
    <ClInclude Include="lib\portaudio\pa_win_ds.h">
      <Filter>lib\portaudio</Filter>
    </ClInclude>
    <ClInclude Include="sound\SoundHandler.h">
      <Filter>Header Files\sound</Filter>
    </ClInclude>
    <ClInclude Include="sound\sound.h">
      <Filter>Header Files\sound</Filter>
    </ClInclude>
    <ClInclude Include="sound\SoundEngine.h">
      <Filter>Header Files\sound</Filter>
    </ClInclude>
    <ClInclude Include="Util.h">
      <Filter>Header Files</Filter>
    </ClInclude>
    <ClInclude Include="Uniforms\Uniform.h">
      <Filter>Header Files\Uniform</Filter>
    </ClInclude>
    <ClInclude Include="Uniforms\UniformFloat.h">
      <Filter>Header Files\Uniform</Filter>
    </ClInclude>
    <ClInclude Include="Uniforms\UniformMat4.h">
      <Filter>Header Files\Uniform</Filter>
    </ClInclude>
    <ClInclude Include="Uniforms\UniformVec2.h">
      <Filter>Header Files\Uniform</Filter>
    </ClInclude>
    <ClInclude Include="Uniforms\UniformVec3.h">
      <Filter>Header Files\Uniform</Filter>
    </ClInclude>
    <ClInclude Include="Uniforms\UniformVec4.h">
      <Filter>Header Files\Uniform</Filter>
    </ClInclude>
    <ClInclude Include="Uniforms\UniformVecMat4.h">
      <Filter>Header Files\Uniform</Filter>
    </ClInclude>
    <ClInclude Include="BufferObjects\IBO.h">
      <Filter>Header Files\BufferObjects</Filter>
    </ClInclude>
    <ClInclude Include="BufferObjects\VAO.h">
      <Filter>Header Files\BufferObjects</Filter>
    </ClInclude>
    <ClInclude Include="BufferObjects\VBO.h">
      <Filter>Header Files\BufferObjects</Filter>
    </ClInclude>
    <ClInclude Include="BufferObjects\IVBO.h">
      <Filter>Header Files\BufferObjects</Filter>
    </ClInclude>
    <ClInclude Include="BufferObjects\IVAO.h">
      <Filter>Header Files\BufferObjects</Filter>
    </ClInclude>
    <ClInclude Include="Uniforms\SSBOint.h">
      <Filter>Header Files\Uniform</Filter>
    </ClInclude>
    <ClInclude Include="Uniforms\SSBOvec4.h">
      <Filter>Header Files\Uniform</Filter>
    </ClInclude>
    <ClInclude Include="Vertex\PositionNormalTextureVertex.h">
      <Filter>Header Files\Vertex</Filter>
    </ClInclude>
    <ClInclude Include="Vertex\PositionNormalVertex.h">
      <Filter>Header Files\Vertex</Filter>
    </ClInclude>
    <ClInclude Include="Vertex\PositionTextureVertex.h">
      <Filter>Header Files\Vertex</Filter>
    </ClInclude>
    <ClInclude Include="Vertex\PositionVertex.h">
      <Filter>Header Files\Vertex</Filter>
    </ClInclude>
    <ClInclude Include="Vertex\PositionColorNormalVertex.h">
      <Filter>Header Files\Vertex</Filter>
    </ClInclude>
    <ClInclude Include="Vertex\PositionColorVertex.h">
      <Filter>Header Files\Vertex</Filter>
    </ClInclude>
    <ClInclude Include="Uniforms\Rendertarget.h">
      <Filter>Header Files\Uniform</Filter>
    </ClInclude>
    <ClInclude Include="Vertex\SupComVertex.h">
      <Filter>Header Files\Vertex</Filter>
    </ClInclude>
    <ClInclude Include="Uniforms\Texture.h">
      <Filter>Header Files\Uniform</Filter>
    </ClInclude>
    <ClInclude Include="Input\Input.h">
      <Filter>Header Files\Input</Filter>
    </ClInclude>
    <ClInclude Include="Input\UIElement.h">
      <Filter>Header Files\Input</Filter>
    </ClInclude>
    <ClInclude Include="Core\Camera.h">
      <Filter>Header Files\Core</Filter>
    </ClInclude>
    <ClInclude Include="Core\ShaderProgram.h">
      <Filter>Header Files\Core</Filter>
    </ClInclude>
    <ClInclude Include="Core\Window.h">
      <Filter>Header Files\Core</Filter>
    </ClInclude>
    <ClInclude Include="Core\AttributeDescription.h">
      <Filter>Header Files\Core</Filter>
    </ClInclude>
    <ClInclude Include="Drawables\Background.h">
      <Filter>Header Files\Drawables</Filter>
    </ClInclude>
    <ClInclude Include="Drawables\Drawable.h">
      <Filter>Header Files\Drawables</Filter>
    </ClInclude>
    <ClInclude Include="BasicRenderer\BasicRectangleRenderer.h">
      <Filter>Header Files\BasicRenderer</Filter>
    </ClInclude>
    <ClInclude Include="Uniforms\UniformVecVec3.h">
      <Filter>Header Files\Uniform</Filter>
    </ClInclude>
    <ClInclude Include="InstancedRenderer\InstancedRectangleRenderer.h">
      <Filter>Header Files\InstancedRenderer</Filter>
    </ClInclude>
    <ClInclude Include="InstancedRenderer\Rectangle.h">
      <Filter>Header Files\InstancedRenderer</Filter>
    </ClInclude>
    <ClInclude Include="BasicRenderer\BasicTextRenderer.h">
      <Filter>Header Files\BasicRenderer</Filter>
    </ClInclude>
    <ClInclude Include="BasicRenderer\BasicTexture2DRenderer.h">
      <Filter>Header Files\BasicRenderer</Filter>
    </ClInclude>
    <ClInclude Include="lib\openvr\openvr.h">
      <Filter>lib\openvr</Filter>
    </ClInclude>
    <ClInclude Include="lib\openvr\openvr_capi.h">
      <Filter>lib\openvr</Filter>
    </ClInclude>
    <ClInclude Include="lib\openvr\openvr_driver.h">
      <Filter>lib\openvr</Filter>
    </ClInclude>
    <ClInclude Include="VR.h">
      <Filter>Header Files</Filter>
    </ClInclude>
  </ItemGroup>
  <ItemGroup>
    <ClCompile Include="sound\sound.cpp">
      <Filter>Source Files\sound</Filter>
    </ClCompile>
    <ClCompile Include="sound\SoundEngine.cpp">
      <Filter>Source Files\sound</Filter>
    </ClCompile>
    <ClCompile Include="sound\SoundHandler.cpp">
      <Filter>Source Files\sound</Filter>
    </ClCompile>
    <ClCompile Include="..\YolonaOss\Lib\glad\src\glad.c">
      <Filter>lib\glad</Filter>
    </ClCompile>
    <ClCompile Include="Util.cpp">
      <Filter>Source Files</Filter>
    </ClCompile>
    <ClCompile Include="Uniforms\Uniform.cpp">
      <Filter>Source Files\Uniform</Filter>
    </ClCompile>
    <ClCompile Include="Uniforms\UniformFloat.cpp">
      <Filter>Source Files\Uniform</Filter>
    </ClCompile>
    <ClCompile Include="Uniforms\UniformMat4.cpp">
      <Filter>Source Files\Uniform</Filter>
    </ClCompile>
    <ClCompile Include="Uniforms\UniformVec2.cpp">
      <Filter>Source Files\Uniform</Filter>
    </ClCompile>
    <ClCompile Include="Uniforms\UniformVec3.cpp">
      <Filter>Source Files\Uniform</Filter>
    </ClCompile>
    <ClCompile Include="Uniforms\UniformVec4.cpp">
      <Filter>Source Files\Uniform</Filter>
    </ClCompile>
    <ClCompile Include="Uniforms\UniformVecMat4.cpp">
      <Filter>Source Files\Uniform</Filter>
    </ClCompile>
    <ClCompile Include="BufferObjects\IBO.cpp">
      <Filter>Source Files\BufferObjects</Filter>
    </ClCompile>
    <ClCompile Include="BufferObjects\VAO.cpp">
      <Filter>Source Files\BufferObjects</Filter>
    </ClCompile>
    <ClCompile Include="BufferObjects\VBO.cpp">
      <Filter>Source Files\BufferObjects</Filter>
    </ClCompile>
    <ClCompile Include="BufferObjects\IVBO.cpp">
      <Filter>Source Files\BufferObjects</Filter>
    </ClCompile>
    <ClCompile Include="BufferObjects\IVAO.cpp">
      <Filter>Source Files\BufferObjects</Filter>
    </ClCompile>
    <ClCompile Include="Uniforms\SSBOint.cpp">
      <Filter>Source Files\Uniform</Filter>
    </ClCompile>
    <ClCompile Include="Uniforms\SSBOvec4.cpp">
      <Filter>Source Files\Uniform</Filter>
    </ClCompile>
    <ClCompile Include="Vertex\PositionNormalTextureVertex.cpp">
      <Filter>Source Files\Vertex</Filter>
    </ClCompile>
    <ClCompile Include="Vertex\PositionNormalVertex.cpp">
      <Filter>Source Files\Vertex</Filter>
    </ClCompile>
    <ClCompile Include="Vertex\PositionTextureVertex.cpp">
      <Filter>Source Files\Vertex</Filter>
    </ClCompile>
    <ClCompile Include="Vertex\PositionVertex.cpp">
      <Filter>Source Files\Vertex</Filter>
    </ClCompile>
    <ClCompile Include="Vertex\PositionColorNormalVertex.cpp">
      <Filter>Source Files\Vertex</Filter>
    </ClCompile>
    <ClCompile Include="Vertex\PositionColorVertex.cpp">
      <Filter>Source Files\Vertex</Filter>
    </ClCompile>
    <ClCompile Include="Uniforms\Rendertarget.cpp">
      <Filter>Source Files\Uniform</Filter>
    </ClCompile>
    <ClCompile Include="Vertex\SupComVertex.cpp">
      <Filter>Source Files\Vertex</Filter>
    </ClCompile>
    <ClCompile Include="Uniforms\Texture.cpp">
      <Filter>Source Files\Uniform</Filter>
    </ClCompile>
    <ClCompile Include="Input\Input.cpp">
      <Filter>Source Files\Input</Filter>
    </ClCompile>
    <ClCompile Include="Input\UIElement.cpp">
      <Filter>Source Files\Input</Filter>
    </ClCompile>
    <ClCompile Include="Core\Camera.cpp">
      <Filter>Source Files\Core</Filter>
    </ClCompile>
    <ClCompile Include="Core\ShaderProgram.cpp">
      <Filter>Source Files\Core</Filter>
    </ClCompile>
    <ClCompile Include="Core\Window.cpp">
      <Filter>Source Files\Core</Filter>
    </ClCompile>
    <ClCompile Include="Core\AttributeDescription.cpp">
      <Filter>Source Files\Core</Filter>
    </ClCompile>
    <ClCompile Include="Drawables\Background.cpp">
      <Filter>Source Files\Drawables</Filter>
    </ClCompile>
    <ClCompile Include="Drawables\Drawable.cpp">
      <Filter>Source Files\Drawables</Filter>
    </ClCompile>
    <ClCompile Include="BasicRenderer\BasicRectangleRenderer.cpp">
      <Filter>Source Files\BasicRenderer</Filter>
    </ClCompile>
    <ClCompile Include="Uniforms\UniformVecVec3.cpp">
      <Filter>Source Files\Uniform</Filter>
    </ClCompile>
    <ClCompile Include="InstancedRenderer\InstancedRectangleRenderer.cpp">
      <Filter>Source Files\InstancedRenderer</Filter>
    </ClCompile>
    <ClCompile Include="InstancedRenderer\Rectangle.cpp">
      <Filter>Source Files\InstancedRenderer</Filter>
    </ClCompile>
    <ClCompile Include="BasicRenderer\BasicTextRenderer.cpp">
      <Filter>Source Files\BasicRenderer</Filter>
    </ClCompile>
    <ClCompile Include="BasicRenderer\BasicTexture2DRenderer.cpp">
      <Filter>Source Files\BasicRenderer</Filter>
    </ClCompile>
    <ClCompile Include="VR.cpp">
      <Filter>Source Files</Filter>
    </ClCompile>
  </ItemGroup>
  <ItemGroup>
    <CopyFileToFolders Include="Data\Fonts\arial.ttf">
      <Filter>Data\Fonts</Filter>
    </CopyFileToFolders>
    <CopyFileToFolders Include="Data\Textures\Map.png">
      <Filter>Data\Textures</Filter>
    </CopyFileToFolders>
    <CopyFileToFolders Include="lib\openvr\openvr_api.dll">
      <Filter>lib\openvr</Filter>
    </CopyFileToFolders>
  </ItemGroup>
</Project>