<?xml version="1.0" encoding="utf-8"?>
<Project ToolsVersion="4.0" xmlns="http://schemas.microsoft.com/developer/msbuild/2003">
  <ItemGroup>
    <Filter Include="Source Files">
      <UniqueIdentifier>{4FC737F1-C7A5-4376-A066-2A32D752A2FF}</UniqueIdentifier>
      <Extensions>cpp;c;cc;cxx;c++;cppm;ixx;def;odl;idl;hpj;bat;asm;asmx</Extensions>
    </Filter>
    <Filter Include="Header Files">
      <UniqueIdentifier>{93995380-89BD-4b04-88EB-625FBE52EBFB}</UniqueIdentifier>
      <Extensions>h;hh;hpp;hxx;h++;hm;inl;inc;ipp;xsd</Extensions>
    </Filter>
    <Filter Include="Resource Files">
      <UniqueIdentifier>{67DA6AB6-F800-4c08-8B7A-83BB121AAD01}</UniqueIdentifier>
      <Extensions>rc;ico;cur;bmp;dlg;rc2;rct;bin;rgs;gif;jpg;jpeg;jpe;resx;tiff;tif;png;wav;mfcribbon-ms</Extensions>
    </Filter>
    <Filter Include="Header Files\Blueprint">
      <UniqueIdentifier>{e04d6939-fa46-429a-8f7b-49700ee2fb69}</UniqueIdentifier>
    </Filter>
    <Filter Include="Source Files\Blueprint">
      <UniqueIdentifier>{220bdfa2-ffca-49b1-99c7-8cdfe0d9976b}</UniqueIdentifier>
    </Filter>
    <Filter Include="Header Files\Map">
      <UniqueIdentifier>{bd0af324-5cb0-48db-a14d-cddc9b5781ca}</UniqueIdentifier>
    </Filter>
    <Filter Include="Source Files\Map">
      <UniqueIdentifier>{dbb3dfd8-e54c-45a9-955b-261b11123610}</UniqueIdentifier>
    </Filter>
    <Filter Include="Header Files\SupCom">
      <UniqueIdentifier>{8a22e262-e1b2-4bb6-9406-ee69d25c835f}</UniqueIdentifier>
    </Filter>
    <Filter Include="Source Files\SupCom">
      <UniqueIdentifier>{1e5e1ccc-168c-4bd4-b5a6-366249c6da7b}</UniqueIdentifier>
    </Filter>
  </ItemGroup>
  <ItemGroup>
    <ClInclude Include="BoxVisualization.h">
      <Filter>Header Files</Filter>
    </ClInclude>
    <ClInclude Include="BulletDebugDrawer.h">
      <Filter>Header Files</Filter>
    </ClInclude>
    <ClInclude Include="SkyBox.h">
      <Filter>Header Files</Filter>
    </ClInclude>
    <ClInclude Include="Blueprint\Blueprint.h">
      <Filter>Header Files\Blueprint</Filter>
    </ClInclude>
    <ClInclude Include="Blueprint\BlueprintCommandCaps.h">
      <Filter>Header Files\Blueprint</Filter>
    </ClInclude>
    <ClInclude Include="Blueprint\BlueprintFactory.h">
      <Filter>Header Files\Blueprint</Filter>
    </ClInclude>
    <ClInclude Include="Blueprint\BlueprintGeneral.h">
      <Filter>Header Files\Blueprint</Filter>
    </ClInclude>
    <ClInclude Include="Blueprint\BlueprintDisplay.h">
      <Filter>Header Files\Blueprint</Filter>
    </ClInclude>
    <ClInclude Include="Map\MapFactory.h">
      <Filter>Header Files\Map</Filter>
    </ClInclude>
    <ClInclude Include="Map\Scenario.h">
      <Filter>Header Files\Map</Filter>
    </ClInclude>
    <ClInclude Include="Map\Map.h">
      <Filter>Header Files\Map</Filter>
    </ClInclude>
    <ClInclude Include="SupCom\SupComEnums.h">
      <Filter>Header Files\SupCom</Filter>
    </ClInclude>
    <ClInclude Include="SupCom\SupComMeshLoader.h">
      <Filter>Header Files\SupCom</Filter>
    </ClInclude>
    <ClInclude Include="SupCom\SupComMeshRenderer.h">
      <Filter>Header Files\SupCom</Filter>
    </ClInclude>
    <ClInclude Include="SupCom\SupComMeshRendererDef.h">
      <Filter>Header Files\SupCom</Filter>
    </ClInclude>
    <ClInclude Include="SupCom\SupComModel.h">
      <Filter>Header Files\SupCom</Filter>
    </ClInclude>
    <ClInclude Include="SupCom\SupComModelFactory.h">
      <Filter>Header Files\SupCom</Filter>
    </ClInclude>
    <ClInclude Include="SupCom\SupComVertex.h">
      <Filter>Header Files\SupCom</Filter>
    </ClInclude>
    <ClInclude Include="SupCom\UiTextureFactory.h">
      <Filter>Header Files\SupCom</Filter>
    </ClInclude>
    <ClInclude Include="Model3DRenderer.h">
      <Filter>Header Files\SupCom</Filter>
    </ClInclude>
    <ClInclude Include="Map\MapRenderer.h">
      <Filter>Header Files\Map</Filter>
    </ClInclude>
  </ItemGroup>
  <ItemGroup>
    <ClCompile Include="BulletDebugDrawer.cpp">
      <Filter>Source Files</Filter>
    </ClCompile>
    <ClCompile Include="BoxVisualization.cpp">
      <Filter>Source Files</Filter>
    </ClCompile>
    <ClCompile Include="SkyBox.cpp">
      <Filter>Source Files</Filter>
    </ClCompile>
    <ClCompile Include="Blueprint\Blueprint.cpp">
      <Filter>Source Files\Blueprint</Filter>
    </ClCompile>
    <ClCompile Include="Blueprint\BlueprintCommandCaps.cpp">
      <Filter>Source Files\Blueprint</Filter>
    </ClCompile>
    <ClCompile Include="Blueprint\BlueprintFactory.cpp">
      <Filter>Source Files\Blueprint</Filter>
    </ClCompile>
    <ClCompile Include="Blueprint\BlueprintGeneral.cpp">
      <Filter>Source Files\Blueprint</Filter>
    </ClCompile>
    <ClCompile Include="Blueprint\BlueprintDisplay.cpp">
      <Filter>Source Files\Blueprint</Filter>
    </ClCompile>
    <ClCompile Include="Map\Map.cpp">
      <Filter>Source Files\Map</Filter>
    </ClCompile>
    <ClCompile Include="Map\MapFactory.cpp">
      <Filter>Source Files\Map</Filter>
    </ClCompile>
    <ClCompile Include="Map\Scenario.cpp">
      <Filter>Source Files\Map</Filter>
    </ClCompile>
    <ClCompile Include="SupCom\SupComModel.cpp">
      <Filter>Source Files\SupCom</Filter>
    </ClCompile>
    <ClCompile Include="SupCom\SupComModelFactory.cpp">
      <Filter>Source Files\SupCom</Filter>
    </ClCompile>
    <ClCompile Include="SupCom\SupComVertex.cpp">
      <Filter>Source Files\SupCom</Filter>
    </ClCompile>
    <ClCompile Include="SupCom\UITextureFactory.cpp">
      <Filter>Source Files\SupCom</Filter>
    </ClCompile>
    <ClCompile Include="SupCom\SupComMeshLoader.cpp">
      <Filter>Source Files\SupCom</Filter>
    </ClCompile>
    <ClCompile Include="SupCom\SupComMeshRenderer.cpp">
      <Filter>Source Files\SupCom</Filter>
    </ClCompile>
    <ClCompile Include="SupCom\SupComMeshRendererDef.cpp">
      <Filter>Source Files\SupCom</Filter>
    </ClCompile>
    <ClCompile Include="Model3DRenderer.cpp">
      <Filter>Source Files</Filter>
    </ClCompile>
    <ClCompile Include="Map\MapRenderer.cpp">
      <Filter>Source Files\Map</Filter>
    </ClCompile>
  </ItemGroup>
</Project>