<?xml version="1.0" encoding="utf-8"?>
<Project ToolsVersion="4.0" xmlns="http://schemas.microsoft.com/developer/msbuild/2003">
  <ItemGroup>
    <Filter Include="Source Files">
      <UniqueIdentifier>{4FC737F1-C7A5-4376-A066-2A32D752A2FF}</UniqueIdentifier>
      <Extensions>cpp;c;cc;cxx;c++;cppm;ixx;def;odl;idl;hpj;bat;asm;asmx</Extensions>
    </Filter>
    <Filter Include="Header Files">
      <UniqueIdentifier>{93995380-89BD-4b04-88EB-625FBE52EBFB}</UniqueIdentifier>
      <Extensions>h;hh;hpp;hxx;h++;hm;inl;inc;ipp;xsd</Extensions>
    </Filter>
    <Filter Include="Resource Files">
      <UniqueIdentifier>{67DA6AB6-F800-4c08-8B7A-83BB121AAD01}</UniqueIdentifier>
      <Extensions>rc;ico;cur;bmp;dlg;rc2;rct;bin;rgs;gif;jpg;jpeg;jpe;resx;tiff;tif;png;wav;mfcribbon-ms</Extensions>
    </Filter>
    <Filter Include="Header Files\Blueprint">
      <UniqueIdentifier>{e04d6939-fa46-429a-8f7b-49700ee2fb69}</UniqueIdentifier>
    </Filter>
    <Filter Include="Source Files\Blueprint">
      <UniqueIdentifier>{220bdfa2-ffca-49b1-99c7-8cdfe0d9976b}</UniqueIdentifier>
    </Filter>
  </ItemGroup>
  <ItemGroup>
    <ClInclude Include="BoxVisualization.h">
      <Filter>Header Files</Filter>
    </ClInclude>
    <ClInclude Include="BulletDebugDrawer.h">
      <Filter>Header Files</Filter>
    </ClInclude>
    <ClInclude Include="SupComMeshLoader.h">
      <Filter>Header Files</Filter>
    </ClInclude>
    <ClInclude Include="SupComMeshRenderer.h">
      <Filter>Header Files</Filter>
    </ClInclude>
    <ClInclude Include="SupComVertex.h">
      <Filter>Header Files</Filter>
    </ClInclude>
    <ClInclude Include="SupComModel.h">
      <Filter>Header Files</Filter>
    </ClInclude>
    <ClInclude Include="SupComModelFactory.h">
      <Filter>Header Files</Filter>
    </ClInclude>
    <ClInclude Include="SupComMeshRendererDef.h">
      <Filter>Header Files</Filter>
    </ClInclude>
    <ClInclude Include="SkyBox.h">
      <Filter>Header Files</Filter>
    </ClInclude>
    <ClInclude Include="UiTextureFactory.h">
      <Filter>Header Files</Filter>
    </ClInclude>
    <ClInclude Include="SupComEnums.h">
      <Filter>Header Files</Filter>
    </ClInclude>
    <ClInclude Include="Blueprint\Blueprint.h">
      <Filter>Header Files\Blueprint</Filter>
    </ClInclude>
    <ClInclude Include="Blueprint\BlueprintCommandCaps.h">
      <Filter>Header Files\Blueprint</Filter>
    </ClInclude>
    <ClInclude Include="Blueprint\BlueprintFactory.h">
      <Filter>Header Files\Blueprint</Filter>
    </ClInclude>
    <ClInclude Include="Blueprint\BlueprintGeneral.h">
      <Filter>Header Files\Blueprint</Filter>
    </ClInclude>
    <ClInclude Include="Scenario.h">
      <Filter>Header Files</Filter>
    </ClInclude>
    <ClInclude Include="Blueprint\BlueprintDisplay.h">
      <Filter>Header Files\Blueprint</Filter>
    </ClInclude>
  </ItemGroup>
  <ItemGroup>
    <ClCompile Include="BulletDebugDrawer.cpp">
      <Filter>Source Files</Filter>
    </ClCompile>
    <ClCompile Include="BoxVisualization.cpp">
      <Filter>Source Files</Filter>
    </ClCompile>
    <ClCompile Include="SupComMeshLoader.cpp">
      <Filter>Source Files</Filter>
    </ClCompile>
    <ClCompile Include="SupComMeshRenderer.cpp">
      <Filter>Source Files</Filter>
    </ClCompile>
    <ClCompile Include="SupComVertex.cpp">
      <Filter>Source Files</Filter>
    </ClCompile>
    <ClCompile Include="SupComModel.cpp">
      <Filter>Source Files</Filter>
    </ClCompile>
    <ClCompile Include="SupComModelFactory.cpp">
      <Filter>Source Files</Filter>
    </ClCompile>
    <ClCompile Include="SupComMeshRendererDef.cpp">
      <Filter>Source Files</Filter>
    </ClCompile>
    <ClCompile Include="SkyBox.cpp">
      <Filter>Source Files</Filter>
    </ClCompile>
    <ClCompile Include="UITextureFactory.cpp">
      <Filter>Source Files</Filter>
    </ClCompile>
    <ClCompile Include="Blueprint\Blueprint.cpp">
      <Filter>Source Files\Blueprint</Filter>
    </ClCompile>
    <ClCompile Include="Blueprint\BlueprintCommandCaps.cpp">
      <Filter>Source Files\Blueprint</Filter>
    </ClCompile>
    <ClCompile Include="Blueprint\BlueprintFactory.cpp">
      <Filter>Source Files\Blueprint</Filter>
    </ClCompile>
    <ClCompile Include="Blueprint\BlueprintGeneral.cpp">
      <Filter>Source Files\Blueprint</Filter>
    </ClCompile>
    <ClCompile Include="Scenario.cpp">
      <Filter>Source Files</Filter>
    </ClCompile>
    <ClCompile Include="Blueprint\BlueprintDisplay.cpp">
      <Filter>Source Files\Blueprint</Filter>
    </ClCompile>
  </ItemGroup>
</Project>