<?xml version="1.0" encoding="utf-8"?>
<Project ToolsVersion="17.0" xmlns="http://schemas.microsoft.com/developer/msbuild/2003">
  <ItemGroup>
    <ClCompile Include="C:\Users\nicol\Documents\GitHub\Yathsou\Othuum\AezeselFileIOLib\Source\AezeselFileIOLib\AssimpUtil.cpp">
      <Filter>Source Files</Filter>
    </ClCompile>
    <ClCompile Include="C:\Users\nicol\Documents\GitHub\Yathsou\Othuum\AezeselFileIOLib\Source\AezeselFileIOLib\ImageIO.cpp">
      <Filter>Source Files</Filter>
    </ClCompile>
    <ClCompile Include="C:\Users\nicol\Documents\GitHub\Yathsou\Othuum\AezeselFileIOLib\Source\AezeselFileIOLib\IO.cpp">
      <Filter>Source Files</Filter>
    </ClCompile>
    <ClCompile Include="C:\Users\nicol\Documents\GitHub\Yathsou\Othuum\AezeselFileIOLib\Source\AezeselFileIOLib\Model3D.cpp">
      <Filter>Source Files</Filter>
    </ClCompile>
    <ClCompile Include="C:\Users\nicol\Documents\GitHub\Yathsou\Othuum\AezeselFileIOLib\Source\AezeselFileIOLib\STLWriter.cpp">
      <Filter>Source Files</Filter>
    </ClCompile>
    <ClCompile Include="C:\Users\nicol\Documents\GitHub\Yathsou\Othuum\AezeselFileIOLib\Source\AezeselFileIOLib\ZIP.cpp">
      <Filter>Source Files</Filter>
    </ClCompile>
    <ClCompile Include="C:\Users\nicol\Documents\GitHub\Yathsou\Othuum\AezeselFileIOLib\Source\AezeselFileIOLib\MagicaVox\Chunk.cpp">
      <Filter>Source Files\MagickaVox</Filter>
    </ClCompile>
    <ClCompile Include="C:\Users\nicol\Documents\GitHub\Yathsou\Othuum\AezeselFileIOLib\Source\AezeselFileIOLib\MagicaVox\ChunkFactory.cpp">
      <Filter>Source Files\MagickaVox</Filter>
    </ClCompile>
    <ClCompile Include="C:\Users\nicol\Documents\GitHub\Yathsou\Othuum\AezeselFileIOLib\Source\AezeselFileIOLib\MagicaVox\ChunkLAYR.cpp">
      <Filter>Source Files\MagickaVox</Filter>
    </ClCompile>
    <ClCompile Include="C:\Users\nicol\Documents\GitHub\Yathsou\Othuum\AezeselFileIOLib\Source\AezeselFileIOLib\MagicaVox\ChunkMAIN.cpp">
      <Filter>Source Files\MagickaVox</Filter>
    </ClCompile>
    <ClCompile Include="C:\Users\nicol\Documents\GitHub\Yathsou\Othuum\AezeselFileIOLib\Source\AezeselFileIOLib\MagicaVox\ChunkMATL.cpp">
      <Filter>Source Files\MagickaVox</Filter>
    </ClCompile>
    <ClCompile Include="C:\Users\nicol\Documents\GitHub\Yathsou\Othuum\AezeselFileIOLib\Source\AezeselFileIOLib\MagicaVox\ChunknGRP.cpp">
      <Filter>Source Files\MagickaVox</Filter>
    </ClCompile>
    <ClCompile Include="C:\Users\nicol\Documents\GitHub\Yathsou\Othuum\AezeselFileIOLib\Source\AezeselFileIOLib\MagicaVox\ChunknSHP.cpp">
      <Filter>Source Files\MagickaVox</Filter>
    </ClCompile>
    <ClCompile Include="C:\Users\nicol\Documents\GitHub\Yathsou\Othuum\AezeselFileIOLib\Source\AezeselFileIOLib\MagicaVox\ChunknTRN.cpp">
      <Filter>Source Files\MagickaVox</Filter>
    </ClCompile>
    <ClCompile Include="C:\Users\nicol\Documents\GitHub\Yathsou\Othuum\AezeselFileIOLib\Source\AezeselFileIOLib\MagicaVox\ChunkPACK.cpp">
      <Filter>Source Files\MagickaVox</Filter>
    </ClCompile>
    <ClCompile Include="C:\Users\nicol\Documents\GitHub\Yathsou\Othuum\AezeselFileIOLib\Source\AezeselFileIOLib\MagicaVox\ChunkRGBA.cpp">
      <Filter>Source Files\MagickaVox</Filter>
    </ClCompile>
    <ClCompile Include="C:\Users\nicol\Documents\GitHub\Yathsou\Othuum\AezeselFileIOLib\Source\AezeselFileIOLib\MagicaVox\ChunkrOBJ.cpp">
      <Filter>Source Files\MagickaVox</Filter>
    </ClCompile>
    <ClCompile Include="C:\Users\nicol\Documents\GitHub\Yathsou\Othuum\AezeselFileIOLib\Source\AezeselFileIOLib\MagicaVox\ChunkSIZE.cpp">
      <Filter>Source Files\MagickaVox</Filter>
    </ClCompile>
    <ClCompile Include="C:\Users\nicol\Documents\GitHub\Yathsou\Othuum\AezeselFileIOLib\Source\AezeselFileIOLib\MagicaVox\ChunkXYZI.cpp">
      <Filter>Source Files\MagickaVox</Filter>
    </ClCompile>
    <ClCompile Include="C:\Users\nicol\Documents\GitHub\Yathsou\Othuum\AezeselFileIOLib\Source\AezeselFileIOLib\MagicaVox\Import.cpp">
      <Filter>Source Files\MagickaVox</Filter>
    </ClCompile>
    <ClCompile Include="C:\Users\nicol\Documents\GitHub\Yathsou\Othuum\AezeselFileIOLib\Source\AezeselFileIOLib\MagicaVox\Reader.cpp">
      <Filter>Source Files\MagickaVox</Filter>
    </ClCompile>
    <ClCompile Include="C:\Users\nicol\Documents\GitHub\Yathsou\Othuum\AezeselFileIOLib\Source\AezeselFileIOLib\MagicaVox\typeDICT.cpp">
      <Filter>Source Files\MagickaVox</Filter>
    </ClCompile>
    <ClCompile Include="C:\Users\nicol\Documents\GitHub\Yathsou\Othuum\AezeselFileIOLib\Source\AezeselFileIOLib\MagicaVox\typeROTATION.cpp">
      <Filter>Source Files\MagickaVox</Filter>
    </ClCompile>
    <ClCompile Include="C:\Users\nicol\Documents\GitHub\Yathsou\Othuum\AezeselFileIOLib\Source\AezeselFileIOLib\MagicaVox\VoxFile.cpp">
      <Filter>Source Files\MagickaVox</Filter>
    </ClCompile>
    <ClCompile Include="C:\Users\nicol\Documents\GitHub\Yathsou\Othuum\AezeselFileIOLib\Source\AezeselFileIOLib\Sound\SoundFactory.cpp">
      <Filter>Source Files\Sound</Filter>
    </ClCompile>
    <ClCompile Include="C:\Users\nicol\Documents\GitHub\Yathsou\Othuum\AezeselFileIOLib\Source\AezeselFileIOLib\Sound\SoundIO.cpp">
      <Filter>Source Files\Sound</Filter>
    </ClCompile>
    <ClCompile Include="C:\Users\nicol\Documents\GitHub\Yathsou\Othuum\AezeselFileIOLib\Source\AezeselFileIOLib\Sound\XSB.cpp">
      <Filter>Source Files\Sound</Filter>
    </ClCompile>
    <ClCompile Include="C:\Users\nicol\Documents\GitHub\Yathsou\Othuum\AezeselFileIOLib\Source\AezeselFileIOLib\Sound\XWB.cpp">
      <Filter>Source Files\Sound</Filter>
    </ClCompile>
    <ClCompile Include="C:\Users\nicol\Documents\GitHub\Yathsou\Othuum\AezeselFileIOLib\Source\AezeselFileIOLib\SupremeCommander\SCA.cpp">
      <Filter>Source Files\SupremeCommander</Filter>
    </ClCompile>
    <ClCompile Include="C:\Users\nicol\Documents\GitHub\Yathsou\Othuum\AezeselFileIOLib\Source\AezeselFileIOLib\SupremeCommander\SCD.cpp">
      <Filter>Source Files\SupremeCommander</Filter>
    </ClCompile>
    <ClCompile Include="C:\Users\nicol\Documents\GitHub\Yathsou\Othuum\AezeselFileIOLib\Source\AezeselFileIOLib\SupremeCommander\SCM.cpp">
      <Filter>Source Files\SupremeCommander</Filter>
    </ClCompile>
    <ClCompile Include="C:\Users\nicol\Documents\GitHub\Yathsou\Othuum\AezeselFileIOLib\Source\AezeselFileIOLib\SupremeCommander\SCMAP.cpp">
      <Filter>Source Files\SupremeCommander</Filter>
    </ClCompile>
    <ClCompile Include="C:\Users\nicol\Documents\GitHub\Yathsou\Othuum\AezeselFileIOLib\Source\AezeselFileIOLib\SupremeCommander\SupremeCommanderAnimator.cpp">
      <Filter>Source Files\SupremeCommander</Filter>
    </ClCompile>
  </ItemGroup>
  <ItemGroup>
    <ClInclude Include="C:\Users\nicol\Documents\GitHub\Yathsou\Othuum\AezeselFileIOLib\Source\AezeselFileIOLib\AssimpUtil.h">
      <Filter>Header Files</Filter>
    </ClInclude>
    <ClInclude Include="C:\Users\nicol\Documents\GitHub\Yathsou\Othuum\AezeselFileIOLib\Source\AezeselFileIOLib\ImageIO.h">
      <Filter>Header Files</Filter>
    </ClInclude>
    <ClInclude Include="C:\Users\nicol\Documents\GitHub\Yathsou\Othuum\AezeselFileIOLib\Source\AezeselFileIOLib\IO.h">
      <Filter>Header Files</Filter>
    </ClInclude>
    <ClInclude Include="C:\Users\nicol\Documents\GitHub\Yathsou\Othuum\AezeselFileIOLib\Source\AezeselFileIOLib\Model3D.h">
      <Filter>Header Files</Filter>
    </ClInclude>
    <ClInclude Include="C:\Users\nicol\Documents\GitHub\Yathsou\Othuum\AezeselFileIOLib\Source\AezeselFileIOLib\STLWriter.h">
      <Filter>Header Files</Filter>
    </ClInclude>
    <ClInclude Include="C:\Users\nicol\Documents\GitHub\Yathsou\Othuum\AezeselFileIOLib\Source\AezeselFileIOLib\ZIP.h">
      <Filter>Header Files</Filter>
    </ClInclude>
    <ClInclude Include="C:\Users\nicol\Documents\GitHub\Yathsou\Othuum\AezeselFileIOLib\Source\AezeselFileIOLib\MagicaVox\Chunk.h">
      <Filter>Header Files\MagickaVox</Filter>
    </ClInclude>
    <ClInclude Include="C:\Users\nicol\Documents\GitHub\Yathsou\Othuum\AezeselFileIOLib\Source\AezeselFileIOLib\MagicaVox\ChunkFactory.h">
      <Filter>Header Files\MagickaVox</Filter>
    </ClInclude>
    <ClInclude Include="C:\Users\nicol\Documents\GitHub\Yathsou\Othuum\AezeselFileIOLib\Source\AezeselFileIOLib\MagicaVox\ChunkLAYR.h">
      <Filter>Header Files\MagickaVox</Filter>
    </ClInclude>
    <ClInclude Include="C:\Users\nicol\Documents\GitHub\Yathsou\Othuum\AezeselFileIOLib\Source\AezeselFileIOLib\MagicaVox\ChunkMAIN.h">
      <Filter>Header Files\MagickaVox</Filter>
    </ClInclude>
    <ClInclude Include="C:\Users\nicol\Documents\GitHub\Yathsou\Othuum\AezeselFileIOLib\Source\AezeselFileIOLib\MagicaVox\ChunkMATL.h">
      <Filter>Header Files\MagickaVox</Filter>
    </ClInclude>
    <ClInclude Include="C:\Users\nicol\Documents\GitHub\Yathsou\Othuum\AezeselFileIOLib\Source\AezeselFileIOLib\MagicaVox\ChunknGRP.h">
      <Filter>Header Files\MagickaVox</Filter>
    </ClInclude>
    <ClInclude Include="C:\Users\nicol\Documents\GitHub\Yathsou\Othuum\AezeselFileIOLib\Source\AezeselFileIOLib\MagicaVox\ChunknSHP.h">
      <Filter>Header Files\MagickaVox</Filter>
    </ClInclude>
    <ClInclude Include="C:\Users\nicol\Documents\GitHub\Yathsou\Othuum\AezeselFileIOLib\Source\AezeselFileIOLib\MagicaVox\ChunknTRN.h">
      <Filter>Header Files\MagickaVox</Filter>
    </ClInclude>
    <ClInclude Include="C:\Users\nicol\Documents\GitHub\Yathsou\Othuum\AezeselFileIOLib\Source\AezeselFileIOLib\MagicaVox\ChunkPACK.h">
      <Filter>Header Files\MagickaVox</Filter>
    </ClInclude>
    <ClInclude Include="C:\Users\nicol\Documents\GitHub\Yathsou\Othuum\AezeselFileIOLib\Source\AezeselFileIOLib\MagicaVox\ChunkRGBA.h">
      <Filter>Header Files\MagickaVox</Filter>
    </ClInclude>
    <ClInclude Include="C:\Users\nicol\Documents\GitHub\Yathsou\Othuum\AezeselFileIOLib\Source\AezeselFileIOLib\MagicaVox\ChunkrOBJ.h">
      <Filter>Header Files\MagickaVox</Filter>
    </ClInclude>
    <ClInclude Include="C:\Users\nicol\Documents\GitHub\Yathsou\Othuum\AezeselFileIOLib\Source\AezeselFileIOLib\MagicaVox\ChunkSIZE.h">
      <Filter>Header Files\MagickaVox</Filter>
    </ClInclude>
    <ClInclude Include="C:\Users\nicol\Documents\GitHub\Yathsou\Othuum\AezeselFileIOLib\Source\AezeselFileIOLib\MagicaVox\ChunkXYZI.h">
      <Filter>Header Files\MagickaVox</Filter>
    </ClInclude>
    <ClInclude Include="C:\Users\nicol\Documents\GitHub\Yathsou\Othuum\AezeselFileIOLib\Source\AezeselFileIOLib\MagicaVox\Import.h">
      <Filter>Header Files\MagickaVox</Filter>
    </ClInclude>
    <ClInclude Include="C:\Users\nicol\Documents\GitHub\Yathsou\Othuum\AezeselFileIOLib\Source\AezeselFileIOLib\MagicaVox\Reader.h">
      <Filter>Header Files\MagickaVox</Filter>
    </ClInclude>
    <ClInclude Include="C:\Users\nicol\Documents\GitHub\Yathsou\Othuum\AezeselFileIOLib\Source\AezeselFileIOLib\MagicaVox\typeDICT.h">
      <Filter>Header Files\MagickaVox</Filter>
    </ClInclude>
    <ClInclude Include="C:\Users\nicol\Documents\GitHub\Yathsou\Othuum\AezeselFileIOLib\Source\AezeselFileIOLib\MagicaVox\typeROTATION.h">
      <Filter>Header Files\MagickaVox</Filter>
    </ClInclude>
    <ClInclude Include="C:\Users\nicol\Documents\GitHub\Yathsou\Othuum\AezeselFileIOLib\Source\AezeselFileIOLib\MagicaVox\VoxFile.h">
      <Filter>Header Files\MagickaVox</Filter>
    </ClInclude>
    <ClInclude Include="C:\Users\nicol\Documents\GitHub\Yathsou\Othuum\AezeselFileIOLib\Source\AezeselFileIOLib\Sound\SoundFactory.h">
      <Filter>Header Files\Sound</Filter>
    </ClInclude>
    <ClInclude Include="C:\Users\nicol\Documents\GitHub\Yathsou\Othuum\AezeselFileIOLib\Source\AezeselFileIOLib\Sound\SoundIO.h">
      <Filter>Header Files\Sound</Filter>
    </ClInclude>
    <ClInclude Include="C:\Users\nicol\Documents\GitHub\Yathsou\Othuum\AezeselFileIOLib\Source\AezeselFileIOLib\Sound\XSB.h">
      <Filter>Header Files\Sound</Filter>
    </ClInclude>
    <ClInclude Include="C:\Users\nicol\Documents\GitHub\Yathsou\Othuum\AezeselFileIOLib\Source\AezeselFileIOLib\Sound\XWB.h">
      <Filter>Header Files\Sound</Filter>
    </ClInclude>
    <ClInclude Include="C:\Users\nicol\Documents\GitHub\Yathsou\Othuum\AezeselFileIOLib\Source\AezeselFileIOLib\SupremeCommander\SCA.h">
      <Filter>Header Files\SupremeCommander</Filter>
    </ClInclude>
    <ClInclude Include="C:\Users\nicol\Documents\GitHub\Yathsou\Othuum\AezeselFileIOLib\Source\AezeselFileIOLib\SupremeCommander\SCD.h">
      <Filter>Header Files\SupremeCommander</Filter>
    </ClInclude>
    <ClInclude Include="C:\Users\nicol\Documents\GitHub\Yathsou\Othuum\AezeselFileIOLib\Source\AezeselFileIOLib\SupremeCommander\SCM.h">
      <Filter>Header Files\SupremeCommander</Filter>
    </ClInclude>
    <ClInclude Include="C:\Users\nicol\Documents\GitHub\Yathsou\Othuum\AezeselFileIOLib\Source\AezeselFileIOLib\SupremeCommander\SCMAP.h">
      <Filter>Header Files\SupremeCommander</Filter>
    </ClInclude>
    <ClInclude Include="C:\Users\nicol\Documents\GitHub\Yathsou\Othuum\AezeselFileIOLib\Source\AezeselFileIOLib\SupremeCommander\SupremeCommanderAnimator.h">
      <Filter>Header Files\SupremeCommander</Filter>
    </ClInclude>
  </ItemGroup>
  <ItemGroup>
    <CustomBuild Include="C:\Users\nicol\Documents\GitHub\Yathsou\Othuum\AezeselFileIOLib\CMakeLists.txt" />
  </ItemGroup>
  <ItemGroup>
    <Natvis Include="C:\Users\nicol\Documents\GitHub\Yathsou\Othuum\vcpkg_installed\x64-windows\share\nlohmann_json\nlohmann_json.natvis" />
  </ItemGroup>
  <ItemGroup>
    <Filter Include="Header Files">
      <UniqueIdentifier>{256DA6EE-715C-3215-BEB6-4E87AB39DB8D}</UniqueIdentifier>
    </Filter>
    <Filter Include="Header Files\MagickaVox">
      <UniqueIdentifier>{06A43BF9-FC17-35FA-BB9D-7702694DEA5B}</UniqueIdentifier>
    </Filter>
    <Filter Include="Header Files\Sound">
      <UniqueIdentifier>{BA4A6CF1-A59C-3BBA-BA08-DF4B58AF1D75}</UniqueIdentifier>
    </Filter>
    <Filter Include="Header Files\SupremeCommander">
      <UniqueIdentifier>{DE47E426-B2E4-3A68-BBD2-7CE438B02201}</UniqueIdentifier>
    </Filter>
    <Filter Include="Source Files">
      <UniqueIdentifier>{826433D6-4C7F-39CA-8D6C-F73FE4188019}</UniqueIdentifier>
    </Filter>
    <Filter Include="Source Files\MagickaVox">
      <UniqueIdentifier>{570332F0-BBDA-32DA-9DA2-4D3C67CA5FA7}</UniqueIdentifier>
    </Filter>
    <Filter Include="Source Files\Sound">
      <UniqueIdentifier>{4EE41B9A-B7CA-31D4-81EB-DC56905E5705}</UniqueIdentifier>
    </Filter>
    <Filter Include="Source Files\SupremeCommander">
      <UniqueIdentifier>{2D2855F8-D653-3C18-9BCF-04C65D488501}</UniqueIdentifier>
    </Filter>
  </ItemGroup>
</Project>
